// !$*UTF8*$!
{
	archiveVersion = 1;
	classes = {
	};
	objectVersion = 46;
	objects = {

/* Begin PBXBuildFile section */
		8A3F48B2140C1D3C00FBF35C /* UIKit.framework in Frameworks */ = {isa = PBXBuildFile; fileRef = 8A3F48B1140C1D3C00FBF35C /* UIKit.framework */; };
		8A3F48B4140C1D3C00FBF35C /* Foundation.framework in Frameworks */ = {isa = PBXBuildFile; fileRef = 8A3F48B3140C1D3C00FBF35C /* Foundation.framework */; };
		8A3F48B6140C1D3C00FBF35C /* CoreGraphics.framework in Frameworks */ = {isa = PBXBuildFile; fileRef = 8A3F48B5140C1D3C00FBF35C /* CoreGraphics.framework */; };
		8A3F48B8140C1D3C00FBF35C /* CoreData.framework in Frameworks */ = {isa = PBXBuildFile; fileRef = 8A3F48B7140C1D3C00FBF35C /* CoreData.framework */; };
		8A3F48DB140C327200FBF35C /* Security.framework in Frameworks */ = {isa = PBXBuildFile; fileRef = 8A3F48DA140C327200FBF35C /* Security.framework */; };
		8A3F48DD140C327B00FBF35C /* AudioToolbox.framework in Frameworks */ = {isa = PBXBuildFile; fileRef = 8A3F48DC140C327B00FBF35C /* AudioToolbox.framework */; };
		8A3F48DF140C328100FBF35C /* ImageIO.framework in Frameworks */ = {isa = PBXBuildFile; fileRef = 8A3F48DE140C328100FBF35C /* ImageIO.framework */; };
		8A3F48E1140C328B00FBF35C /* SystemConfiguration.framework in Frameworks */ = {isa = PBXBuildFile; fileRef = 8A3F48E0140C328B00FBF35C /* SystemConfiguration.framework */; };
		8A3F48E3140C329200FBF35C /* MobileCoreServices.framework in Frameworks */ = {isa = PBXBuildFile; fileRef = 8A3F48E2140C329200FBF35C /* MobileCoreServices.framework */; };
		8A3F48E5140C329C00FBF35C /* CoreLocation.framework in Frameworks */ = {isa = PBXBuildFile; fileRef = 8A3F48E4140C329C00FBF35C /* CoreLocation.framework */; };
		8A3F48E7140C32A600FBF35C /* MediaPlayer.framework in Frameworks */ = {isa = PBXBuildFile; fileRef = 8A3F48E6140C32A600FBF35C /* MediaPlayer.framework */; };
		8A3F48E9140C32AB00FBF35C /* QuartzCore.framework in Frameworks */ = {isa = PBXBuildFile; fileRef = 8A3F48E8140C32AB00FBF35C /* QuartzCore.framework */; };
		8A3F48EB140C32B500FBF35C /* AVFoundation.framework in Frameworks */ = {isa = PBXBuildFile; fileRef = 8A3F48EA140C32B500FBF35C /* AVFoundation.framework */; };
		8A3F48ED140C32BD00FBF35C /* CFNetwork.framework in Frameworks */ = {isa = PBXBuildFile; fileRef = 8A3F48EC140C32BD00FBF35C /* CFNetwork.framework */; };
		8A3F52A9140C335C00FBF35C /* App.m in Sources */ = {isa = PBXBuildFile; fileRef = 8A3F48FE140C335000FBF35C /* App.m */; };
		8A3F52AA140C335C00FBF35C /* AppDelegate.m in Sources */ = {isa = PBXBuildFile; fileRef = 8A3F4901140C335000FBF35C /* AppDelegate.m */; };
		8A3F52AB140C335C00FBF35C /* MainWindow.xib in Resources */ = {isa = PBXBuildFile; fileRef = 8A3F4903140C335000FBF35C /* MainWindow.xib */; };
		8A3F52AC140C335C00FBF35C /* RootViewController.m in Sources */ = {isa = PBXBuildFile; fileRef = 8A3F4905140C335000FBF35C /* RootViewController.m */; };
		8A3F52AD140C335C00FBF35C /* RootViewController.xib in Resources */ = {isa = PBXBuildFile; fileRef = 8A3F4906140C335000FBF35C /* RootViewController.xib */; };
		8A3F52C9140C335C00FBF35C /* ASIAuthenticationDialog.m in Sources */ = {isa = PBXBuildFile; fileRef = 8A3F4936140C335000FBF35C /* ASIAuthenticationDialog.m */; };
		8A3F52CA140C335C00FBF35C /* ASIDataCompressor.m in Sources */ = {isa = PBXBuildFile; fileRef = 8A3F4939140C335000FBF35C /* ASIDataCompressor.m */; };
		8A3F52CB140C335C00FBF35C /* ASIDataDecompressor.m in Sources */ = {isa = PBXBuildFile; fileRef = 8A3F493B140C335000FBF35C /* ASIDataDecompressor.m */; };
		8A3F52CC140C335C00FBF35C /* ASIDownloadCache.m in Sources */ = {isa = PBXBuildFile; fileRef = 8A3F493D140C335000FBF35C /* ASIDownloadCache.m */; };
		8A3F52CD140C335C00FBF35C /* ASIFormDataRequest.m in Sources */ = {isa = PBXBuildFile; fileRef = 8A3F493F140C335000FBF35C /* ASIFormDataRequest.m */; };
		8A3F52CE140C335C00FBF35C /* ASIHTTPRequest.m in Sources */ = {isa = PBXBuildFile; fileRef = 8A3F4941140C335000FBF35C /* ASIHTTPRequest.m */; };
		8A3F52CF140C335C00FBF35C /* ASIInputStream.m in Sources */ = {isa = PBXBuildFile; fileRef = 8A3F4945140C335000FBF35C /* ASIInputStream.m */; };
		8A3F52D0140C335C00FBF35C /* ASINetworkQueue.m in Sources */ = {isa = PBXBuildFile; fileRef = 8A3F4947140C335000FBF35C /* ASINetworkQueue.m */; };
		8A3F5313140C335C00FBF35C /* libFlurry.a in Frameworks */ = {isa = PBXBuildFile; fileRef = 8A3F49D1140C335000FBF35C /* libFlurry.a */; };
		8A3F532D140C335C00FBF35C /* JSONKit.m in Sources */ = {isa = PBXBuildFile; fileRef = 8A3F49FF140C335000FBF35C /* JSONKit.m */; };
		8A3F57B8140C335D00FBF35C /* main.m in Sources */ = {isa = PBXBuildFile; fileRef = 8A3F522F140C335700FBF35C /* main.m */; };
		8A453EE2144BD1EB00264099 /* TPAutoArchiver.m in Sources */ = {isa = PBXBuildFile; fileRef = 8A453E18144BD1EB00264099 /* TPAutoArchiver.m */; };
		8A453EE3144BD1EB00264099 /* NSArray+Filtering.m in Sources */ = {isa = PBXBuildFile; fileRef = 8A453E1C144BD1EB00264099 /* NSArray+Filtering.m */; };
		8A453EE4144BD1EB00264099 /* NSArray+PSFoundation.m in Sources */ = {isa = PBXBuildFile; fileRef = 8A453E1E144BD1EB00264099 /* NSArray+PSFoundation.m */; };
		8A453EE5144BD1EB00264099 /* NSMutableArray+PSFoundation.m in Sources */ = {isa = PBXBuildFile; fileRef = 8A453E20144BD1EB00264099 /* NSMutableArray+PSFoundation.m */; };
		8A453EE6144BD1EB00264099 /* NSData+PSBase64.m in Sources */ = {isa = PBXBuildFile; fileRef = 8A453E23144BD1EB00264099 /* NSData+PSBase64.m */; };
		8A453EE7144BD1EB00264099 /* NSData+PSCommonCrypto.m in Sources */ = {isa = PBXBuildFile; fileRef = 8A453E25144BD1EB00264099 /* NSData+PSCommonCrypto.m */; };
		8A453EE8144BD1EB00264099 /* NSData+PSZlib.m in Sources */ = {isa = PBXBuildFile; fileRef = 8A453E27144BD1EB00264099 /* NSData+PSZlib.m */; };
		8A453EE9144BD1EB00264099 /* NSDate+PSFoundation.m in Sources */ = {isa = PBXBuildFile; fileRef = 8A453E2A144BD1EB00264099 /* NSDate+PSFoundation.m */; };
		8A453EEA144BD1EB00264099 /* NSDictionary+PSFoundation.m in Sources */ = {isa = PBXBuildFile; fileRef = 8A453E2D144BD1EB00264099 /* NSDictionary+PSFoundation.m */; };
		8A453EEB144BD1EB00264099 /* NSError+SCMethods.m in Sources */ = {isa = PBXBuildFile; fileRef = 8A453E30144BD1EB00264099 /* NSError+SCMethods.m */; };
		8A453EEC144BD1EB00264099 /* NSFileManager+PSFoundation.m in Sources */ = {isa = PBXBuildFile; fileRef = 8A453E33144BD1EB00264099 /* NSFileManager+PSFoundation.m */; };
		8A453EED144BD1EB00264099 /* NSNotification+PSFoundation.m in Sources */ = {isa = PBXBuildFile; fileRef = 8A453E36144BD1EB00264099 /* NSNotification+PSFoundation.m */; };
		8A453EEE144BD1EB00264099 /* NSNumber+PSFoundation.m in Sources */ = {isa = PBXBuildFile; fileRef = 8A453E39144BD1EB00264099 /* NSNumber+PSFoundation.m */; };
		8A453EEF144BD1EB00264099 /* NSObject+AutoDescription.m in Sources */ = {isa = PBXBuildFile; fileRef = 8A453E3C144BD1EB00264099 /* NSObject+AutoDescription.m */; };
		8A453EF0144BD1EB00264099 /* NSObject+Swizzle.m in Sources */ = {isa = PBXBuildFile; fileRef = 8A453E3E144BD1EB00264099 /* NSObject+Swizzle.m */; };
		8A453EF1144BD1EB00264099 /* NSObject+Utilities.m in Sources */ = {isa = PBXBuildFile; fileRef = 8A453E40144BD1EB00264099 /* NSObject+Utilities.m */; };
		8A453EF2144BD1EB00264099 /* NSOperationQueue+CWSharedQueue.m in Sources */ = {isa = PBXBuildFile; fileRef = 8A453E43144BD1EB00264099 /* NSOperationQueue+CWSharedQueue.m */; };
		8A453EF3144BD1EB00264099 /* NSSet+PSFoundation.m in Sources */ = {isa = PBXBuildFile; fileRef = 8A453E46144BD1EB00264099 /* NSSet+PSFoundation.m */; };
		8A453EF4144BD1EB00264099 /* NSString+Conversion.m in Sources */ = {isa = PBXBuildFile; fileRef = 8A453E49144BD1EB00264099 /* NSString+Conversion.m */; };
		8A453EF5144BD1EB00264099 /* NSString+HTML.m in Sources */ = {isa = PBXBuildFile; fileRef = 8A453E4B144BD1EB00264099 /* NSString+HTML.m */; };
		8A453EF6144BD1EB00264099 /* NSString+InflectionSupport.m in Sources */ = {isa = PBXBuildFile; fileRef = 8A453E4D144BD1EB00264099 /* NSString+InflectionSupport.m */; };
		8A453EF7144BD1EB00264099 /* NSString+PSFoundation.m in Sources */ = {isa = PBXBuildFile; fileRef = 8A453E4F144BD1EB00264099 /* NSString+PSFoundation.m */; };
		8A453EF8144BD1EB00264099 /* NSString+Replacement.m in Sources */ = {isa = PBXBuildFile; fileRef = 8A453E51144BD1EB00264099 /* NSString+Replacement.m */; };
		8A453EF9144BD1EB00264099 /* NSString+URL.m in Sources */ = {isa = PBXBuildFile; fileRef = 8A453E53144BD1EB00264099 /* NSString+URL.m */; };
		8A453EFA144BD1EB00264099 /* NSURL+PSFoundation.m in Sources */ = {isa = PBXBuildFile; fileRef = 8A453E56144BD1EB00264099 /* NSURL+PSFoundation.m */; };
		8A453EFB144BD1EB00264099 /* NSManagedObject+PSAutoDescription.m in Sources */ = {isa = PBXBuildFile; fileRef = 8A453E59144BD1EB00264099 /* NSManagedObject+PSAutoDescription.m */; };
		8A453EFC144BD1EB00264099 /* NSManagedObject+PSSafeSetValues.m in Sources */ = {isa = PBXBuildFile; fileRef = 8A453E5B144BD1EB00264099 /* NSManagedObject+PSSafeSetValues.m */; };
		8A453EFD144BD1EB00264099 /* NSManagedObjectContext+PSURIFetch.m in Sources */ = {isa = PBXBuildFile; fileRef = 8A453E5D144BD1EB00264099 /* NSManagedObjectContext+PSURIFetch.m */; };
		8A453EFE144BD1EB00264099 /* NSArray+BlocksKit.m in Sources */ = {isa = PBXBuildFile; fileRef = 8A453E74144BD1EB00264099 /* NSArray+BlocksKit.m */; };
		8A453EFF144BD1EB00264099 /* NSDictionary+BlocksKit.m in Sources */ = {isa = PBXBuildFile; fileRef = 8A453E76144BD1EB00264099 /* NSDictionary+BlocksKit.m */; };
		8A453F00144BD1EB00264099 /* NSIndexSet+BlocksKit.m in Sources */ = {isa = PBXBuildFile; fileRef = 8A453E78144BD1EB00264099 /* NSIndexSet+BlocksKit.m */; };
		8A453F01144BD1EB00264099 /* NSInvocation+BlocksKit.m in Sources */ = {isa = PBXBuildFile; fileRef = 8A453E7A144BD1EB00264099 /* NSInvocation+BlocksKit.m */; };
		8A453F02144BD1EB00264099 /* NSMutableArray+BlocksKit.m in Sources */ = {isa = PBXBuildFile; fileRef = 8A453E7C144BD1EB00264099 /* NSMutableArray+BlocksKit.m */; };
		8A453F03144BD1EB00264099 /* NSMutableDictionary+BlocksKit.m in Sources */ = {isa = PBXBuildFile; fileRef = 8A453E7E144BD1EB00264099 /* NSMutableDictionary+BlocksKit.m */; };
		8A453F04144BD1EB00264099 /* NSMutableIndexSet+BlocksKit.m in Sources */ = {isa = PBXBuildFile; fileRef = 8A453E80144BD1EB00264099 /* NSMutableIndexSet+BlocksKit.m */; };
		8A453F05144BD1EB00264099 /* NSMutableSet+BlocksKit.m in Sources */ = {isa = PBXBuildFile; fileRef = 8A453E82144BD1EB00264099 /* NSMutableSet+BlocksKit.m */; };
		8A453F06144BD1EB00264099 /* NSObject+AssociatedObjects.m in Sources */ = {isa = PBXBuildFile; fileRef = 8A453E84144BD1EB00264099 /* NSObject+AssociatedObjects.m */; };
		8A453F07144BD1EB00264099 /* NSObject+BlockObservation.m in Sources */ = {isa = PBXBuildFile; fileRef = 8A453E86144BD1EB00264099 /* NSObject+BlockObservation.m */; };
		8A453F08144BD1EB00264099 /* NSObject+BlocksKit.m in Sources */ = {isa = PBXBuildFile; fileRef = 8A453E88144BD1EB00264099 /* NSObject+BlocksKit.m */; };
		8A453F09144BD1EB00264099 /* NSSet+BlocksKit.m in Sources */ = {isa = PBXBuildFile; fileRef = 8A453E8A144BD1EB00264099 /* NSSet+BlocksKit.m */; };
		8A453F0A144BD1EB00264099 /* NSTimer+BlocksKit.m in Sources */ = {isa = PBXBuildFile; fileRef = 8A453E8C144BD1EB00264099 /* NSTimer+BlocksKit.m */; };
		8A453F0B144BD1EB00264099 /* UIActionSheet+BlocksKit.m in Sources */ = {isa = PBXBuildFile; fileRef = 8A453E8E144BD1EB00264099 /* UIActionSheet+BlocksKit.m */; };
		8A453F0C144BD1EB00264099 /* UIAlertView+BlocksKit.m in Sources */ = {isa = PBXBuildFile; fileRef = 8A453E90144BD1EB00264099 /* UIAlertView+BlocksKit.m */; };
		8A453F0D144BD1EB00264099 /* UIBarButtonItem+BlocksKit.m in Sources */ = {isa = PBXBuildFile; fileRef = 8A453E92144BD1EB00264099 /* UIBarButtonItem+BlocksKit.m */; };
		8A453F0E144BD1EB00264099 /* UIControl+BlocksKit.m in Sources */ = {isa = PBXBuildFile; fileRef = 8A453E94144BD1EB00264099 /* UIControl+BlocksKit.m */; };
		8A453F0F144BD1EB00264099 /* UIGestureRecognizer+BlocksKit.m in Sources */ = {isa = PBXBuildFile; fileRef = 8A453E96144BD1EB00264099 /* UIGestureRecognizer+BlocksKit.m */; };
		8A453F10144BD1EB00264099 /* UIView+BlocksKit.m in Sources */ = {isa = PBXBuildFile; fileRef = 8A453E98144BD1EB00264099 /* UIView+BlocksKit.m */; };
		8A453F11144BD1EB00264099 /* UIWebView+BlocksKit.m in Sources */ = {isa = PBXBuildFile; fileRef = 8A453E9A144BD1EB00264099 /* UIWebView+BlocksKit.m */; };
		8A453F12144BD1EB00264099 /* DDAbstractDatabaseLogger.m in Sources */ = {isa = PBXBuildFile; fileRef = 8A453EAC144BD1EB00264099 /* DDAbstractDatabaseLogger.m */; };
		8A453F13144BD1EB00264099 /* DDASLLogger.m in Sources */ = {isa = PBXBuildFile; fileRef = 8A453EAE144BD1EB00264099 /* DDASLLogger.m */; };
		8A453F14144BD1EB00264099 /* DDFileLogger.m in Sources */ = {isa = PBXBuildFile; fileRef = 8A453EB0144BD1EB00264099 /* DDFileLogger.m */; };
		8A453F15144BD1EB00264099 /* DDLog.m in Sources */ = {isa = PBXBuildFile; fileRef = 8A453EB2144BD1EB00264099 /* DDLog.m */; };
		8A453F16144BD1EB00264099 /* DDTTYLogger.m in Sources */ = {isa = PBXBuildFile; fileRef = 8A453EB4144BD1EB00264099 /* DDTTYLogger.m */; };
		8A453F17144BD1EB00264099 /* DDInvocationGrabber.m in Sources */ = {isa = PBXBuildFile; fileRef = 8A453EB7144BD1EB00264099 /* DDInvocationGrabber.m */; };
		8A453F18144BD1EB00264099 /* NSObject+DDExtensions.m in Sources */ = {isa = PBXBuildFile; fileRef = 8A453EB9144BD1EB00264099 /* NSObject+DDExtensions.m */; };
		8A453F19144BD1EB00264099 /* NSObject+Proxy.m in Sources */ = {isa = PBXBuildFile; fileRef = 8A453EBB144BD1EB00264099 /* NSObject+Proxy.m */; };
		8A453F1A144BD1EB00264099 /* PSKeychain.m in Sources */ = {isa = PBXBuildFile; fileRef = 8A453EBE144BD1EB00264099 /* PSKeychain.m */; };
		8A453F1B144BD1EB00264099 /* ColorLog.m in Sources */ = {isa = PBXBuildFile; fileRef = 8A453EC1144BD1EB00264099 /* ColorLog.m */; };
		8A453F1C144BD1EB00264099 /* PSDDFormatter.m in Sources */ = {isa = PBXBuildFile; fileRef = 8A453EC3144BD1EB00264099 /* PSDDFormatter.m */; };
		8A453F1D144BD1EB00264099 /* PSFoundation+Logging.m in Sources */ = {isa = PBXBuildFile; fileRef = 8A453EC5144BD1EB00264099 /* PSFoundation+Logging.m */; };
		8A453F3A144BD27E00264099 /* UIImage+Alpha.m in Sources */ = {isa = PBXBuildFile; fileRef = 8A453F29144BD27E00264099 /* UIImage+Alpha.m */; };
		8A453F3C144BD27E00264099 /* UIImage+MTCache.m in Sources */ = {isa = PBXBuildFile; fileRef = 8A453F2D144BD27E00264099 /* UIImage+MTCache.m */; };
		8A453F3D144BD27E00264099 /* UIImage+MTTiling.m in Sources */ = {isa = PBXBuildFile; fileRef = 8A453F2F144BD27E00264099 /* UIImage+MTTiling.m */; };
		8A453F3F144BD27E00264099 /* UIImage+ProportionalFill.m in Sources */ = {isa = PBXBuildFile; fileRef = 8A453F33144BD27E00264099 /* UIImage+ProportionalFill.m */; };
		8A453F40144BD27E00264099 /* UIImage+RoundedCorner.m in Sources */ = {isa = PBXBuildFile; fileRef = 8A453F35144BD27E00264099 /* UIImage+RoundedCorner.m */; };
		8A453F41144BD27E00264099 /* UIImage+Tint.m in Sources */ = {isa = PBXBuildFile; fileRef = 8A453F37144BD27E00264099 /* UIImage+Tint.m */; };
		8A453F42144BD27E00264099 /* UIImageHelper.m in Sources */ = {isa = PBXBuildFile; fileRef = 8A453F39144BD27E00264099 /* UIImageHelper.m */; };
		8A662866144C9D300091D0E1 /* libz.1.dylib in Frameworks */ = {isa = PBXBuildFile; fileRef = 8A662865144C9D300091D0E1 /* libz.1.dylib */; };
		8A783F7A142B8DCA0058BFFB /* Reachability.m in Sources */ = {isa = PBXBuildFile; fileRef = 8A783F3D142B8DCA0058BFFB /* Reachability.m */; };
/* End PBXBuildFile section */

/* Begin PBXFileReference section */
		8A3F48AD140C1D3C00FBF35C /* IFAppTemplate.app */ = {isa = PBXFileReference; explicitFileType = wrapper.application; includeInIndex = 0; path = IFAppTemplate.app; sourceTree = BUILT_PRODUCTS_DIR; };
		8A3F48B1140C1D3C00FBF35C /* UIKit.framework */ = {isa = PBXFileReference; lastKnownFileType = wrapper.framework; name = UIKit.framework; path = System/Library/Frameworks/UIKit.framework; sourceTree = SDKROOT; };
		8A3F48B3140C1D3C00FBF35C /* Foundation.framework */ = {isa = PBXFileReference; lastKnownFileType = wrapper.framework; name = Foundation.framework; path = System/Library/Frameworks/Foundation.framework; sourceTree = SDKROOT; };
		8A3F48B5140C1D3C00FBF35C /* CoreGraphics.framework */ = {isa = PBXFileReference; lastKnownFileType = wrapper.framework; name = CoreGraphics.framework; path = System/Library/Frameworks/CoreGraphics.framework; sourceTree = SDKROOT; };
		8A3F48B7140C1D3C00FBF35C /* CoreData.framework */ = {isa = PBXFileReference; lastKnownFileType = wrapper.framework; name = CoreData.framework; path = System/Library/Frameworks/CoreData.framework; sourceTree = SDKROOT; };
		8A3F48DA140C327200FBF35C /* Security.framework */ = {isa = PBXFileReference; lastKnownFileType = wrapper.framework; name = Security.framework; path = System/Library/Frameworks/Security.framework; sourceTree = SDKROOT; };
		8A3F48DC140C327B00FBF35C /* AudioToolbox.framework */ = {isa = PBXFileReference; lastKnownFileType = wrapper.framework; name = AudioToolbox.framework; path = System/Library/Frameworks/AudioToolbox.framework; sourceTree = SDKROOT; };
		8A3F48DE140C328100FBF35C /* ImageIO.framework */ = {isa = PBXFileReference; lastKnownFileType = wrapper.framework; name = ImageIO.framework; path = System/Library/Frameworks/ImageIO.framework; sourceTree = SDKROOT; };
		8A3F48E0140C328B00FBF35C /* SystemConfiguration.framework */ = {isa = PBXFileReference; lastKnownFileType = wrapper.framework; name = SystemConfiguration.framework; path = System/Library/Frameworks/SystemConfiguration.framework; sourceTree = SDKROOT; };
		8A3F48E2140C329200FBF35C /* MobileCoreServices.framework */ = {isa = PBXFileReference; lastKnownFileType = wrapper.framework; name = MobileCoreServices.framework; path = System/Library/Frameworks/MobileCoreServices.framework; sourceTree = SDKROOT; };
		8A3F48E4140C329C00FBF35C /* CoreLocation.framework */ = {isa = PBXFileReference; lastKnownFileType = wrapper.framework; name = CoreLocation.framework; path = System/Library/Frameworks/CoreLocation.framework; sourceTree = SDKROOT; };
		8A3F48E6140C32A600FBF35C /* MediaPlayer.framework */ = {isa = PBXFileReference; lastKnownFileType = wrapper.framework; name = MediaPlayer.framework; path = System/Library/Frameworks/MediaPlayer.framework; sourceTree = SDKROOT; };
		8A3F48E8140C32AB00FBF35C /* QuartzCore.framework */ = {isa = PBXFileReference; lastKnownFileType = wrapper.framework; name = QuartzCore.framework; path = System/Library/Frameworks/QuartzCore.framework; sourceTree = SDKROOT; };
		8A3F48EA140C32B500FBF35C /* AVFoundation.framework */ = {isa = PBXFileReference; lastKnownFileType = wrapper.framework; name = AVFoundation.framework; path = System/Library/Frameworks/AVFoundation.framework; sourceTree = SDKROOT; };
		8A3F48EC140C32BD00FBF35C /* CFNetwork.framework */ = {isa = PBXFileReference; lastKnownFileType = wrapper.framework; name = CFNetwork.framework; path = System/Library/Frameworks/CFNetwork.framework; sourceTree = SDKROOT; };
		8A3F48FD140C335000FBF35C /* App.h */ = {isa = PBXFileReference; fileEncoding = 4; lastKnownFileType = sourcecode.c.h; path = App.h; sourceTree = "<group>"; };
		8A3F48FE140C335000FBF35C /* App.m */ = {isa = PBXFileReference; fileEncoding = 4; lastKnownFileType = sourcecode.c.objc; path = App.m; sourceTree = "<group>"; };
		8A3F48FF140C335000FBF35C /* AppDefines.h */ = {isa = PBXFileReference; fileEncoding = 4; lastKnownFileType = sourcecode.c.h; path = AppDefines.h; sourceTree = "<group>"; };
		8A3F4900140C335000FBF35C /* AppDelegate.h */ = {isa = PBXFileReference; fileEncoding = 4; lastKnownFileType = sourcecode.c.h; path = AppDelegate.h; sourceTree = "<group>"; };
		8A3F4901140C335000FBF35C /* AppDelegate.m */ = {isa = PBXFileReference; fileEncoding = 4; lastKnownFileType = sourcecode.c.objc; path = AppDelegate.m; sourceTree = "<group>"; };
		8A3F4903140C335000FBF35C /* MainWindow.xib */ = {isa = PBXFileReference; fileEncoding = 4; lastKnownFileType = file.xib; path = MainWindow.xib; sourceTree = "<group>"; };
		8A3F4904140C335000FBF35C /* RootViewController.h */ = {isa = PBXFileReference; fileEncoding = 4; lastKnownFileType = sourcecode.c.h; path = RootViewController.h; sourceTree = "<group>"; };
		8A3F4905140C335000FBF35C /* RootViewController.m */ = {isa = PBXFileReference; fileEncoding = 4; lastKnownFileType = sourcecode.c.objc; path = RootViewController.m; sourceTree = "<group>"; };
		8A3F4906140C335000FBF35C /* RootViewController.xib */ = {isa = PBXFileReference; fileEncoding = 4; lastKnownFileType = file.xib; path = RootViewController.xib; sourceTree = "<group>"; };
		8A3F4935140C335000FBF35C /* ASIAuthenticationDialog.h */ = {isa = PBXFileReference; fileEncoding = 4; lastKnownFileType = sourcecode.c.h; path = ASIAuthenticationDialog.h; sourceTree = "<group>"; };
		8A3F4936140C335000FBF35C /* ASIAuthenticationDialog.m */ = {isa = PBXFileReference; fileEncoding = 4; lastKnownFileType = sourcecode.c.objc; path = ASIAuthenticationDialog.m; sourceTree = "<group>"; };
		8A3F4937140C335000FBF35C /* ASICacheDelegate.h */ = {isa = PBXFileReference; fileEncoding = 4; lastKnownFileType = sourcecode.c.h; path = ASICacheDelegate.h; sourceTree = "<group>"; };
		8A3F4938140C335000FBF35C /* ASIDataCompressor.h */ = {isa = PBXFileReference; fileEncoding = 4; lastKnownFileType = sourcecode.c.h; path = ASIDataCompressor.h; sourceTree = "<group>"; };
		8A3F4939140C335000FBF35C /* ASIDataCompressor.m */ = {isa = PBXFileReference; fileEncoding = 4; lastKnownFileType = sourcecode.c.objc; path = ASIDataCompressor.m; sourceTree = "<group>"; };
		8A3F493A140C335000FBF35C /* ASIDataDecompressor.h */ = {isa = PBXFileReference; fileEncoding = 4; lastKnownFileType = sourcecode.c.h; path = ASIDataDecompressor.h; sourceTree = "<group>"; };
		8A3F493B140C335000FBF35C /* ASIDataDecompressor.m */ = {isa = PBXFileReference; fileEncoding = 4; lastKnownFileType = sourcecode.c.objc; path = ASIDataDecompressor.m; sourceTree = "<group>"; };
		8A3F493C140C335000FBF35C /* ASIDownloadCache.h */ = {isa = PBXFileReference; fileEncoding = 4; lastKnownFileType = sourcecode.c.h; path = ASIDownloadCache.h; sourceTree = "<group>"; };
		8A3F493D140C335000FBF35C /* ASIDownloadCache.m */ = {isa = PBXFileReference; fileEncoding = 4; lastKnownFileType = sourcecode.c.objc; path = ASIDownloadCache.m; sourceTree = "<group>"; };
		8A3F493E140C335000FBF35C /* ASIFormDataRequest.h */ = {isa = PBXFileReference; fileEncoding = 4; lastKnownFileType = sourcecode.c.h; path = ASIFormDataRequest.h; sourceTree = "<group>"; };
		8A3F493F140C335000FBF35C /* ASIFormDataRequest.m */ = {isa = PBXFileReference; fileEncoding = 4; lastKnownFileType = sourcecode.c.objc; path = ASIFormDataRequest.m; sourceTree = "<group>"; };
		8A3F4940140C335000FBF35C /* ASIHTTPRequest.h */ = {isa = PBXFileReference; fileEncoding = 4; lastKnownFileType = sourcecode.c.h; path = ASIHTTPRequest.h; sourceTree = "<group>"; };
		8A3F4941140C335000FBF35C /* ASIHTTPRequest.m */ = {isa = PBXFileReference; fileEncoding = 4; lastKnownFileType = sourcecode.c.objc; path = ASIHTTPRequest.m; sourceTree = "<group>"; };
		8A3F4942140C335000FBF35C /* ASIHTTPRequestConfig.h */ = {isa = PBXFileReference; fileEncoding = 4; lastKnownFileType = sourcecode.c.h; path = ASIHTTPRequestConfig.h; sourceTree = "<group>"; };
		8A3F4943140C335000FBF35C /* ASIHTTPRequestDelegate.h */ = {isa = PBXFileReference; fileEncoding = 4; lastKnownFileType = sourcecode.c.h; path = ASIHTTPRequestDelegate.h; sourceTree = "<group>"; };
		8A3F4944140C335000FBF35C /* ASIInputStream.h */ = {isa = PBXFileReference; fileEncoding = 4; lastKnownFileType = sourcecode.c.h; path = ASIInputStream.h; sourceTree = "<group>"; };
		8A3F4945140C335000FBF35C /* ASIInputStream.m */ = {isa = PBXFileReference; fileEncoding = 4; lastKnownFileType = sourcecode.c.objc; path = ASIInputStream.m; sourceTree = "<group>"; };
		8A3F4946140C335000FBF35C /* ASINetworkQueue.h */ = {isa = PBXFileReference; fileEncoding = 4; lastKnownFileType = sourcecode.c.h; path = ASINetworkQueue.h; sourceTree = "<group>"; };
		8A3F4947140C335000FBF35C /* ASINetworkQueue.m */ = {isa = PBXFileReference; fileEncoding = 4; lastKnownFileType = sourcecode.c.objc; path = ASINetworkQueue.m; sourceTree = "<group>"; };
		8A3F4948140C335000FBF35C /* ASIProgressDelegate.h */ = {isa = PBXFileReference; fileEncoding = 4; lastKnownFileType = sourcecode.c.h; path = ASIProgressDelegate.h; sourceTree = "<group>"; };
		8A3F49D0140C335000FBF35C /* FlurryAPI.h */ = {isa = PBXFileReference; fileEncoding = 4; lastKnownFileType = sourcecode.c.h; path = FlurryAPI.h; sourceTree = "<group>"; };
		8A3F49D1140C335000FBF35C /* libFlurry.a */ = {isa = PBXFileReference; lastKnownFileType = archive.ar; path = libFlurry.a; sourceTree = "<group>"; };
		8A3F49FE140C335000FBF35C /* JSONKit.h */ = {isa = PBXFileReference; fileEncoding = 4; lastKnownFileType = sourcecode.c.h; path = JSONKit.h; sourceTree = "<group>"; };
		8A3F49FF140C335000FBF35C /* JSONKit.m */ = {isa = PBXFileReference; fileEncoding = 4; lastKnownFileType = sourcecode.c.objc; path = JSONKit.m; sourceTree = "<group>"; };
		8A3F522D140C335700FBF35C /* en */ = {isa = PBXFileReference; lastKnownFileType = text.plist.strings; name = en; path = en.lproj/InfoPlist.strings; sourceTree = "<group>"; };
		8A3F522E140C335700FBF35C /* Info.plist */ = {isa = PBXFileReference; fileEncoding = 4; lastKnownFileType = text.plist.xml; path = Info.plist; sourceTree = "<group>"; };
		8A3F522F140C335700FBF35C /* main.m */ = {isa = PBXFileReference; fileEncoding = 4; lastKnownFileType = sourcecode.c.objc; path = main.m; sourceTree = "<group>"; };
		8A3F5230140C335700FBF35C /* Prefix.pch */ = {isa = PBXFileReference; fileEncoding = 4; lastKnownFileType = sourcecode.c.h; path = Prefix.pch; sourceTree = "<group>"; };
		8A453E17144BD1EB00264099 /* TPAutoArchiver.h */ = {isa = PBXFileReference; fileEncoding = 4; lastKnownFileType = sourcecode.c.h; path = TPAutoArchiver.h; sourceTree = "<group>"; };
		8A453E18144BD1EB00264099 /* TPAutoArchiver.m */ = {isa = PBXFileReference; fileEncoding = 4; lastKnownFileType = sourcecode.c.objc; path = TPAutoArchiver.m; sourceTree = "<group>"; };
		8A453E1B144BD1EB00264099 /* NSArray+Filtering.h */ = {isa = PBXFileReference; fileEncoding = 4; lastKnownFileType = sourcecode.c.h; path = "NSArray+Filtering.h"; sourceTree = "<group>"; };
		8A453E1C144BD1EB00264099 /* NSArray+Filtering.m */ = {isa = PBXFileReference; fileEncoding = 4; lastKnownFileType = sourcecode.c.objc; path = "NSArray+Filtering.m"; sourceTree = "<group>"; };
		8A453E1D144BD1EB00264099 /* NSArray+PSFoundation.h */ = {isa = PBXFileReference; fileEncoding = 4; lastKnownFileType = sourcecode.c.h; path = "NSArray+PSFoundation.h"; sourceTree = "<group>"; };
		8A453E1E144BD1EB00264099 /* NSArray+PSFoundation.m */ = {isa = PBXFileReference; fileEncoding = 4; lastKnownFileType = sourcecode.c.objc; path = "NSArray+PSFoundation.m"; sourceTree = "<group>"; };
		8A453E1F144BD1EB00264099 /* NSMutableArray+PSFoundation.h */ = {isa = PBXFileReference; fileEncoding = 4; lastKnownFileType = sourcecode.c.h; path = "NSMutableArray+PSFoundation.h"; sourceTree = "<group>"; };
		8A453E20144BD1EB00264099 /* NSMutableArray+PSFoundation.m */ = {isa = PBXFileReference; fileEncoding = 4; lastKnownFileType = sourcecode.c.objc; path = "NSMutableArray+PSFoundation.m"; sourceTree = "<group>"; };
		8A453E22144BD1EB00264099 /* NSData+PSBase64.h */ = {isa = PBXFileReference; fileEncoding = 4; lastKnownFileType = sourcecode.c.h; path = "NSData+PSBase64.h"; sourceTree = "<group>"; };
		8A453E23144BD1EB00264099 /* NSData+PSBase64.m */ = {isa = PBXFileReference; fileEncoding = 4; lastKnownFileType = sourcecode.c.objc; path = "NSData+PSBase64.m"; sourceTree = "<group>"; };
		8A453E24144BD1EB00264099 /* NSData+PSCommonCrypto.h */ = {isa = PBXFileReference; fileEncoding = 4; lastKnownFileType = sourcecode.c.h; path = "NSData+PSCommonCrypto.h"; sourceTree = "<group>"; };
		8A453E25144BD1EB00264099 /* NSData+PSCommonCrypto.m */ = {isa = PBXFileReference; fileEncoding = 4; lastKnownFileType = sourcecode.c.objc; path = "NSData+PSCommonCrypto.m"; sourceTree = "<group>"; };
		8A453E26144BD1EB00264099 /* NSData+PSZlib.h */ = {isa = PBXFileReference; fileEncoding = 4; lastKnownFileType = sourcecode.c.h; path = "NSData+PSZlib.h"; sourceTree = "<group>"; };
		8A453E27144BD1EB00264099 /* NSData+PSZlib.m */ = {isa = PBXFileReference; fileEncoding = 4; lastKnownFileType = sourcecode.c.objc; path = "NSData+PSZlib.m"; sourceTree = "<group>"; };
		8A453E29144BD1EB00264099 /* NSDate+PSFoundation.h */ = {isa = PBXFileReference; fileEncoding = 4; lastKnownFileType = sourcecode.c.h; path = "NSDate+PSFoundation.h"; sourceTree = "<group>"; };
		8A453E2A144BD1EB00264099 /* NSDate+PSFoundation.m */ = {isa = PBXFileReference; fileEncoding = 4; lastKnownFileType = sourcecode.c.objc; path = "NSDate+PSFoundation.m"; sourceTree = "<group>"; };
		8A453E2C144BD1EB00264099 /* NSDictionary+PSFoundation.h */ = {isa = PBXFileReference; fileEncoding = 4; lastKnownFileType = sourcecode.c.h; path = "NSDictionary+PSFoundation.h"; sourceTree = "<group>"; };
		8A453E2D144BD1EB00264099 /* NSDictionary+PSFoundation.m */ = {isa = PBXFileReference; fileEncoding = 4; lastKnownFileType = sourcecode.c.objc; path = "NSDictionary+PSFoundation.m"; sourceTree = "<group>"; };
		8A453E2F144BD1EB00264099 /* NSError+SCMethods.h */ = {isa = PBXFileReference; fileEncoding = 4; lastKnownFileType = sourcecode.c.h; path = "NSError+SCMethods.h"; sourceTree = "<group>"; };
		8A453E30144BD1EB00264099 /* NSError+SCMethods.m */ = {isa = PBXFileReference; fileEncoding = 4; lastKnownFileType = sourcecode.c.objc; path = "NSError+SCMethods.m"; sourceTree = "<group>"; };
		8A453E32144BD1EB00264099 /* NSFileManager+PSFoundation.h */ = {isa = PBXFileReference; fileEncoding = 4; lastKnownFileType = sourcecode.c.h; path = "NSFileManager+PSFoundation.h"; sourceTree = "<group>"; };
		8A453E33144BD1EB00264099 /* NSFileManager+PSFoundation.m */ = {isa = PBXFileReference; fileEncoding = 4; lastKnownFileType = sourcecode.c.objc; path = "NSFileManager+PSFoundation.m"; sourceTree = "<group>"; };
		8A453E35144BD1EB00264099 /* NSNotification+PSFoundation.h */ = {isa = PBXFileReference; fileEncoding = 4; lastKnownFileType = sourcecode.c.h; path = "NSNotification+PSFoundation.h"; sourceTree = "<group>"; };
		8A453E36144BD1EB00264099 /* NSNotification+PSFoundation.m */ = {isa = PBXFileReference; fileEncoding = 4; lastKnownFileType = sourcecode.c.objc; path = "NSNotification+PSFoundation.m"; sourceTree = "<group>"; };
		8A453E38144BD1EB00264099 /* NSNumber+PSFoundation.h */ = {isa = PBXFileReference; fileEncoding = 4; lastKnownFileType = sourcecode.c.h; path = "NSNumber+PSFoundation.h"; sourceTree = "<group>"; };
		8A453E39144BD1EB00264099 /* NSNumber+PSFoundation.m */ = {isa = PBXFileReference; fileEncoding = 4; lastKnownFileType = sourcecode.c.objc; path = "NSNumber+PSFoundation.m"; sourceTree = "<group>"; };
		8A453E3B144BD1EB00264099 /* NSObject+AutoDescription.h */ = {isa = PBXFileReference; fileEncoding = 4; lastKnownFileType = sourcecode.c.h; path = "NSObject+AutoDescription.h"; sourceTree = "<group>"; };
		8A453E3C144BD1EB00264099 /* NSObject+AutoDescription.m */ = {isa = PBXFileReference; fileEncoding = 4; lastKnownFileType = sourcecode.c.objc; path = "NSObject+AutoDescription.m"; sourceTree = "<group>"; };
		8A453E3D144BD1EB00264099 /* NSObject+Swizzle.h */ = {isa = PBXFileReference; fileEncoding = 4; lastKnownFileType = sourcecode.c.h; path = "NSObject+Swizzle.h"; sourceTree = "<group>"; };
		8A453E3E144BD1EB00264099 /* NSObject+Swizzle.m */ = {isa = PBXFileReference; fileEncoding = 4; lastKnownFileType = sourcecode.c.objc; path = "NSObject+Swizzle.m"; sourceTree = "<group>"; };
		8A453E3F144BD1EB00264099 /* NSObject+Utilities.h */ = {isa = PBXFileReference; fileEncoding = 4; lastKnownFileType = sourcecode.c.h; path = "NSObject+Utilities.h"; sourceTree = "<group>"; };
		8A453E40144BD1EB00264099 /* NSObject+Utilities.m */ = {isa = PBXFileReference; fileEncoding = 4; lastKnownFileType = sourcecode.c.objc; path = "NSObject+Utilities.m"; sourceTree = "<group>"; };
		8A453E42144BD1EB00264099 /* NSOperationQueue+CWSharedQueue.h */ = {isa = PBXFileReference; fileEncoding = 4; lastKnownFileType = sourcecode.c.h; path = "NSOperationQueue+CWSharedQueue.h"; sourceTree = "<group>"; };
		8A453E43144BD1EB00264099 /* NSOperationQueue+CWSharedQueue.m */ = {isa = PBXFileReference; fileEncoding = 4; lastKnownFileType = sourcecode.c.objc; path = "NSOperationQueue+CWSharedQueue.m"; sourceTree = "<group>"; };
		8A453E45144BD1EB00264099 /* NSSet+PSFoundation.h */ = {isa = PBXFileReference; fileEncoding = 4; lastKnownFileType = sourcecode.c.h; path = "NSSet+PSFoundation.h"; sourceTree = "<group>"; };
		8A453E46144BD1EB00264099 /* NSSet+PSFoundation.m */ = {isa = PBXFileReference; fileEncoding = 4; lastKnownFileType = sourcecode.c.objc; path = "NSSet+PSFoundation.m"; sourceTree = "<group>"; };
		8A453E48144BD1EB00264099 /* NSString+Conversion.h */ = {isa = PBXFileReference; fileEncoding = 4; lastKnownFileType = sourcecode.c.h; path = "NSString+Conversion.h"; sourceTree = "<group>"; };
		8A453E49144BD1EB00264099 /* NSString+Conversion.m */ = {isa = PBXFileReference; fileEncoding = 4; lastKnownFileType = sourcecode.c.objc; path = "NSString+Conversion.m"; sourceTree = "<group>"; };
		8A453E4A144BD1EB00264099 /* NSString+HTML.h */ = {isa = PBXFileReference; fileEncoding = 4; lastKnownFileType = sourcecode.c.h; path = "NSString+HTML.h"; sourceTree = "<group>"; };
		8A453E4B144BD1EB00264099 /* NSString+HTML.m */ = {isa = PBXFileReference; fileEncoding = 4; lastKnownFileType = sourcecode.c.objc; path = "NSString+HTML.m"; sourceTree = "<group>"; };
		8A453E4C144BD1EB00264099 /* NSString+InflectionSupport.h */ = {isa = PBXFileReference; fileEncoding = 4; lastKnownFileType = sourcecode.c.h; path = "NSString+InflectionSupport.h"; sourceTree = "<group>"; };
		8A453E4D144BD1EB00264099 /* NSString+InflectionSupport.m */ = {isa = PBXFileReference; fileEncoding = 4; lastKnownFileType = sourcecode.c.objc; path = "NSString+InflectionSupport.m"; sourceTree = "<group>"; };
		8A453E4E144BD1EB00264099 /* NSString+PSFoundation.h */ = {isa = PBXFileReference; fileEncoding = 4; lastKnownFileType = sourcecode.c.h; path = "NSString+PSFoundation.h"; sourceTree = "<group>"; };
		8A453E4F144BD1EB00264099 /* NSString+PSFoundation.m */ = {isa = PBXFileReference; fileEncoding = 4; lastKnownFileType = sourcecode.c.objc; path = "NSString+PSFoundation.m"; sourceTree = "<group>"; };
		8A453E50144BD1EB00264099 /* NSString+Replacement.h */ = {isa = PBXFileReference; fileEncoding = 4; lastKnownFileType = sourcecode.c.h; path = "NSString+Replacement.h"; sourceTree = "<group>"; };
		8A453E51144BD1EB00264099 /* NSString+Replacement.m */ = {isa = PBXFileReference; fileEncoding = 4; lastKnownFileType = sourcecode.c.objc; path = "NSString+Replacement.m"; sourceTree = "<group>"; };
		8A453E52144BD1EB00264099 /* NSString+URL.h */ = {isa = PBXFileReference; fileEncoding = 4; lastKnownFileType = sourcecode.c.h; path = "NSString+URL.h"; sourceTree = "<group>"; };
		8A453E53144BD1EB00264099 /* NSString+URL.m */ = {isa = PBXFileReference; fileEncoding = 4; lastKnownFileType = sourcecode.c.objc; path = "NSString+URL.m"; sourceTree = "<group>"; };
		8A453E55144BD1EB00264099 /* NSURL+PSFoundation.h */ = {isa = PBXFileReference; fileEncoding = 4; lastKnownFileType = sourcecode.c.h; path = "NSURL+PSFoundation.h"; sourceTree = "<group>"; };
		8A453E56144BD1EB00264099 /* NSURL+PSFoundation.m */ = {isa = PBXFileReference; fileEncoding = 4; lastKnownFileType = sourcecode.c.objc; path = "NSURL+PSFoundation.m"; sourceTree = "<group>"; };
		8A453E58144BD1EB00264099 /* NSManagedObject+PSAutoDescription.h */ = {isa = PBXFileReference; fileEncoding = 4; lastKnownFileType = sourcecode.c.h; path = "NSManagedObject+PSAutoDescription.h"; sourceTree = "<group>"; };
		8A453E59144BD1EB00264099 /* NSManagedObject+PSAutoDescription.m */ = {isa = PBXFileReference; fileEncoding = 4; lastKnownFileType = sourcecode.c.objc; path = "NSManagedObject+PSAutoDescription.m"; sourceTree = "<group>"; };
		8A453E5A144BD1EB00264099 /* NSManagedObject+PSSafeSetValues.h */ = {isa = PBXFileReference; fileEncoding = 4; lastKnownFileType = sourcecode.c.h; path = "NSManagedObject+PSSafeSetValues.h"; sourceTree = "<group>"; };
		8A453E5B144BD1EB00264099 /* NSManagedObject+PSSafeSetValues.m */ = {isa = PBXFileReference; fileEncoding = 4; lastKnownFileType = sourcecode.c.objc; path = "NSManagedObject+PSSafeSetValues.m"; sourceTree = "<group>"; };
		8A453E5C144BD1EB00264099 /* NSManagedObjectContext+PSURIFetch.h */ = {isa = PBXFileReference; fileEncoding = 4; lastKnownFileType = sourcecode.c.h; path = "NSManagedObjectContext+PSURIFetch.h"; sourceTree = "<group>"; };
		8A453E5D144BD1EB00264099 /* NSManagedObjectContext+PSURIFetch.m */ = {isa = PBXFileReference; fileEncoding = 4; lastKnownFileType = sourcecode.c.objc; path = "NSManagedObjectContext+PSURIFetch.m"; sourceTree = "<group>"; };
		8A453E6F144BD1EB00264099 /* BKMacros.h */ = {isa = PBXFileReference; fileEncoding = 4; lastKnownFileType = sourcecode.c.h; path = BKMacros.h; sourceTree = "<group>"; };
		8A453E70144BD1EB00264099 /* BlocksKit-Prefix.pch */ = {isa = PBXFileReference; fileEncoding = 4; lastKnownFileType = sourcecode.c.h; path = "BlocksKit-Prefix.pch"; sourceTree = "<group>"; };
		8A453E71144BD1EB00264099 /* BlocksKit.h */ = {isa = PBXFileReference; fileEncoding = 4; lastKnownFileType = sourcecode.c.h; path = BlocksKit.h; sourceTree = "<group>"; };
		8A453E72144BD1EB00264099 /* BlocksKit_Globals.h */ = {isa = PBXFileReference; fileEncoding = 4; lastKnownFileType = sourcecode.c.h; path = BlocksKit_Globals.h; sourceTree = "<group>"; };
		8A453E73144BD1EB00264099 /* NSArray+BlocksKit.h */ = {isa = PBXFileReference; fileEncoding = 4; lastKnownFileType = sourcecode.c.h; path = "NSArray+BlocksKit.h"; sourceTree = "<group>"; };
		8A453E74144BD1EB00264099 /* NSArray+BlocksKit.m */ = {isa = PBXFileReference; fileEncoding = 4; lastKnownFileType = sourcecode.c.objc; path = "NSArray+BlocksKit.m"; sourceTree = "<group>"; };
		8A453E75144BD1EB00264099 /* NSDictionary+BlocksKit.h */ = {isa = PBXFileReference; fileEncoding = 4; lastKnownFileType = sourcecode.c.h; path = "NSDictionary+BlocksKit.h"; sourceTree = "<group>"; };
		8A453E76144BD1EB00264099 /* NSDictionary+BlocksKit.m */ = {isa = PBXFileReference; fileEncoding = 4; lastKnownFileType = sourcecode.c.objc; path = "NSDictionary+BlocksKit.m"; sourceTree = "<group>"; };
		8A453E77144BD1EB00264099 /* NSIndexSet+BlocksKit.h */ = {isa = PBXFileReference; fileEncoding = 4; lastKnownFileType = sourcecode.c.h; path = "NSIndexSet+BlocksKit.h"; sourceTree = "<group>"; };
		8A453E78144BD1EB00264099 /* NSIndexSet+BlocksKit.m */ = {isa = PBXFileReference; fileEncoding = 4; lastKnownFileType = sourcecode.c.objc; path = "NSIndexSet+BlocksKit.m"; sourceTree = "<group>"; };
		8A453E79144BD1EB00264099 /* NSInvocation+BlocksKit.h */ = {isa = PBXFileReference; fileEncoding = 4; lastKnownFileType = sourcecode.c.h; path = "NSInvocation+BlocksKit.h"; sourceTree = "<group>"; };
		8A453E7A144BD1EB00264099 /* NSInvocation+BlocksKit.m */ = {isa = PBXFileReference; fileEncoding = 4; lastKnownFileType = sourcecode.c.objc; path = "NSInvocation+BlocksKit.m"; sourceTree = "<group>"; };
		8A453E7B144BD1EB00264099 /* NSMutableArray+BlocksKit.h */ = {isa = PBXFileReference; fileEncoding = 4; lastKnownFileType = sourcecode.c.h; path = "NSMutableArray+BlocksKit.h"; sourceTree = "<group>"; };
		8A453E7C144BD1EB00264099 /* NSMutableArray+BlocksKit.m */ = {isa = PBXFileReference; fileEncoding = 4; lastKnownFileType = sourcecode.c.objc; path = "NSMutableArray+BlocksKit.m"; sourceTree = "<group>"; };
		8A453E7D144BD1EB00264099 /* NSMutableDictionary+BlocksKit.h */ = {isa = PBXFileReference; fileEncoding = 4; lastKnownFileType = sourcecode.c.h; path = "NSMutableDictionary+BlocksKit.h"; sourceTree = "<group>"; };
		8A453E7E144BD1EB00264099 /* NSMutableDictionary+BlocksKit.m */ = {isa = PBXFileReference; fileEncoding = 4; lastKnownFileType = sourcecode.c.objc; path = "NSMutableDictionary+BlocksKit.m"; sourceTree = "<group>"; };
		8A453E7F144BD1EB00264099 /* NSMutableIndexSet+BlocksKit.h */ = {isa = PBXFileReference; fileEncoding = 4; lastKnownFileType = sourcecode.c.h; path = "NSMutableIndexSet+BlocksKit.h"; sourceTree = "<group>"; };
		8A453E80144BD1EB00264099 /* NSMutableIndexSet+BlocksKit.m */ = {isa = PBXFileReference; fileEncoding = 4; lastKnownFileType = sourcecode.c.objc; path = "NSMutableIndexSet+BlocksKit.m"; sourceTree = "<group>"; };
		8A453E81144BD1EB00264099 /* NSMutableSet+BlocksKit.h */ = {isa = PBXFileReference; fileEncoding = 4; lastKnownFileType = sourcecode.c.h; path = "NSMutableSet+BlocksKit.h"; sourceTree = "<group>"; };
		8A453E82144BD1EB00264099 /* NSMutableSet+BlocksKit.m */ = {isa = PBXFileReference; fileEncoding = 4; lastKnownFileType = sourcecode.c.objc; path = "NSMutableSet+BlocksKit.m"; sourceTree = "<group>"; };
		8A453E83144BD1EB00264099 /* NSObject+AssociatedObjects.h */ = {isa = PBXFileReference; fileEncoding = 4; lastKnownFileType = sourcecode.c.h; path = "NSObject+AssociatedObjects.h"; sourceTree = "<group>"; };
		8A453E84144BD1EB00264099 /* NSObject+AssociatedObjects.m */ = {isa = PBXFileReference; fileEncoding = 4; lastKnownFileType = sourcecode.c.objc; path = "NSObject+AssociatedObjects.m"; sourceTree = "<group>"; };
		8A453E85144BD1EB00264099 /* NSObject+BlockObservation.h */ = {isa = PBXFileReference; fileEncoding = 4; lastKnownFileType = sourcecode.c.h; path = "NSObject+BlockObservation.h"; sourceTree = "<group>"; };
		8A453E86144BD1EB00264099 /* NSObject+BlockObservation.m */ = {isa = PBXFileReference; fileEncoding = 4; lastKnownFileType = sourcecode.c.objc; path = "NSObject+BlockObservation.m"; sourceTree = "<group>"; };
		8A453E87144BD1EB00264099 /* NSObject+BlocksKit.h */ = {isa = PBXFileReference; fileEncoding = 4; lastKnownFileType = sourcecode.c.h; path = "NSObject+BlocksKit.h"; sourceTree = "<group>"; };
		8A453E88144BD1EB00264099 /* NSObject+BlocksKit.m */ = {isa = PBXFileReference; fileEncoding = 4; lastKnownFileType = sourcecode.c.objc; path = "NSObject+BlocksKit.m"; sourceTree = "<group>"; };
		8A453E89144BD1EB00264099 /* NSSet+BlocksKit.h */ = {isa = PBXFileReference; fileEncoding = 4; lastKnownFileType = sourcecode.c.h; path = "NSSet+BlocksKit.h"; sourceTree = "<group>"; };
		8A453E8A144BD1EB00264099 /* NSSet+BlocksKit.m */ = {isa = PBXFileReference; fileEncoding = 4; lastKnownFileType = sourcecode.c.objc; path = "NSSet+BlocksKit.m"; sourceTree = "<group>"; };
		8A453E8B144BD1EB00264099 /* NSTimer+BlocksKit.h */ = {isa = PBXFileReference; fileEncoding = 4; lastKnownFileType = sourcecode.c.h; path = "NSTimer+BlocksKit.h"; sourceTree = "<group>"; };
		8A453E8C144BD1EB00264099 /* NSTimer+BlocksKit.m */ = {isa = PBXFileReference; fileEncoding = 4; lastKnownFileType = sourcecode.c.objc; path = "NSTimer+BlocksKit.m"; sourceTree = "<group>"; };
		8A453E8D144BD1EB00264099 /* UIActionSheet+BlocksKit.h */ = {isa = PBXFileReference; fileEncoding = 4; lastKnownFileType = sourcecode.c.h; path = "UIActionSheet+BlocksKit.h"; sourceTree = "<group>"; };
		8A453E8E144BD1EB00264099 /* UIActionSheet+BlocksKit.m */ = {isa = PBXFileReference; fileEncoding = 4; lastKnownFileType = sourcecode.c.objc; path = "UIActionSheet+BlocksKit.m"; sourceTree = "<group>"; };
		8A453E8F144BD1EB00264099 /* UIAlertView+BlocksKit.h */ = {isa = PBXFileReference; fileEncoding = 4; lastKnownFileType = sourcecode.c.h; path = "UIAlertView+BlocksKit.h"; sourceTree = "<group>"; };
		8A453E90144BD1EB00264099 /* UIAlertView+BlocksKit.m */ = {isa = PBXFileReference; fileEncoding = 4; lastKnownFileType = sourcecode.c.objc; path = "UIAlertView+BlocksKit.m"; sourceTree = "<group>"; };
		8A453E91144BD1EB00264099 /* UIBarButtonItem+BlocksKit.h */ = {isa = PBXFileReference; fileEncoding = 4; lastKnownFileType = sourcecode.c.h; path = "UIBarButtonItem+BlocksKit.h"; sourceTree = "<group>"; };
		8A453E92144BD1EB00264099 /* UIBarButtonItem+BlocksKit.m */ = {isa = PBXFileReference; fileEncoding = 4; lastKnownFileType = sourcecode.c.objc; path = "UIBarButtonItem+BlocksKit.m"; sourceTree = "<group>"; };
		8A453E93144BD1EB00264099 /* UIControl+BlocksKit.h */ = {isa = PBXFileReference; fileEncoding = 4; lastKnownFileType = sourcecode.c.h; path = "UIControl+BlocksKit.h"; sourceTree = "<group>"; };
		8A453E94144BD1EB00264099 /* UIControl+BlocksKit.m */ = {isa = PBXFileReference; fileEncoding = 4; lastKnownFileType = sourcecode.c.objc; path = "UIControl+BlocksKit.m"; sourceTree = "<group>"; };
		8A453E95144BD1EB00264099 /* UIGestureRecognizer+BlocksKit.h */ = {isa = PBXFileReference; fileEncoding = 4; lastKnownFileType = sourcecode.c.h; path = "UIGestureRecognizer+BlocksKit.h"; sourceTree = "<group>"; };
		8A453E96144BD1EB00264099 /* UIGestureRecognizer+BlocksKit.m */ = {isa = PBXFileReference; fileEncoding = 4; lastKnownFileType = sourcecode.c.objc; path = "UIGestureRecognizer+BlocksKit.m"; sourceTree = "<group>"; };
		8A453E97144BD1EB00264099 /* UIView+BlocksKit.h */ = {isa = PBXFileReference; fileEncoding = 4; lastKnownFileType = sourcecode.c.h; path = "UIView+BlocksKit.h"; sourceTree = "<group>"; };
		8A453E98144BD1EB00264099 /* UIView+BlocksKit.m */ = {isa = PBXFileReference; fileEncoding = 4; lastKnownFileType = sourcecode.c.objc; path = "UIView+BlocksKit.m"; sourceTree = "<group>"; };
		8A453E99144BD1EB00264099 /* UIWebView+BlocksKit.h */ = {isa = PBXFileReference; fileEncoding = 4; lastKnownFileType = sourcecode.c.h; path = "UIWebView+BlocksKit.h"; sourceTree = "<group>"; };
		8A453E9A144BD1EB00264099 /* UIWebView+BlocksKit.m */ = {isa = PBXFileReference; fileEncoding = 4; lastKnownFileType = sourcecode.c.objc; path = "UIWebView+BlocksKit.m"; sourceTree = "<group>"; };
		8A453EAB144BD1EB00264099 /* DDAbstractDatabaseLogger.h */ = {isa = PBXFileReference; fileEncoding = 4; lastKnownFileType = sourcecode.c.h; path = DDAbstractDatabaseLogger.h; sourceTree = "<group>"; };
		8A453EAC144BD1EB00264099 /* DDAbstractDatabaseLogger.m */ = {isa = PBXFileReference; fileEncoding = 4; lastKnownFileType = sourcecode.c.objc; path = DDAbstractDatabaseLogger.m; sourceTree = "<group>"; };
		8A453EAD144BD1EB00264099 /* DDASLLogger.h */ = {isa = PBXFileReference; fileEncoding = 4; lastKnownFileType = sourcecode.c.h; path = DDASLLogger.h; sourceTree = "<group>"; };
		8A453EAE144BD1EB00264099 /* DDASLLogger.m */ = {isa = PBXFileReference; fileEncoding = 4; lastKnownFileType = sourcecode.c.objc; path = DDASLLogger.m; sourceTree = "<group>"; };
		8A453EAF144BD1EB00264099 /* DDFileLogger.h */ = {isa = PBXFileReference; fileEncoding = 4; lastKnownFileType = sourcecode.c.h; path = DDFileLogger.h; sourceTree = "<group>"; };
		8A453EB0144BD1EB00264099 /* DDFileLogger.m */ = {isa = PBXFileReference; fileEncoding = 4; lastKnownFileType = sourcecode.c.objc; path = DDFileLogger.m; sourceTree = "<group>"; };
		8A453EB1144BD1EB00264099 /* DDLog.h */ = {isa = PBXFileReference; fileEncoding = 4; lastKnownFileType = sourcecode.c.h; path = DDLog.h; sourceTree = "<group>"; };
		8A453EB2144BD1EB00264099 /* DDLog.m */ = {isa = PBXFileReference; fileEncoding = 4; lastKnownFileType = sourcecode.c.objc; path = DDLog.m; sourceTree = "<group>"; };
		8A453EB3144BD1EB00264099 /* DDTTYLogger.h */ = {isa = PBXFileReference; fileEncoding = 4; lastKnownFileType = sourcecode.c.h; path = DDTTYLogger.h; sourceTree = "<group>"; };
		8A453EB4144BD1EB00264099 /* DDTTYLogger.m */ = {isa = PBXFileReference; fileEncoding = 4; lastKnownFileType = sourcecode.c.objc; path = DDTTYLogger.m; sourceTree = "<group>"; };
		8A453EB6144BD1EB00264099 /* DDInvocationGrabber.h */ = {isa = PBXFileReference; fileEncoding = 4; lastKnownFileType = sourcecode.c.h; path = DDInvocationGrabber.h; sourceTree = "<group>"; };
		8A453EB7144BD1EB00264099 /* DDInvocationGrabber.m */ = {isa = PBXFileReference; fileEncoding = 4; lastKnownFileType = sourcecode.c.objc; path = DDInvocationGrabber.m; sourceTree = "<group>"; };
		8A453EB8144BD1EB00264099 /* NSObject+DDExtensions.h */ = {isa = PBXFileReference; fileEncoding = 4; lastKnownFileType = sourcecode.c.h; path = "NSObject+DDExtensions.h"; sourceTree = "<group>"; };
		8A453EB9144BD1EB00264099 /* NSObject+DDExtensions.m */ = {isa = PBXFileReference; fileEncoding = 4; lastKnownFileType = sourcecode.c.objc; path = "NSObject+DDExtensions.m"; sourceTree = "<group>"; };
		8A453EBA144BD1EB00264099 /* NSObject+Proxy.h */ = {isa = PBXFileReference; fileEncoding = 4; lastKnownFileType = sourcecode.c.h; path = "NSObject+Proxy.h"; sourceTree = "<group>"; };
		8A453EBB144BD1EB00264099 /* NSObject+Proxy.m */ = {isa = PBXFileReference; fileEncoding = 4; lastKnownFileType = sourcecode.c.objc; path = "NSObject+Proxy.m"; sourceTree = "<group>"; };
		8A453EBD144BD1EB00264099 /* PSKeychain.h */ = {isa = PBXFileReference; fileEncoding = 4; lastKnownFileType = sourcecode.c.h; path = PSKeychain.h; sourceTree = "<group>"; };
		8A453EBE144BD1EB00264099 /* PSKeychain.m */ = {isa = PBXFileReference; fileEncoding = 4; lastKnownFileType = sourcecode.c.objc; path = PSKeychain.m; sourceTree = "<group>"; };
		8A453EC0144BD1EB00264099 /* ColorLog.h */ = {isa = PBXFileReference; fileEncoding = 4; lastKnownFileType = sourcecode.c.h; path = ColorLog.h; sourceTree = "<group>"; };
		8A453EC1144BD1EB00264099 /* ColorLog.m */ = {isa = PBXFileReference; fileEncoding = 4; lastKnownFileType = sourcecode.c.objc; path = ColorLog.m; sourceTree = "<group>"; };
		8A453EC2144BD1EB00264099 /* PSDDFormatter.h */ = {isa = PBXFileReference; fileEncoding = 4; lastKnownFileType = sourcecode.c.h; path = PSDDFormatter.h; sourceTree = "<group>"; };
		8A453EC3144BD1EB00264099 /* PSDDFormatter.m */ = {isa = PBXFileReference; fileEncoding = 4; lastKnownFileType = sourcecode.c.objc; path = PSDDFormatter.m; sourceTree = "<group>"; };
		8A453EC4144BD1EB00264099 /* PSFoundation+Logging.h */ = {isa = PBXFileReference; fileEncoding = 4; lastKnownFileType = sourcecode.c.h; path = "PSFoundation+Logging.h"; sourceTree = "<group>"; };
		8A453EC5144BD1EB00264099 /* PSFoundation+Logging.m */ = {isa = PBXFileReference; fileEncoding = 4; lastKnownFileType = sourcecode.c.objc; path = "PSFoundation+Logging.m"; sourceTree = "<group>"; };
		8A453EC7144BD1EB00264099 /* PSMacros+Collections.h */ = {isa = PBXFileReference; fileEncoding = 4; lastKnownFileType = sourcecode.c.h; path = "PSMacros+Collections.h"; sourceTree = "<group>"; };
		8A453EC8144BD1EB00264099 /* PSMacros+Compatibility.h */ = {isa = PBXFileReference; fileEncoding = 4; lastKnownFileType = sourcecode.c.h; path = "PSMacros+Compatibility.h"; sourceTree = "<group>"; };
		8A453EC9144BD1EB00264099 /* PSMacros.h */ = {isa = PBXFileReference; fileEncoding = 4; lastKnownFileType = sourcecode.c.h; path = PSMacros.h; sourceTree = "<group>"; };
		8A453ECA144BD1EB00264099 /* SynthesizeSingleton.h */ = {isa = PBXFileReference; fileEncoding = 4; lastKnownFileType = sourcecode.c.h; path = SynthesizeSingleton.h; sourceTree = "<group>"; };
		8A453ECC144BD1EB00264099 /* PSFoundation-CoreData.h */ = {isa = PBXFileReference; fileEncoding = 4; lastKnownFileType = sourcecode.c.h; path = "PSFoundation-CoreData.h"; sourceTree = "<group>"; };
		8A453ECD144BD1EB00264099 /* PSFoundation-Prefix.pch */ = {isa = PBXFileReference; fileEncoding = 4; lastKnownFileType = sourcecode.c.h; path = "PSFoundation-Prefix.pch"; sourceTree = "<group>"; };
		8A453ECE144BD1EB00264099 /* PSFoundation.h */ = {isa = PBXFileReference; fileEncoding = 4; lastKnownFileType = sourcecode.c.h; path = PSFoundation.h; sourceTree = "<group>"; };
		8A453F28144BD27E00264099 /* UIImage+Alpha.h */ = {isa = PBXFileReference; fileEncoding = 4; lastKnownFileType = sourcecode.c.h; path = "UIImage+Alpha.h"; sourceTree = "<group>"; };
		8A453F29144BD27E00264099 /* UIImage+Alpha.m */ = {isa = PBXFileReference; fileEncoding = 4; lastKnownFileType = sourcecode.c.objc; path = "UIImage+Alpha.m"; sourceTree = "<group>"; };
		8A453F2C144BD27E00264099 /* UIImage+MTCache.h */ = {isa = PBXFileReference; fileEncoding = 4; lastKnownFileType = sourcecode.c.h; path = "UIImage+MTCache.h"; sourceTree = "<group>"; };
		8A453F2D144BD27E00264099 /* UIImage+MTCache.m */ = {isa = PBXFileReference; fileEncoding = 4; lastKnownFileType = sourcecode.c.objc; path = "UIImage+MTCache.m"; sourceTree = "<group>"; };
		8A453F2E144BD27E00264099 /* UIImage+MTTiling.h */ = {isa = PBXFileReference; fileEncoding = 4; lastKnownFileType = sourcecode.c.h; path = "UIImage+MTTiling.h"; sourceTree = "<group>"; };
		8A453F2F144BD27E00264099 /* UIImage+MTTiling.m */ = {isa = PBXFileReference; fileEncoding = 4; lastKnownFileType = sourcecode.c.objc; path = "UIImage+MTTiling.m"; sourceTree = "<group>"; };
		8A453F32144BD27E00264099 /* UIImage+ProportionalFill.h */ = {isa = PBXFileReference; fileEncoding = 4; lastKnownFileType = sourcecode.c.h; path = "UIImage+ProportionalFill.h"; sourceTree = "<group>"; };
		8A453F33144BD27E00264099 /* UIImage+ProportionalFill.m */ = {isa = PBXFileReference; fileEncoding = 4; lastKnownFileType = sourcecode.c.objc; path = "UIImage+ProportionalFill.m"; sourceTree = "<group>"; };
		8A453F34144BD27E00264099 /* UIImage+RoundedCorner.h */ = {isa = PBXFileReference; fileEncoding = 4; lastKnownFileType = sourcecode.c.h; path = "UIImage+RoundedCorner.h"; sourceTree = "<group>"; };
		8A453F35144BD27E00264099 /* UIImage+RoundedCorner.m */ = {isa = PBXFileReference; fileEncoding = 4; lastKnownFileType = sourcecode.c.objc; path = "UIImage+RoundedCorner.m"; sourceTree = "<group>"; };
		8A453F36144BD27E00264099 /* UIImage+Tint.h */ = {isa = PBXFileReference; fileEncoding = 4; lastKnownFileType = sourcecode.c.h; path = "UIImage+Tint.h"; sourceTree = "<group>"; };
		8A453F37144BD27E00264099 /* UIImage+Tint.m */ = {isa = PBXFileReference; fileEncoding = 4; lastKnownFileType = sourcecode.c.objc; path = "UIImage+Tint.m"; sourceTree = "<group>"; };
		8A453F38144BD27E00264099 /* UIImageHelper.h */ = {isa = PBXFileReference; fileEncoding = 4; lastKnownFileType = sourcecode.c.h; path = UIImageHelper.h; sourceTree = "<group>"; };
		8A453F39144BD27E00264099 /* UIImageHelper.m */ = {isa = PBXFileReference; fileEncoding = 4; lastKnownFileType = sourcecode.c.objc; path = UIImageHelper.m; sourceTree = "<group>"; };
		8A662865144C9D300091D0E1 /* libz.1.dylib */ = {isa = PBXFileReference; lastKnownFileType = "compiled.mach-o.dylib"; name = libz.1.dylib; path = usr/lib/libz.1.dylib; sourceTree = SDKROOT; };
		8A783F3C142B8DCA0058BFFB /* Reachability.h */ = {isa = PBXFileReference; fileEncoding = 4; lastKnownFileType = sourcecode.c.h; path = Reachability.h; sourceTree = "<group>"; };
		8A783F3D142B8DCA0058BFFB /* Reachability.m */ = {isa = PBXFileReference; fileEncoding = 4; lastKnownFileType = sourcecode.c.objc; path = Reachability.m; sourceTree = "<group>"; };
/* End PBXFileReference section */

/* Begin PBXFrameworksBuildPhase section */
		8A3F48AA140C1D3C00FBF35C /* Frameworks */ = {
			isa = PBXFrameworksBuildPhase;
			buildActionMask = 2147483647;
			files = (
				8A662866144C9D300091D0E1 /* libz.1.dylib in Frameworks */,
				8A3F48ED140C32BD00FBF35C /* CFNetwork.framework in Frameworks */,
				8A3F48EB140C32B500FBF35C /* AVFoundation.framework in Frameworks */,
				8A3F48E9140C32AB00FBF35C /* QuartzCore.framework in Frameworks */,
				8A3F48E7140C32A600FBF35C /* MediaPlayer.framework in Frameworks */,
				8A3F48E5140C329C00FBF35C /* CoreLocation.framework in Frameworks */,
				8A3F48E3140C329200FBF35C /* MobileCoreServices.framework in Frameworks */,
				8A3F48E1140C328B00FBF35C /* SystemConfiguration.framework in Frameworks */,
				8A3F48DF140C328100FBF35C /* ImageIO.framework in Frameworks */,
				8A3F48DD140C327B00FBF35C /* AudioToolbox.framework in Frameworks */,
				8A3F48DB140C327200FBF35C /* Security.framework in Frameworks */,
				8A3F48B2140C1D3C00FBF35C /* UIKit.framework in Frameworks */,
				8A3F48B4140C1D3C00FBF35C /* Foundation.framework in Frameworks */,
				8A3F48B6140C1D3C00FBF35C /* CoreGraphics.framework in Frameworks */,
				8A3F48B8140C1D3C00FBF35C /* CoreData.framework in Frameworks */,
				8A3F5313140C335C00FBF35C /* libFlurry.a in Frameworks */,
			);
			runOnlyForDeploymentPostprocessing = 0;
		};
/* End PBXFrameworksBuildPhase section */

/* Begin PBXGroup section */
		8A3F48A2140C1D3C00FBF35C = {
			isa = PBXGroup;
			children = (
				8A3F48FB140C335000FBF35C /* Classes */,
				8A3F5228140C335700FBF35C /* Resources */,
				8A3F5229140C335700FBF35C /* SupportingFiles */,
				8A3F48B0140C1D3C00FBF35C /* Frameworks */,
				8A3F48AE140C1D3C00FBF35C /* Products */,
			);
			sourceTree = "<group>";
		};
		8A3F48AE140C1D3C00FBF35C /* Products */ = {
			isa = PBXGroup;
			children = (
				8A3F48AD140C1D3C00FBF35C /* IFAppTemplate.app */,
			);
			name = Products;
			sourceTree = "<group>";
		};
		8A3F48B0140C1D3C00FBF35C /* Frameworks */ = {
			isa = PBXGroup;
			children = (
				8A662865144C9D300091D0E1 /* libz.1.dylib */,
				8A3F48EC140C32BD00FBF35C /* CFNetwork.framework */,
				8A3F48EA140C32B500FBF35C /* AVFoundation.framework */,
				8A3F48E8140C32AB00FBF35C /* QuartzCore.framework */,
				8A3F48E6140C32A600FBF35C /* MediaPlayer.framework */,
				8A3F48E4140C329C00FBF35C /* CoreLocation.framework */,
				8A3F48E2140C329200FBF35C /* MobileCoreServices.framework */,
				8A3F48E0140C328B00FBF35C /* SystemConfiguration.framework */,
				8A3F48DE140C328100FBF35C /* ImageIO.framework */,
				8A3F48DC140C327B00FBF35C /* AudioToolbox.framework */,
				8A3F48DA140C327200FBF35C /* Security.framework */,
				8A3F48B1140C1D3C00FBF35C /* UIKit.framework */,
				8A3F48B3140C1D3C00FBF35C /* Foundation.framework */,
				8A3F48B5140C1D3C00FBF35C /* CoreGraphics.framework */,
				8A3F48B7140C1D3C00FBF35C /* CoreData.framework */,
			);
			name = Frameworks;
			sourceTree = "<group>";
		};
		8A3F48FB140C335000FBF35C /* Classes */ = {
			isa = PBXGroup;
			children = (
				8A3F48FC140C335000FBF35C /* Application */,
				8A3F4902140C335000FBF35C /* Controllers */,
				8A3F4907140C335000FBF35C /* Vendor */,
			);
			path = Classes;
			sourceTree = "<group>";
		};
		8A3F48FC140C335000FBF35C /* Application */ = {
			isa = PBXGroup;
			children = (
				8A3F48FD140C335000FBF35C /* App.h */,
				8A3F48FE140C335000FBF35C /* App.m */,
				8A3F48FF140C335000FBF35C /* AppDefines.h */,
				8A3F4900140C335000FBF35C /* AppDelegate.h */,
				8A3F4901140C335000FBF35C /* AppDelegate.m */,
			);
			path = Application;
			sourceTree = "<group>";
		};
		8A3F4902140C335000FBF35C /* Controllers */ = {
			isa = PBXGroup;
			children = (
				8A3F4903140C335000FBF35C /* MainWindow.xib */,
				8A3F4904140C335000FBF35C /* RootViewController.h */,
				8A3F4905140C335000FBF35C /* RootViewController.m */,
				8A3F4906140C335000FBF35C /* RootViewController.xib */,
			);
			path = Controllers;
			sourceTree = "<group>";
		};
		8A3F4907140C335000FBF35C /* Vendor */ = {
			isa = PBXGroup;
			children = (
				8A453E15144BD1EB00264099 /* PSFoundation-minimal */,
				8A783F3B142B8DCA0058BFFB /* Reachability */,
				8A3F4908140C335000FBF35C /* asi-http-request */,
				8A3F49CB140C335000FBF35C /* FlurryLib */,
				8A3F49D7140C335000FBF35C /* JSONKit */,
			);
			path = Vendor;
			sourceTree = "<group>";
		};
		8A3F4908140C335000FBF35C /* asi-http-request */ = {
			isa = PBXGroup;
			children = (
				8A3F4934140C335000FBF35C /* Classes */,
			);
			path = "asi-http-request";
			sourceTree = "<group>";
		};
		8A3F4934140C335000FBF35C /* Classes */ = {
			isa = PBXGroup;
			children = (
				8A3F4935140C335000FBF35C /* ASIAuthenticationDialog.h */,
				8A3F4936140C335000FBF35C /* ASIAuthenticationDialog.m */,
				8A3F4937140C335000FBF35C /* ASICacheDelegate.h */,
				8A3F4938140C335000FBF35C /* ASIDataCompressor.h */,
				8A3F4939140C335000FBF35C /* ASIDataCompressor.m */,
				8A3F493A140C335000FBF35C /* ASIDataDecompressor.h */,
				8A3F493B140C335000FBF35C /* ASIDataDecompressor.m */,
				8A3F493C140C335000FBF35C /* ASIDownloadCache.h */,
				8A3F493D140C335000FBF35C /* ASIDownloadCache.m */,
				8A3F493E140C335000FBF35C /* ASIFormDataRequest.h */,
				8A3F493F140C335000FBF35C /* ASIFormDataRequest.m */,
				8A3F4940140C335000FBF35C /* ASIHTTPRequest.h */,
				8A3F4941140C335000FBF35C /* ASIHTTPRequest.m */,
				8A3F4942140C335000FBF35C /* ASIHTTPRequestConfig.h */,
				8A3F4943140C335000FBF35C /* ASIHTTPRequestDelegate.h */,
				8A3F4944140C335000FBF35C /* ASIInputStream.h */,
				8A3F4945140C335000FBF35C /* ASIInputStream.m */,
				8A3F4946140C335000FBF35C /* ASINetworkQueue.h */,
				8A3F4947140C335000FBF35C /* ASINetworkQueue.m */,
				8A3F4948140C335000FBF35C /* ASIProgressDelegate.h */,
			);
			path = Classes;
			sourceTree = "<group>";
		};
		8A3F49CB140C335000FBF35C /* FlurryLib */ = {
			isa = PBXGroup;
			children = (
				8A3F49D0140C335000FBF35C /* FlurryAPI.h */,
				8A3F49D1140C335000FBF35C /* libFlurry.a */,
			);
			path = FlurryLib;
			sourceTree = "<group>";
		};
		8A3F49D7140C335000FBF35C /* JSONKit */ = {
			isa = PBXGroup;
			children = (
				8A3F49FE140C335000FBF35C /* JSONKit.h */,
				8A3F49FF140C335000FBF35C /* JSONKit.m */,
			);
			path = JSONKit;
			sourceTree = "<group>";
		};
		8A3F5228140C335700FBF35C /* Resources */ = {
			isa = PBXGroup;
			children = (
			);
			path = Resources;
			sourceTree = "<group>";
		};
		8A3F5229140C335700FBF35C /* SupportingFiles */ = {
			isa = PBXGroup;
			children = (
				8A3F522C140C335700FBF35C /* InfoPlist.strings */,
				8A3F522E140C335700FBF35C /* Info.plist */,
				8A3F522F140C335700FBF35C /* main.m */,
				8A3F5230140C335700FBF35C /* Prefix.pch */,
			);
			path = SupportingFiles;
			sourceTree = "<group>";
		};
		8A453E15144BD1EB00264099 /* PSFoundation-minimal */ = {
			isa = PBXGroup;
			children = (
				8A453E16144BD1EB00264099 /* Archiving */,
				8A453E19144BD1EB00264099 /* Categories */,
				8A453E57144BD1EB00264099 /* Core Data */,
				8A453E5E144BD1EB00264099 /* External */,
				8A453EB5144BD1EB00264099 /* Invocation */,
				8A453EBC144BD1EB00264099 /* Keychain */,
				8A453EBF144BD1EB00264099 /* Logging */,
				8A453EC6144BD1EB00264099 /* Macros */,
				8A453ECB144BD1EB00264099 /* PSFoundation */,
				8A453ECC144BD1EB00264099 /* PSFoundation-CoreData.h */,
				8A453ECD144BD1EB00264099 /* PSFoundation-Prefix.pch */,
				8A453ECE144BD1EB00264099 /* PSFoundation.h */,
			);
			path = "PSFoundation-minimal";
			sourceTree = "<group>";
		};
		8A453E16144BD1EB00264099 /* Archiving */ = {
			isa = PBXGroup;
			children = (
				8A453E17144BD1EB00264099 /* TPAutoArchiver.h */,
				8A453E18144BD1EB00264099 /* TPAutoArchiver.m */,
			);
			path = Archiving;
			sourceTree = "<group>";
		};
		8A453E19144BD1EB00264099 /* Categories */ = {
			isa = PBXGroup;
			children = (
				8A453E1A144BD1EB00264099 /* NSArray */,
				8A453E21144BD1EB00264099 /* NSData */,
				8A453E28144BD1EB00264099 /* NSDate */,
				8A453E2B144BD1EB00264099 /* NSDictionary */,
				8A453E2E144BD1EB00264099 /* NSError */,
				8A453E31144BD1EB00264099 /* NSFileManager */,
				8A453E34144BD1EB00264099 /* NSNotification */,
				8A453E37144BD1EB00264099 /* NSNumber */,
				8A453E3A144BD1EB00264099 /* NSObject */,
				8A453E41144BD1EB00264099 /* NSOperationQueue */,
				8A453E44144BD1EB00264099 /* NSSet */,
				8A453E47144BD1EB00264099 /* NSString */,
				8A453E54144BD1EB00264099 /* NSURL */,
				8A453F27144BD27E00264099 /* UIImage */,
			);
			path = Categories;
			sourceTree = "<group>";
		};
		8A453E1A144BD1EB00264099 /* NSArray */ = {
			isa = PBXGroup;
			children = (
				8A453E1B144BD1EB00264099 /* NSArray+Filtering.h */,
				8A453E1C144BD1EB00264099 /* NSArray+Filtering.m */,
				8A453E1D144BD1EB00264099 /* NSArray+PSFoundation.h */,
				8A453E1E144BD1EB00264099 /* NSArray+PSFoundation.m */,
				8A453E1F144BD1EB00264099 /* NSMutableArray+PSFoundation.h */,
				8A453E20144BD1EB00264099 /* NSMutableArray+PSFoundation.m */,
			);
			path = NSArray;
			sourceTree = "<group>";
		};
		8A453E21144BD1EB00264099 /* NSData */ = {
			isa = PBXGroup;
			children = (
				8A453E22144BD1EB00264099 /* NSData+PSBase64.h */,
				8A453E23144BD1EB00264099 /* NSData+PSBase64.m */,
				8A453E24144BD1EB00264099 /* NSData+PSCommonCrypto.h */,
				8A453E25144BD1EB00264099 /* NSData+PSCommonCrypto.m */,
				8A453E26144BD1EB00264099 /* NSData+PSZlib.h */,
				8A453E27144BD1EB00264099 /* NSData+PSZlib.m */,
			);
			path = NSData;
			sourceTree = "<group>";
		};
		8A453E28144BD1EB00264099 /* NSDate */ = {
			isa = PBXGroup;
			children = (
				8A453E29144BD1EB00264099 /* NSDate+PSFoundation.h */,
				8A453E2A144BD1EB00264099 /* NSDate+PSFoundation.m */,
			);
			path = NSDate;
			sourceTree = "<group>";
		};
		8A453E2B144BD1EB00264099 /* NSDictionary */ = {
			isa = PBXGroup;
			children = (
				8A453E2C144BD1EB00264099 /* NSDictionary+PSFoundation.h */,
				8A453E2D144BD1EB00264099 /* NSDictionary+PSFoundation.m */,
			);
			path = NSDictionary;
			sourceTree = "<group>";
		};
		8A453E2E144BD1EB00264099 /* NSError */ = {
			isa = PBXGroup;
			children = (
				8A453E2F144BD1EB00264099 /* NSError+SCMethods.h */,
				8A453E30144BD1EB00264099 /* NSError+SCMethods.m */,
			);
			path = NSError;
			sourceTree = "<group>";
		};
		8A453E31144BD1EB00264099 /* NSFileManager */ = {
			isa = PBXGroup;
			children = (
				8A453E32144BD1EB00264099 /* NSFileManager+PSFoundation.h */,
				8A453E33144BD1EB00264099 /* NSFileManager+PSFoundation.m */,
			);
			path = NSFileManager;
			sourceTree = "<group>";
		};
		8A453E34144BD1EB00264099 /* NSNotification */ = {
			isa = PBXGroup;
			children = (
				8A453E35144BD1EB00264099 /* NSNotification+PSFoundation.h */,
				8A453E36144BD1EB00264099 /* NSNotification+PSFoundation.m */,
			);
			path = NSNotification;
			sourceTree = "<group>";
		};
		8A453E37144BD1EB00264099 /* NSNumber */ = {
			isa = PBXGroup;
			children = (
				8A453E38144BD1EB00264099 /* NSNumber+PSFoundation.h */,
				8A453E39144BD1EB00264099 /* NSNumber+PSFoundation.m */,
			);
			path = NSNumber;
			sourceTree = "<group>";
		};
		8A453E3A144BD1EB00264099 /* NSObject */ = {
			isa = PBXGroup;
			children = (
				8A453E3B144BD1EB00264099 /* NSObject+AutoDescription.h */,
				8A453E3C144BD1EB00264099 /* NSObject+AutoDescription.m */,
				8A453E3D144BD1EB00264099 /* NSObject+Swizzle.h */,
				8A453E3E144BD1EB00264099 /* NSObject+Swizzle.m */,
				8A453E3F144BD1EB00264099 /* NSObject+Utilities.h */,
				8A453E40144BD1EB00264099 /* NSObject+Utilities.m */,
			);
			path = NSObject;
			sourceTree = "<group>";
		};
		8A453E41144BD1EB00264099 /* NSOperationQueue */ = {
			isa = PBXGroup;
			children = (
				8A453E42144BD1EB00264099 /* NSOperationQueue+CWSharedQueue.h */,
				8A453E43144BD1EB00264099 /* NSOperationQueue+CWSharedQueue.m */,
			);
			path = NSOperationQueue;
			sourceTree = "<group>";
		};
		8A453E44144BD1EB00264099 /* NSSet */ = {
			isa = PBXGroup;
			children = (
				8A453E45144BD1EB00264099 /* NSSet+PSFoundation.h */,
				8A453E46144BD1EB00264099 /* NSSet+PSFoundation.m */,
			);
			path = NSSet;
			sourceTree = "<group>";
		};
		8A453E47144BD1EB00264099 /* NSString */ = {
			isa = PBXGroup;
			children = (
				8A453E48144BD1EB00264099 /* NSString+Conversion.h */,
				8A453E49144BD1EB00264099 /* NSString+Conversion.m */,
				8A453E4A144BD1EB00264099 /* NSString+HTML.h */,
				8A453E4B144BD1EB00264099 /* NSString+HTML.m */,
				8A453E4C144BD1EB00264099 /* NSString+InflectionSupport.h */,
				8A453E4D144BD1EB00264099 /* NSString+InflectionSupport.m */,
				8A453E4E144BD1EB00264099 /* NSString+PSFoundation.h */,
				8A453E4F144BD1EB00264099 /* NSString+PSFoundation.m */,
				8A453E50144BD1EB00264099 /* NSString+Replacement.h */,
				8A453E51144BD1EB00264099 /* NSString+Replacement.m */,
				8A453E52144BD1EB00264099 /* NSString+URL.h */,
				8A453E53144BD1EB00264099 /* NSString+URL.m */,
			);
			path = NSString;
			sourceTree = "<group>";
		};
		8A453E54144BD1EB00264099 /* NSURL */ = {
			isa = PBXGroup;
			children = (
				8A453E55144BD1EB00264099 /* NSURL+PSFoundation.h */,
				8A453E56144BD1EB00264099 /* NSURL+PSFoundation.m */,
			);
			path = NSURL;
			sourceTree = "<group>";
		};
		8A453E57144BD1EB00264099 /* Core Data */ = {
			isa = PBXGroup;
			children = (
				8A453E58144BD1EB00264099 /* NSManagedObject+PSAutoDescription.h */,
				8A453E59144BD1EB00264099 /* NSManagedObject+PSAutoDescription.m */,
				8A453E5A144BD1EB00264099 /* NSManagedObject+PSSafeSetValues.h */,
				8A453E5B144BD1EB00264099 /* NSManagedObject+PSSafeSetValues.m */,
				8A453E5C144BD1EB00264099 /* NSManagedObjectContext+PSURIFetch.h */,
				8A453E5D144BD1EB00264099 /* NSManagedObjectContext+PSURIFetch.m */,
			);
			path = "Core Data";
			sourceTree = "<group>";
		};
		8A453E5E144BD1EB00264099 /* External */ = {
			isa = PBXGroup;
			children = (
				8A453E5F144BD1EB00264099 /* BlocksKit */,
				8A453E9B144BD1EB00264099 /* CocoaLumberjack */,
			);
			path = External;
			sourceTree = "<group>";
		};
		8A453E5F144BD1EB00264099 /* BlocksKit */ = {
			isa = PBXGroup;
			children = (
				8A453E60144BD1EB00264099 /* .git */,
				8A453E6F144BD1EB00264099 /* BKMacros.h */,
				8A453E70144BD1EB00264099 /* BlocksKit-Prefix.pch */,
				8A453E71144BD1EB00264099 /* BlocksKit.h */,
				8A453E72144BD1EB00264099 /* BlocksKit_Globals.h */,
				8A453E73144BD1EB00264099 /* NSArray+BlocksKit.h */,
				8A453E74144BD1EB00264099 /* NSArray+BlocksKit.m */,
				8A453E75144BD1EB00264099 /* NSDictionary+BlocksKit.h */,
				8A453E76144BD1EB00264099 /* NSDictionary+BlocksKit.m */,
				8A453E77144BD1EB00264099 /* NSIndexSet+BlocksKit.h */,
				8A453E78144BD1EB00264099 /* NSIndexSet+BlocksKit.m */,
				8A453E79144BD1EB00264099 /* NSInvocation+BlocksKit.h */,
				8A453E7A144BD1EB00264099 /* NSInvocation+BlocksKit.m */,
				8A453E7B144BD1EB00264099 /* NSMutableArray+BlocksKit.h */,
				8A453E7C144BD1EB00264099 /* NSMutableArray+BlocksKit.m */,
				8A453E7D144BD1EB00264099 /* NSMutableDictionary+BlocksKit.h */,
				8A453E7E144BD1EB00264099 /* NSMutableDictionary+BlocksKit.m */,
				8A453E7F144BD1EB00264099 /* NSMutableIndexSet+BlocksKit.h */,
				8A453E80144BD1EB00264099 /* NSMutableIndexSet+BlocksKit.m */,
				8A453E81144BD1EB00264099 /* NSMutableSet+BlocksKit.h */,
				8A453E82144BD1EB00264099 /* NSMutableSet+BlocksKit.m */,
				8A453E83144BD1EB00264099 /* NSObject+AssociatedObjects.h */,
				8A453E84144BD1EB00264099 /* NSObject+AssociatedObjects.m */,
				8A453E85144BD1EB00264099 /* NSObject+BlockObservation.h */,
				8A453E86144BD1EB00264099 /* NSObject+BlockObservation.m */,
				8A453E87144BD1EB00264099 /* NSObject+BlocksKit.h */,
				8A453E88144BD1EB00264099 /* NSObject+BlocksKit.m */,
				8A453E89144BD1EB00264099 /* NSSet+BlocksKit.h */,
				8A453E8A144BD1EB00264099 /* NSSet+BlocksKit.m */,
				8A453E8B144BD1EB00264099 /* NSTimer+BlocksKit.h */,
				8A453E8C144BD1EB00264099 /* NSTimer+BlocksKit.m */,
				8A453E8D144BD1EB00264099 /* UIActionSheet+BlocksKit.h */,
				8A453E8E144BD1EB00264099 /* UIActionSheet+BlocksKit.m */,
				8A453E8F144BD1EB00264099 /* UIAlertView+BlocksKit.h */,
				8A453E90144BD1EB00264099 /* UIAlertView+BlocksKit.m */,
				8A453E91144BD1EB00264099 /* UIBarButtonItem+BlocksKit.h */,
				8A453E92144BD1EB00264099 /* UIBarButtonItem+BlocksKit.m */,
				8A453E93144BD1EB00264099 /* UIControl+BlocksKit.h */,
				8A453E94144BD1EB00264099 /* UIControl+BlocksKit.m */,
				8A453E95144BD1EB00264099 /* UIGestureRecognizer+BlocksKit.h */,
				8A453E96144BD1EB00264099 /* UIGestureRecognizer+BlocksKit.m */,
				8A453E97144BD1EB00264099 /* UIView+BlocksKit.h */,
				8A453E98144BD1EB00264099 /* UIView+BlocksKit.m */,
				8A453E99144BD1EB00264099 /* UIWebView+BlocksKit.h */,
				8A453E9A144BD1EB00264099 /* UIWebView+BlocksKit.m */,
			);
			path = BlocksKit;
			sourceTree = "<group>";
		};
		8A453E60144BD1EB00264099 /* .git */ = {
			isa = PBXGroup;
			children = (
				8A453E61144BD1EB00264099 /* branches */,
				8A453E62144BD1EB00264099 /* hooks */,
				8A453E63144BD1EB00264099 /* info */,
				8A453E64144BD1EB00264099 /* logs */,
				8A453E67144BD1EB00264099 /* objects */,
				8A453E6A144BD1EB00264099 /* refs */,
			);
			path = .git;
			sourceTree = "<group>";
		};
		8A453E61144BD1EB00264099 /* branches */ = {
			isa = PBXGroup;
			children = (
			);
			path = branches;
			sourceTree = "<group>";
		};
		8A453E62144BD1EB00264099 /* hooks */ = {
			isa = PBXGroup;
			children = (
			);
			path = hooks;
			sourceTree = "<group>";
		};
		8A453E63144BD1EB00264099 /* info */ = {
			isa = PBXGroup;
			children = (
			);
			path = info;
			sourceTree = "<group>";
		};
		8A453E64144BD1EB00264099 /* logs */ = {
			isa = PBXGroup;
			children = (
				8A453E65144BD1EB00264099 /* refs */,
			);
			path = logs;
			sourceTree = "<group>";
		};
		8A453E65144BD1EB00264099 /* refs */ = {
			isa = PBXGroup;
			children = (
				8A453E66144BD1EB00264099 /* heads */,
			);
			path = refs;
			sourceTree = "<group>";
		};
		8A453E66144BD1EB00264099 /* heads */ = {
			isa = PBXGroup;
			children = (
			);
			path = heads;
			sourceTree = "<group>";
		};
		8A453E67144BD1EB00264099 /* objects */ = {
			isa = PBXGroup;
			children = (
				8A453E68144BD1EB00264099 /* info */,
				8A453E69144BD1EB00264099 /* pack */,
			);
			path = objects;
			sourceTree = "<group>";
		};
		8A453E68144BD1EB00264099 /* info */ = {
			isa = PBXGroup;
			children = (
			);
			path = info;
			sourceTree = "<group>";
		};
		8A453E69144BD1EB00264099 /* pack */ = {
			isa = PBXGroup;
			children = (
			);
			path = pack;
			sourceTree = "<group>";
		};
		8A453E6A144BD1EB00264099 /* refs */ = {
			isa = PBXGroup;
			children = (
				8A453E6B144BD1EB00264099 /* heads */,
				8A453E6C144BD1EB00264099 /* remotes */,
				8A453E6E144BD1EB00264099 /* tags */,
			);
			path = refs;
			sourceTree = "<group>";
		};
		8A453E6B144BD1EB00264099 /* heads */ = {
			isa = PBXGroup;
			children = (
			);
			path = heads;
			sourceTree = "<group>";
		};
		8A453E6C144BD1EB00264099 /* remotes */ = {
			isa = PBXGroup;
			children = (
				8A453E6D144BD1EB00264099 /* origin */,
			);
			path = remotes;
			sourceTree = "<group>";
		};
		8A453E6D144BD1EB00264099 /* origin */ = {
			isa = PBXGroup;
			children = (
			);
			path = origin;
			sourceTree = "<group>";
		};
		8A453E6E144BD1EB00264099 /* tags */ = {
			isa = PBXGroup;
			children = (
			);
			path = tags;
			sourceTree = "<group>";
		};
		8A453E9B144BD1EB00264099 /* CocoaLumberjack */ = {
			isa = PBXGroup;
			children = (
				8A453E9C144BD1EB00264099 /* .git */,
				8A453EAB144BD1EB00264099 /* DDAbstractDatabaseLogger.h */,
				8A453EAC144BD1EB00264099 /* DDAbstractDatabaseLogger.m */,
				8A453EAD144BD1EB00264099 /* DDASLLogger.h */,
				8A453EAE144BD1EB00264099 /* DDASLLogger.m */,
				8A453EAF144BD1EB00264099 /* DDFileLogger.h */,
				8A453EB0144BD1EB00264099 /* DDFileLogger.m */,
				8A453EB1144BD1EB00264099 /* DDLog.h */,
				8A453EB2144BD1EB00264099 /* DDLog.m */,
				8A453EB3144BD1EB00264099 /* DDTTYLogger.h */,
				8A453EB4144BD1EB00264099 /* DDTTYLogger.m */,
			);
			path = CocoaLumberjack;
			sourceTree = "<group>";
		};
		8A453E9C144BD1EB00264099 /* .git */ = {
			isa = PBXGroup;
			children = (
				8A453E9D144BD1EB00264099 /* branches */,
				8A453E9E144BD1EB00264099 /* hooks */,
				8A453E9F144BD1EB00264099 /* info */,
				8A453EA0144BD1EB00264099 /* logs */,
				8A453EA3144BD1EB00264099 /* objects */,
				8A453EA6144BD1EB00264099 /* refs */,
			);
			path = .git;
			sourceTree = "<group>";
		};
		8A453E9D144BD1EB00264099 /* branches */ = {
			isa = PBXGroup;
			children = (
			);
			path = branches;
			sourceTree = "<group>";
		};
		8A453E9E144BD1EB00264099 /* hooks */ = {
			isa = PBXGroup;
			children = (
			);
			path = hooks;
			sourceTree = "<group>";
		};
		8A453E9F144BD1EB00264099 /* info */ = {
			isa = PBXGroup;
			children = (
			);
			path = info;
			sourceTree = "<group>";
		};
		8A453EA0144BD1EB00264099 /* logs */ = {
			isa = PBXGroup;
			children = (
				8A453EA1144BD1EB00264099 /* refs */,
			);
			path = logs;
			sourceTree = "<group>";
		};
		8A453EA1144BD1EB00264099 /* refs */ = {
			isa = PBXGroup;
			children = (
				8A453EA2144BD1EB00264099 /* heads */,
			);
			path = refs;
			sourceTree = "<group>";
		};
		8A453EA2144BD1EB00264099 /* heads */ = {
			isa = PBXGroup;
			children = (
			);
			path = heads;
			sourceTree = "<group>";
		};
		8A453EA3144BD1EB00264099 /* objects */ = {
			isa = PBXGroup;
			children = (
				8A453EA4144BD1EB00264099 /* info */,
				8A453EA5144BD1EB00264099 /* pack */,
			);
			path = objects;
			sourceTree = "<group>";
		};
		8A453EA4144BD1EB00264099 /* info */ = {
			isa = PBXGroup;
			children = (
			);
			path = info;
			sourceTree = "<group>";
		};
		8A453EA5144BD1EB00264099 /* pack */ = {
			isa = PBXGroup;
			children = (
			);
			path = pack;
			sourceTree = "<group>";
		};
		8A453EA6144BD1EB00264099 /* refs */ = {
			isa = PBXGroup;
			children = (
				8A453EA7144BD1EB00264099 /* heads */,
				8A453EA8144BD1EB00264099 /* remotes */,
				8A453EAA144BD1EB00264099 /* tags */,
			);
			path = refs;
			sourceTree = "<group>";
		};
		8A453EA7144BD1EB00264099 /* heads */ = {
			isa = PBXGroup;
			children = (
			);
			path = heads;
			sourceTree = "<group>";
		};
		8A453EA8144BD1EB00264099 /* remotes */ = {
			isa = PBXGroup;
			children = (
				8A453EA9144BD1EB00264099 /* origin */,
			);
			path = remotes;
			sourceTree = "<group>";
		};
		8A453EA9144BD1EB00264099 /* origin */ = {
			isa = PBXGroup;
			children = (
			);
			path = origin;
			sourceTree = "<group>";
		};
		8A453EAA144BD1EB00264099 /* tags */ = {
			isa = PBXGroup;
			children = (
			);
			path = tags;
			sourceTree = "<group>";
		};
		8A453EB5144BD1EB00264099 /* Invocation */ = {
			isa = PBXGroup;
			children = (
				8A453EB6144BD1EB00264099 /* DDInvocationGrabber.h */,
				8A453EB7144BD1EB00264099 /* DDInvocationGrabber.m */,
				8A453EB8144BD1EB00264099 /* NSObject+DDExtensions.h */,
				8A453EB9144BD1EB00264099 /* NSObject+DDExtensions.m */,
				8A453EBA144BD1EB00264099 /* NSObject+Proxy.h */,
				8A453EBB144BD1EB00264099 /* NSObject+Proxy.m */,
			);
			path = Invocation;
			sourceTree = "<group>";
		};
		8A453EBC144BD1EB00264099 /* Keychain */ = {
			isa = PBXGroup;
			children = (
				8A453EBD144BD1EB00264099 /* PSKeychain.h */,
				8A453EBE144BD1EB00264099 /* PSKeychain.m */,
			);
			path = Keychain;
			sourceTree = "<group>";
		};
		8A453EBF144BD1EB00264099 /* Logging */ = {
			isa = PBXGroup;
			children = (
				8A453EC0144BD1EB00264099 /* ColorLog.h */,
				8A453EC1144BD1EB00264099 /* ColorLog.m */,
				8A453EC2144BD1EB00264099 /* PSDDFormatter.h */,
				8A453EC3144BD1EB00264099 /* PSDDFormatter.m */,
				8A453EC4144BD1EB00264099 /* PSFoundation+Logging.h */,
				8A453EC5144BD1EB00264099 /* PSFoundation+Logging.m */,
			);
			path = Logging;
			sourceTree = "<group>";
		};
		8A453EC6144BD1EB00264099 /* Macros */ = {
			isa = PBXGroup;
			children = (
				8A453EC7144BD1EB00264099 /* PSMacros+Collections.h */,
				8A453EC8144BD1EB00264099 /* PSMacros+Compatibility.h */,
				8A453EC9144BD1EB00264099 /* PSMacros.h */,
				8A453ECA144BD1EB00264099 /* SynthesizeSingleton.h */,
			);
			path = Macros;
			sourceTree = "<group>";
		};
		8A453ECB144BD1EB00264099 /* PSFoundation */ = {
			isa = PBXGroup;
			children = (
			);
			path = PSFoundation;
			sourceTree = "<group>";
		};
		8A453F27144BD27E00264099 /* UIImage */ = {
			isa = PBXGroup;
			children = (
				8A453F28144BD27E00264099 /* UIImage+Alpha.h */,
				8A453F29144BD27E00264099 /* UIImage+Alpha.m */,
				8A453F2C144BD27E00264099 /* UIImage+MTCache.h */,
				8A453F2D144BD27E00264099 /* UIImage+MTCache.m */,
				8A453F2E144BD27E00264099 /* UIImage+MTTiling.h */,
				8A453F2F144BD27E00264099 /* UIImage+MTTiling.m */,
				8A453F32144BD27E00264099 /* UIImage+ProportionalFill.h */,
				8A453F33144BD27E00264099 /* UIImage+ProportionalFill.m */,
				8A453F34144BD27E00264099 /* UIImage+RoundedCorner.h */,
				8A453F35144BD27E00264099 /* UIImage+RoundedCorner.m */,
				8A453F36144BD27E00264099 /* UIImage+Tint.h */,
				8A453F37144BD27E00264099 /* UIImage+Tint.m */,
				8A453F38144BD27E00264099 /* UIImageHelper.h */,
				8A453F39144BD27E00264099 /* UIImageHelper.m */,
			);
			path = UIImage;
			sourceTree = "<group>";
		};
		8A783F3B142B8DCA0058BFFB /* Reachability */ = {
			isa = PBXGroup;
			children = (
				8A783F3C142B8DCA0058BFFB /* Reachability.h */,
				8A783F3D142B8DCA0058BFFB /* Reachability.m */,
			);
			path = Reachability;
			sourceTree = "<group>";
		};
/* End PBXGroup section */

/* Begin PBXNativeTarget section */
		8A3F48AC140C1D3C00FBF35C /* IFAppTemplate */ = {
			isa = PBXNativeTarget;
			buildConfigurationList = 8A3F48CD140C1D3C00FBF35C /* Build configuration list for PBXNativeTarget "IFAppTemplate" */;
			buildPhases = (
				8A3F48A9140C1D3C00FBF35C /* Sources */,
				8A3F48AA140C1D3C00FBF35C /* Frameworks */,
				8A3F48AB140C1D3C00FBF35C /* Resources */,
			);
			buildRules = (
			);
			dependencies = (
			);
			name = IFAppTemplate;
			productName = IFAppTemplate;
			productReference = 8A3F48AD140C1D3C00FBF35C /* IFAppTemplate.app */;
			productType = "com.apple.product-type.application";
		};
/* End PBXNativeTarget section */

/* Begin PBXProject section */
		8A3F48A4140C1D3C00FBF35C /* Project object */ = {
			isa = PBXProject;
			attributes = {
				LastUpgradeCheck = 0420;
				ORGANIZATIONNAME = Infinum;
			};
			buildConfigurationList = 8A3F48A7140C1D3C00FBF35C /* Build configuration list for PBXProject "IFAppTemplate" */;
			compatibilityVersion = "Xcode 3.2";
			developmentRegion = English;
			hasScannedForEncodings = 0;
			knownRegions = (
				en,
				English,
			);
			mainGroup = 8A3F48A2140C1D3C00FBF35C;
			productRefGroup = 8A3F48AE140C1D3C00FBF35C /* Products */;
			projectDirPath = "";
			projectRoot = "";
			targets = (
				8A3F48AC140C1D3C00FBF35C /* IFAppTemplate */,
			);
		};
/* End PBXProject section */

/* Begin PBXResourcesBuildPhase section */
		8A3F48AB140C1D3C00FBF35C /* Resources */ = {
			isa = PBXResourcesBuildPhase;
			buildActionMask = 2147483647;
			files = (
				8A3F52AB140C335C00FBF35C /* MainWindow.xib in Resources */,
				8A3F52AD140C335C00FBF35C /* RootViewController.xib in Resources */,
			);
			runOnlyForDeploymentPostprocessing = 0;
		};
/* End PBXResourcesBuildPhase section */

/* Begin PBXSourcesBuildPhase section */
		8A3F48A9140C1D3C00FBF35C /* Sources */ = {
			isa = PBXSourcesBuildPhase;
			buildActionMask = 2147483647;
			files = (
				8A3F52A9140C335C00FBF35C /* App.m in Sources */,
				8A3F52AA140C335C00FBF35C /* AppDelegate.m in Sources */,
				8A3F52AC140C335C00FBF35C /* RootViewController.m in Sources */,
				8A3F52C9140C335C00FBF35C /* ASIAuthenticationDialog.m in Sources */,
				8A3F52CA140C335C00FBF35C /* ASIDataCompressor.m in Sources */,
				8A3F52CB140C335C00FBF35C /* ASIDataDecompressor.m in Sources */,
				8A3F52CC140C335C00FBF35C /* ASIDownloadCache.m in Sources */,
				8A3F52CD140C335C00FBF35C /* ASIFormDataRequest.m in Sources */,
				8A3F52CE140C335C00FBF35C /* ASIHTTPRequest.m in Sources */,
				8A3F52CF140C335C00FBF35C /* ASIInputStream.m in Sources */,
				8A3F52D0140C335C00FBF35C /* ASINetworkQueue.m in Sources */,
				8A3F532D140C335C00FBF35C /* JSONKit.m in Sources */,
				8A3F57B8140C335D00FBF35C /* main.m in Sources */,
				8A783F7A142B8DCA0058BFFB /* Reachability.m in Sources */,
				8A453EE2144BD1EB00264099 /* TPAutoArchiver.m in Sources */,
				8A453EE3144BD1EB00264099 /* NSArray+Filtering.m in Sources */,
				8A453EE4144BD1EB00264099 /* NSArray+PSFoundation.m in Sources */,
				8A453EE5144BD1EB00264099 /* NSMutableArray+PSFoundation.m in Sources */,
				8A453EE6144BD1EB00264099 /* NSData+PSBase64.m in Sources */,
				8A453EE7144BD1EB00264099 /* NSData+PSCommonCrypto.m in Sources */,
				8A453EE8144BD1EB00264099 /* NSData+PSZlib.m in Sources */,
				8A453EE9144BD1EB00264099 /* NSDate+PSFoundation.m in Sources */,
				8A453EEA144BD1EB00264099 /* NSDictionary+PSFoundation.m in Sources */,
				8A453EEB144BD1EB00264099 /* NSError+SCMethods.m in Sources */,
				8A453EEC144BD1EB00264099 /* NSFileManager+PSFoundation.m in Sources */,
				8A453EED144BD1EB00264099 /* NSNotification+PSFoundation.m in Sources */,
				8A453EEE144BD1EB00264099 /* NSNumber+PSFoundation.m in Sources */,
				8A453EEF144BD1EB00264099 /* NSObject+AutoDescription.m in Sources */,
				8A453EF0144BD1EB00264099 /* NSObject+Swizzle.m in Sources */,
				8A453EF1144BD1EB00264099 /* NSObject+Utilities.m in Sources */,
				8A453EF2144BD1EB00264099 /* NSOperationQueue+CWSharedQueue.m in Sources */,
				8A453EF3144BD1EB00264099 /* NSSet+PSFoundation.m in Sources */,
				8A453EF4144BD1EB00264099 /* NSString+Conversion.m in Sources */,
				8A453EF5144BD1EB00264099 /* NSString+HTML.m in Sources */,
				8A453EF6144BD1EB00264099 /* NSString+InflectionSupport.m in Sources */,
				8A453EF7144BD1EB00264099 /* NSString+PSFoundation.m in Sources */,
				8A453EF8144BD1EB00264099 /* NSString+Replacement.m in Sources */,
				8A453EF9144BD1EB00264099 /* NSString+URL.m in Sources */,
				8A453EFA144BD1EB00264099 /* NSURL+PSFoundation.m in Sources */,
				8A453EFB144BD1EB00264099 /* NSManagedObject+PSAutoDescription.m in Sources */,
				8A453EFC144BD1EB00264099 /* NSManagedObject+PSSafeSetValues.m in Sources */,
				8A453EFD144BD1EB00264099 /* NSManagedObjectContext+PSURIFetch.m in Sources */,
				8A453EFE144BD1EB00264099 /* NSArray+BlocksKit.m in Sources */,
				8A453EFF144BD1EB00264099 /* NSDictionary+BlocksKit.m in Sources */,
				8A453F00144BD1EB00264099 /* NSIndexSet+BlocksKit.m in Sources */,
				8A453F01144BD1EB00264099 /* NSInvocation+BlocksKit.m in Sources */,
				8A453F02144BD1EB00264099 /* NSMutableArray+BlocksKit.m in Sources */,
				8A453F03144BD1EB00264099 /* NSMutableDictionary+BlocksKit.m in Sources */,
				8A453F04144BD1EB00264099 /* NSMutableIndexSet+BlocksKit.m in Sources */,
				8A453F05144BD1EB00264099 /* NSMutableSet+BlocksKit.m in Sources */,
				8A453F06144BD1EB00264099 /* NSObject+AssociatedObjects.m in Sources */,
				8A453F07144BD1EB00264099 /* NSObject+BlockObservation.m in Sources */,
				8A453F08144BD1EB00264099 /* NSObject+BlocksKit.m in Sources */,
				8A453F09144BD1EB00264099 /* NSSet+BlocksKit.m in Sources */,
				8A453F0A144BD1EB00264099 /* NSTimer+BlocksKit.m in Sources */,
				8A453F0B144BD1EB00264099 /* UIActionSheet+BlocksKit.m in Sources */,
				8A453F0C144BD1EB00264099 /* UIAlertView+BlocksKit.m in Sources */,
				8A453F0D144BD1EB00264099 /* UIBarButtonItem+BlocksKit.m in Sources */,
				8A453F0E144BD1EB00264099 /* UIControl+BlocksKit.m in Sources */,
				8A453F0F144BD1EB00264099 /* UIGestureRecognizer+BlocksKit.m in Sources */,
				8A453F10144BD1EB00264099 /* UIView+BlocksKit.m in Sources */,
				8A453F11144BD1EB00264099 /* UIWebView+BlocksKit.m in Sources */,
				8A453F12144BD1EB00264099 /* DDAbstractDatabaseLogger.m in Sources */,
				8A453F13144BD1EB00264099 /* DDASLLogger.m in Sources */,
				8A453F14144BD1EB00264099 /* DDFileLogger.m in Sources */,
				8A453F15144BD1EB00264099 /* DDLog.m in Sources */,
				8A453F16144BD1EB00264099 /* DDTTYLogger.m in Sources */,
				8A453F17144BD1EB00264099 /* DDInvocationGrabber.m in Sources */,
				8A453F18144BD1EB00264099 /* NSObject+DDExtensions.m in Sources */,
				8A453F19144BD1EB00264099 /* NSObject+Proxy.m in Sources */,
				8A453F1A144BD1EB00264099 /* PSKeychain.m in Sources */,
				8A453F1B144BD1EB00264099 /* ColorLog.m in Sources */,
				8A453F1C144BD1EB00264099 /* PSDDFormatter.m in Sources */,
				8A453F1D144BD1EB00264099 /* PSFoundation+Logging.m in Sources */,
				8A453F3A144BD27E00264099 /* UIImage+Alpha.m in Sources */,
				8A453F3C144BD27E00264099 /* UIImage+MTCache.m in Sources */,
				8A453F3D144BD27E00264099 /* UIImage+MTTiling.m in Sources */,
				8A453F3F144BD27E00264099 /* UIImage+ProportionalFill.m in Sources */,
				8A453F40144BD27E00264099 /* UIImage+RoundedCorner.m in Sources */,
				8A453F41144BD27E00264099 /* UIImage+Tint.m in Sources */,
				8A453F42144BD27E00264099 /* UIImageHelper.m in Sources */,
			);
			runOnlyForDeploymentPostprocessing = 0;
		};
/* End PBXSourcesBuildPhase section */

/* Begin PBXVariantGroup section */
		8A3F522C140C335700FBF35C /* InfoPlist.strings */ = {
			isa = PBXVariantGroup;
			children = (
				8A3F522D140C335700FBF35C /* en */,
			);
			name = InfoPlist.strings;
			sourceTree = "<group>";
		};
/* End PBXVariantGroup section */

/* Begin XCBuildConfiguration section */
		8A3F48CB140C1D3C00FBF35C /* Debug */ = {
			isa = XCBuildConfiguration;
			buildSettings = {
				ARCHS = "$(ARCHS_STANDARD_32_BIT)";
				"CODE_SIGN_IDENTITY[sdk=iphoneos*]" = "iPhone Developer";
				GCC_C_LANGUAGE_STANDARD = gnu99;
				GCC_OPTIMIZATION_LEVEL = 0;
				GCC_PREPROCESSOR_DEFINITIONS = DEBUG;
				GCC_SYMBOLS_PRIVATE_EXTERN = NO;
				GCC_VERSION = com.apple.compilers.llvmgcc42;
				GCC_WARN_ABOUT_RETURN_TYPE = YES;
				GCC_WARN_UNUSED_VARIABLE = YES;
				HEADER_SEARCH_PATHS = "";
				IPHONEOS_DEPLOYMENT_TARGET = 4.0;
				OTHER_LDFLAGS = (
					"-ObjC",
					"-lxml2",
				);
				SDKROOT = iphoneos;
			};
			name = Debug;
		};
		8A3F48CC140C1D3C00FBF35C /* Release */ = {
			isa = XCBuildConfiguration;
			buildSettings = {
				ARCHS = "$(ARCHS_STANDARD_32_BIT)";
				"CODE_SIGN_IDENTITY[sdk=iphoneos*]" = "iPhone Developer";
				GCC_C_LANGUAGE_STANDARD = gnu99;
				GCC_VERSION = com.apple.compilers.llvmgcc42;
				GCC_WARN_ABOUT_RETURN_TYPE = YES;
				GCC_WARN_UNUSED_VARIABLE = YES;
				HEADER_SEARCH_PATHS = "";
				IPHONEOS_DEPLOYMENT_TARGET = 4.0;
				OTHER_CFLAGS = "-DNS_BLOCK_ASSERTIONS=1";
				OTHER_LDFLAGS = (
					"-ObjC",
					"-lxml2",
				);
				SDKROOT = iphoneos;
			};
			name = Release;
		};
		8A3F48CE140C1D3C00FBF35C /* Debug */ = {
			isa = XCBuildConfiguration;
			buildSettings = {
				ALWAYS_SEARCH_USER_PATHS = NO;
				COPY_PHASE_STRIP = NO;
				FRAMEWORK_SEARCH_PATHS = "$(inherited)";
				GCC_DYNAMIC_NO_PIC = NO;
				GCC_PRECOMPILE_PREFIX_HEADER = YES;
				GCC_PREFIX_HEADER = SupportingFiles/Prefix.pch;
				GCC_VERSION = com.apple.compilers.llvm.clang.1_0;
				HEADER_SEARCH_PATHS = /usr/include/libxml2;
				INFOPLIST_FILE = SupportingFiles/Info.plist;
				LIBRARY_SEARCH_PATHS = (
					"$(inherited)",
					"\"$(SRCROOT)/Classes/Vendor/FlurryLib\"",
					"\"$(SRCROOT)\"",
				);
				OTHER_LDFLAGS = "";
				PRODUCT_NAME = "$(TARGET_NAME)";
				WRAPPER_EXTENSION = app;
			};
			name = Debug;
		};
		8A3F48CF140C1D3C00FBF35C /* Release */ = {
			isa = XCBuildConfiguration;
			buildSettings = {
				ALWAYS_SEARCH_USER_PATHS = NO;
				COPY_PHASE_STRIP = YES;
				FRAMEWORK_SEARCH_PATHS = "$(inherited)";
				GCC_PRECOMPILE_PREFIX_HEADER = YES;
				GCC_PREFIX_HEADER = SupportingFiles/Prefix.pch;
				GCC_VERSION = com.apple.compilers.llvm.clang.1_0;
				HEADER_SEARCH_PATHS = /usr/include/libxml2;
				INFOPLIST_FILE = SupportingFiles/Info.plist;
				LIBRARY_SEARCH_PATHS = (
					"$(inherited)",
					"\"$(SRCROOT)/Classes/Vendor/FlurryLib\"",
					"\"$(SRCROOT)\"",
				);
				OTHER_LDFLAGS = "";
				PRODUCT_NAME = "$(TARGET_NAME)";
				VALIDATE_PRODUCT = YES;
				WRAPPER_EXTENSION = app;
			};
			name = Release;
		};
/* End XCBuildConfiguration section */

/* Begin XCConfigurationList section */
		8A3F48A7140C1D3C00FBF35C /* Build configuration list for PBXProject "IFAppTemplate" */ = {
			isa = XCConfigurationList;
			buildConfigurations = (
				8A3F48CB140C1D3C00FBF35C /* Debug */,
				8A3F48CC140C1D3C00FBF35C /* Release */,
			);
			defaultConfigurationIsVisible = 0;
			defaultConfigurationName = Release;
		};
		8A3F48CD140C1D3C00FBF35C /* Build configuration list for PBXNativeTarget "IFAppTemplate" */ = {
			isa = XCConfigurationList;
			buildConfigurations = (
				8A3F48CE140C1D3C00FBF35C /* Debug */,
				8A3F48CF140C1D3C00FBF35C /* Release */,
			);
			defaultConfigurationIsVisible = 0;
			defaultConfigurationName = Release;
		};
/* End XCConfigurationList section */
	};
	rootObject = 8A3F48A4140C1D3C00FBF35C /* Project object */;
}
