// !$*UTF8*$!
{
	archiveVersion = 1;
	classes = {
	};
	objectVersion = 46;
	objects = {

/* Begin PBXBuildFile section */
		8A3F48B2140C1D3C00FBF35C /* UIKit.framework in Frameworks */ = {isa = PBXBuildFile; fileRef = 8A3F48B1140C1D3C00FBF35C /* UIKit.framework */; };
		8A3F48B4140C1D3C00FBF35C /* Foundation.framework in Frameworks */ = {isa = PBXBuildFile; fileRef = 8A3F48B3140C1D3C00FBF35C /* Foundation.framework */; };
		8A3F48B6140C1D3C00FBF35C /* CoreGraphics.framework in Frameworks */ = {isa = PBXBuildFile; fileRef = 8A3F48B5140C1D3C00FBF35C /* CoreGraphics.framework */; };
		8A3F48B8140C1D3C00FBF35C /* CoreData.framework in Frameworks */ = {isa = PBXBuildFile; fileRef = 8A3F48B7140C1D3C00FBF35C /* CoreData.framework */; };
		8A3F48DB140C327200FBF35C /* Security.framework in Frameworks */ = {isa = PBXBuildFile; fileRef = 8A3F48DA140C327200FBF35C /* Security.framework */; };
		8A3F48DD140C327B00FBF35C /* AudioToolbox.framework in Frameworks */ = {isa = PBXBuildFile; fileRef = 8A3F48DC140C327B00FBF35C /* AudioToolbox.framework */; };
		8A3F48DF140C328100FBF35C /* ImageIO.framework in Frameworks */ = {isa = PBXBuildFile; fileRef = 8A3F48DE140C328100FBF35C /* ImageIO.framework */; };
		8A3F48E1140C328B00FBF35C /* SystemConfiguration.framework in Frameworks */ = {isa = PBXBuildFile; fileRef = 8A3F48E0140C328B00FBF35C /* SystemConfiguration.framework */; };
		8A3F48E3140C329200FBF35C /* MobileCoreServices.framework in Frameworks */ = {isa = PBXBuildFile; fileRef = 8A3F48E2140C329200FBF35C /* MobileCoreServices.framework */; };
		8A3F48E5140C329C00FBF35C /* CoreLocation.framework in Frameworks */ = {isa = PBXBuildFile; fileRef = 8A3F48E4140C329C00FBF35C /* CoreLocation.framework */; };
		8A3F48E7140C32A600FBF35C /* MediaPlayer.framework in Frameworks */ = {isa = PBXBuildFile; fileRef = 8A3F48E6140C32A600FBF35C /* MediaPlayer.framework */; };
		8A3F48E9140C32AB00FBF35C /* QuartzCore.framework in Frameworks */ = {isa = PBXBuildFile; fileRef = 8A3F48E8140C32AB00FBF35C /* QuartzCore.framework */; };
		8A3F48EB140C32B500FBF35C /* AVFoundation.framework in Frameworks */ = {isa = PBXBuildFile; fileRef = 8A3F48EA140C32B500FBF35C /* AVFoundation.framework */; };
		8A3F48ED140C32BD00FBF35C /* CFNetwork.framework in Frameworks */ = {isa = PBXBuildFile; fileRef = 8A3F48EC140C32BD00FBF35C /* CFNetwork.framework */; };
		8A3F48EF140C32D000FBF35C /* libxml2.2.7.3.dylib in Frameworks */ = {isa = PBXBuildFile; fileRef = 8A3F48EE140C32D000FBF35C /* libxml2.2.7.3.dylib */; };
		8A3F48F1140C32DB00FBF35C /* libz.1.2.3.dylib in Frameworks */ = {isa = PBXBuildFile; fileRef = 8A3F48F0140C32DB00FBF35C /* libz.1.2.3.dylib */; };
		8A3F52A9140C335C00FBF35C /* App.m in Sources */ = {isa = PBXBuildFile; fileRef = 8A3F48FE140C335000FBF35C /* App.m */; };
		8A3F52AA140C335C00FBF35C /* AppDelegate.m in Sources */ = {isa = PBXBuildFile; fileRef = 8A3F4901140C335000FBF35C /* AppDelegate.m */; };
		8A3F52AB140C335C00FBF35C /* MainWindow.xib in Resources */ = {isa = PBXBuildFile; fileRef = 8A3F4903140C335000FBF35C /* MainWindow.xib */; };
		8A3F52AC140C335C00FBF35C /* RootViewController.m in Sources */ = {isa = PBXBuildFile; fileRef = 8A3F4905140C335000FBF35C /* RootViewController.m */; };
		8A3F52AD140C335C00FBF35C /* RootViewController.xib in Resources */ = {isa = PBXBuildFile; fileRef = 8A3F4906140C335000FBF35C /* RootViewController.xib */; };
		8A3F52C9140C335C00FBF35C /* ASIAuthenticationDialog.m in Sources */ = {isa = PBXBuildFile; fileRef = 8A3F4936140C335000FBF35C /* ASIAuthenticationDialog.m */; };
		8A3F52CA140C335C00FBF35C /* ASIDataCompressor.m in Sources */ = {isa = PBXBuildFile; fileRef = 8A3F4939140C335000FBF35C /* ASIDataCompressor.m */; };
		8A3F52CB140C335C00FBF35C /* ASIDataDecompressor.m in Sources */ = {isa = PBXBuildFile; fileRef = 8A3F493B140C335000FBF35C /* ASIDataDecompressor.m */; };
		8A3F52CC140C335C00FBF35C /* ASIDownloadCache.m in Sources */ = {isa = PBXBuildFile; fileRef = 8A3F493D140C335000FBF35C /* ASIDownloadCache.m */; };
		8A3F52CD140C335C00FBF35C /* ASIFormDataRequest.m in Sources */ = {isa = PBXBuildFile; fileRef = 8A3F493F140C335000FBF35C /* ASIFormDataRequest.m */; };
		8A3F52CE140C335C00FBF35C /* ASIHTTPRequest.m in Sources */ = {isa = PBXBuildFile; fileRef = 8A3F4941140C335000FBF35C /* ASIHTTPRequest.m */; };
		8A3F52CF140C335C00FBF35C /* ASIInputStream.m in Sources */ = {isa = PBXBuildFile; fileRef = 8A3F4945140C335000FBF35C /* ASIInputStream.m */; };
		8A3F52D0140C335C00FBF35C /* ASINetworkQueue.m in Sources */ = {isa = PBXBuildFile; fileRef = 8A3F4947140C335000FBF35C /* ASINetworkQueue.m */; };
		8A3F5313140C335C00FBF35C /* libFlurry.a in Frameworks */ = {isa = PBXBuildFile; fileRef = 8A3F49D1140C335000FBF35C /* libFlurry.a */; };
		8A3F532D140C335C00FBF35C /* JSONKit.m in Sources */ = {isa = PBXBuildFile; fileRef = 8A3F49FF140C335000FBF35C /* JSONKit.m */; };
		8A3F57B8140C335D00FBF35C /* main.m in Sources */ = {isa = PBXBuildFile; fileRef = 8A3F522F140C335700FBF35C /* main.m */; };
		8A3F586A140C34E000FBF35C /* libPSFoundation-CoreData.a in Frameworks */ = {isa = PBXBuildFile; fileRef = 8A3F5867140C34E000FBF35C /* libPSFoundation-CoreData.a */; };
		8A3F586B140C34E000FBF35C /* libPSFoundation-UIKit.a in Frameworks */ = {isa = PBXBuildFile; fileRef = 8A3F5868140C34E000FBF35C /* libPSFoundation-UIKit.a */; };
		8A783F3E142B8DCA0058BFFB /* TPAutoArchiver.m in Sources */ = {isa = PBXBuildFile; fileRef = 8A783E84142B8DC90058BFFB /* TPAutoArchiver.m */; };
		8A783F3F142B8DCA0058BFFB /* NSArray+Filtering.m in Sources */ = {isa = PBXBuildFile; fileRef = 8A783E88142B8DC90058BFFB /* NSArray+Filtering.m */; };
		8A783F40142B8DCA0058BFFB /* NSArray+PSFoundation.m in Sources */ = {isa = PBXBuildFile; fileRef = 8A783E8A142B8DC90058BFFB /* NSArray+PSFoundation.m */; };
		8A783F41142B8DCA0058BFFB /* NSMutableArray+PSFoundation.m in Sources */ = {isa = PBXBuildFile; fileRef = 8A783E8C142B8DC90058BFFB /* NSMutableArray+PSFoundation.m */; };
		8A783F42142B8DCA0058BFFB /* NSData+PSBase64.m in Sources */ = {isa = PBXBuildFile; fileRef = 8A783E8F142B8DCA0058BFFB /* NSData+PSBase64.m */; };
		8A783F43142B8DCA0058BFFB /* NSData+PSCommonCrypto.m in Sources */ = {isa = PBXBuildFile; fileRef = 8A783E91142B8DCA0058BFFB /* NSData+PSCommonCrypto.m */; };
		8A783F44142B8DCA0058BFFB /* NSData+PSZlib.m in Sources */ = {isa = PBXBuildFile; fileRef = 8A783E93142B8DCA0058BFFB /* NSData+PSZlib.m */; };
		8A783F45142B8DCA0058BFFB /* NSDate+PSFoundation.m in Sources */ = {isa = PBXBuildFile; fileRef = 8A783E96142B8DCA0058BFFB /* NSDate+PSFoundation.m */; };
		8A783F46142B8DCA0058BFFB /* NSDictionary+PSFoundation.m in Sources */ = {isa = PBXBuildFile; fileRef = 8A783E99142B8DCA0058BFFB /* NSDictionary+PSFoundation.m */; };
		8A783F47142B8DCA0058BFFB /* NSError+SCMethods.m in Sources */ = {isa = PBXBuildFile; fileRef = 8A783E9C142B8DCA0058BFFB /* NSError+SCMethods.m */; };
		8A783F48142B8DCA0058BFFB /* NSFileManager+PSFoundation.m in Sources */ = {isa = PBXBuildFile; fileRef = 8A783E9F142B8DCA0058BFFB /* NSFileManager+PSFoundation.m */; };
		8A783F49142B8DCA0058BFFB /* NSNotification+PSFoundation.m in Sources */ = {isa = PBXBuildFile; fileRef = 8A783EA2142B8DCA0058BFFB /* NSNotification+PSFoundation.m */; };
		8A783F4A142B8DCA0058BFFB /* NSNumber+PSFoundation.m in Sources */ = {isa = PBXBuildFile; fileRef = 8A783EA5142B8DCA0058BFFB /* NSNumber+PSFoundation.m */; };
		8A783F4B142B8DCA0058BFFB /* NSObject+AutoDescription.m in Sources */ = {isa = PBXBuildFile; fileRef = 8A783EA8142B8DCA0058BFFB /* NSObject+AutoDescription.m */; };
		8A783F4C142B8DCA0058BFFB /* NSObject+Swizzle.m in Sources */ = {isa = PBXBuildFile; fileRef = 8A783EAA142B8DCA0058BFFB /* NSObject+Swizzle.m */; };
		8A783F4D142B8DCA0058BFFB /* NSObject+Utilities.m in Sources */ = {isa = PBXBuildFile; fileRef = 8A783EAC142B8DCA0058BFFB /* NSObject+Utilities.m */; };
		8A783F4E142B8DCA0058BFFB /* NSOperationQueue+CWSharedQueue.m in Sources */ = {isa = PBXBuildFile; fileRef = 8A783EAF142B8DCA0058BFFB /* NSOperationQueue+CWSharedQueue.m */; };
		8A783F4F142B8DCA0058BFFB /* NSSet+PSFoundation.m in Sources */ = {isa = PBXBuildFile; fileRef = 8A783EB2142B8DCA0058BFFB /* NSSet+PSFoundation.m */; };
		8A783F50142B8DCA0058BFFB /* NSString+Conversion.m in Sources */ = {isa = PBXBuildFile; fileRef = 8A783EB5142B8DCA0058BFFB /* NSString+Conversion.m */; };
		8A783F51142B8DCA0058BFFB /* NSString+HTML.m in Sources */ = {isa = PBXBuildFile; fileRef = 8A783EB7142B8DCA0058BFFB /* NSString+HTML.m */; };
		8A783F52142B8DCA0058BFFB /* NSString+InflectionSupport.m in Sources */ = {isa = PBXBuildFile; fileRef = 8A783EB9142B8DCA0058BFFB /* NSString+InflectionSupport.m */; };
		8A783F53142B8DCA0058BFFB /* NSString+PSFoundation.m in Sources */ = {isa = PBXBuildFile; fileRef = 8A783EBB142B8DCA0058BFFB /* NSString+PSFoundation.m */; };
		8A783F54142B8DCA0058BFFB /* NSString+Replacement.m in Sources */ = {isa = PBXBuildFile; fileRef = 8A783EBD142B8DCA0058BFFB /* NSString+Replacement.m */; };
		8A783F55142B8DCA0058BFFB /* NSString+URL.m in Sources */ = {isa = PBXBuildFile; fileRef = 8A783EBF142B8DCA0058BFFB /* NSString+URL.m */; };
		8A783F56142B8DCA0058BFFB /* NSURL+PSFoundation.m in Sources */ = {isa = PBXBuildFile; fileRef = 8A783EC2142B8DCA0058BFFB /* NSURL+PSFoundation.m */; };
		8A783F57142B8DCA0058BFFB /* NSManagedObject+PSAutoDescription.m in Sources */ = {isa = PBXBuildFile; fileRef = 8A783EC5142B8DCA0058BFFB /* NSManagedObject+PSAutoDescription.m */; };
		8A783F58142B8DCA0058BFFB /* NSManagedObject+PSSafeSetValues.m in Sources */ = {isa = PBXBuildFile; fileRef = 8A783EC7142B8DCA0058BFFB /* NSManagedObject+PSSafeSetValues.m */; };
		8A783F59142B8DCA0058BFFB /* NSManagedObjectContext+PSURIFetch.m in Sources */ = {isa = PBXBuildFile; fileRef = 8A783EC9142B8DCA0058BFFB /* NSManagedObjectContext+PSURIFetch.m */; };
		8A783F5A142B8DCA0058BFFB /* NSArray+BlocksKit.m in Sources */ = {isa = PBXBuildFile; fileRef = 8A783EE0142B8DCA0058BFFB /* NSArray+BlocksKit.m */; };
		8A783F5B142B8DCA0058BFFB /* NSDictionary+BlocksKit.m in Sources */ = {isa = PBXBuildFile; fileRef = 8A783EE2142B8DCA0058BFFB /* NSDictionary+BlocksKit.m */; };
		8A783F5C142B8DCA0058BFFB /* NSIndexSet+BlocksKit.m in Sources */ = {isa = PBXBuildFile; fileRef = 8A783EE4142B8DCA0058BFFB /* NSIndexSet+BlocksKit.m */; };
		8A783F5D142B8DCA0058BFFB /* NSInvocation+BlocksKit.m in Sources */ = {isa = PBXBuildFile; fileRef = 8A783EE6142B8DCA0058BFFB /* NSInvocation+BlocksKit.m */; };
		8A783F5E142B8DCA0058BFFB /* NSMutableArray+BlocksKit.m in Sources */ = {isa = PBXBuildFile; fileRef = 8A783EE8142B8DCA0058BFFB /* NSMutableArray+BlocksKit.m */; };
		8A783F5F142B8DCA0058BFFB /* NSMutableDictionary+BlocksKit.m in Sources */ = {isa = PBXBuildFile; fileRef = 8A783EEA142B8DCA0058BFFB /* NSMutableDictionary+BlocksKit.m */; };
		8A783F60142B8DCA0058BFFB /* NSMutableIndexSet+BlocksKit.m in Sources */ = {isa = PBXBuildFile; fileRef = 8A783EEC142B8DCA0058BFFB /* NSMutableIndexSet+BlocksKit.m */; };
		8A783F61142B8DCA0058BFFB /* NSMutableSet+BlocksKit.m in Sources */ = {isa = PBXBuildFile; fileRef = 8A783EEE142B8DCA0058BFFB /* NSMutableSet+BlocksKit.m */; };
		8A783F62142B8DCA0058BFFB /* NSObject+AssociatedObjects.m in Sources */ = {isa = PBXBuildFile; fileRef = 8A783EF0142B8DCA0058BFFB /* NSObject+AssociatedObjects.m */; };
		8A783F63142B8DCA0058BFFB /* NSObject+BlockObservation.m in Sources */ = {isa = PBXBuildFile; fileRef = 8A783EF2142B8DCA0058BFFB /* NSObject+BlockObservation.m */; };
		8A783F64142B8DCA0058BFFB /* NSObject+BlocksKit.m in Sources */ = {isa = PBXBuildFile; fileRef = 8A783EF4142B8DCA0058BFFB /* NSObject+BlocksKit.m */; };
		8A783F65142B8DCA0058BFFB /* NSSet+BlocksKit.m in Sources */ = {isa = PBXBuildFile; fileRef = 8A783EF6142B8DCA0058BFFB /* NSSet+BlocksKit.m */; };
		8A783F66142B8DCA0058BFFB /* NSTimer+BlocksKit.m in Sources */ = {isa = PBXBuildFile; fileRef = 8A783EF8142B8DCA0058BFFB /* NSTimer+BlocksKit.m */; };
		8A783F67142B8DCA0058BFFB /* UIActionSheet+BlocksKit.m in Sources */ = {isa = PBXBuildFile; fileRef = 8A783EFA142B8DCA0058BFFB /* UIActionSheet+BlocksKit.m */; };
		8A783F68142B8DCA0058BFFB /* UIAlertView+BlocksKit.m in Sources */ = {isa = PBXBuildFile; fileRef = 8A783EFC142B8DCA0058BFFB /* UIAlertView+BlocksKit.m */; };
		8A783F69142B8DCA0058BFFB /* UIBarButtonItem+BlocksKit.m in Sources */ = {isa = PBXBuildFile; fileRef = 8A783EFE142B8DCA0058BFFB /* UIBarButtonItem+BlocksKit.m */; };
		8A783F6A142B8DCA0058BFFB /* UIControl+BlocksKit.m in Sources */ = {isa = PBXBuildFile; fileRef = 8A783F00142B8DCA0058BFFB /* UIControl+BlocksKit.m */; };
		8A783F6B142B8DCA0058BFFB /* UIGestureRecognizer+BlocksKit.m in Sources */ = {isa = PBXBuildFile; fileRef = 8A783F02142B8DCA0058BFFB /* UIGestureRecognizer+BlocksKit.m */; };
		8A783F6C142B8DCA0058BFFB /* UIView+BlocksKit.m in Sources */ = {isa = PBXBuildFile; fileRef = 8A783F04142B8DCA0058BFFB /* UIView+BlocksKit.m */; };
		8A783F6D142B8DCA0058BFFB /* UIWebView+BlocksKit.m in Sources */ = {isa = PBXBuildFile; fileRef = 8A783F06142B8DCA0058BFFB /* UIWebView+BlocksKit.m */; };
		8A783F6E142B8DCA0058BFFB /* DDAbstractDatabaseLogger.m in Sources */ = {isa = PBXBuildFile; fileRef = 8A783F18142B8DCA0058BFFB /* DDAbstractDatabaseLogger.m */; };
		8A783F6F142B8DCA0058BFFB /* DDASLLogger.m in Sources */ = {isa = PBXBuildFile; fileRef = 8A783F1A142B8DCA0058BFFB /* DDASLLogger.m */; };
		8A783F70142B8DCA0058BFFB /* DDFileLogger.m in Sources */ = {isa = PBXBuildFile; fileRef = 8A783F1C142B8DCA0058BFFB /* DDFileLogger.m */; };
		8A783F71142B8DCA0058BFFB /* DDLog.m in Sources */ = {isa = PBXBuildFile; fileRef = 8A783F1E142B8DCA0058BFFB /* DDLog.m */; };
		8A783F72142B8DCA0058BFFB /* DDTTYLogger.m in Sources */ = {isa = PBXBuildFile; fileRef = 8A783F20142B8DCA0058BFFB /* DDTTYLogger.m */; };
		8A783F73142B8DCA0058BFFB /* DDInvocationGrabber.m in Sources */ = {isa = PBXBuildFile; fileRef = 8A783F23142B8DCA0058BFFB /* DDInvocationGrabber.m */; };
		8A783F74142B8DCA0058BFFB /* NSObject+DDExtensions.m in Sources */ = {isa = PBXBuildFile; fileRef = 8A783F25142B8DCA0058BFFB /* NSObject+DDExtensions.m */; };
		8A783F75142B8DCA0058BFFB /* NSObject+Proxy.m in Sources */ = {isa = PBXBuildFile; fileRef = 8A783F27142B8DCA0058BFFB /* NSObject+Proxy.m */; };
		8A783F76142B8DCA0058BFFB /* PSKeychain.m in Sources */ = {isa = PBXBuildFile; fileRef = 8A783F2A142B8DCA0058BFFB /* PSKeychain.m */; };
		8A783F77142B8DCA0058BFFB /* ColorLog.m in Sources */ = {isa = PBXBuildFile; fileRef = 8A783F2D142B8DCA0058BFFB /* ColorLog.m */; };
		8A783F78142B8DCA0058BFFB /* PSDDFormatter.m in Sources */ = {isa = PBXBuildFile; fileRef = 8A783F2F142B8DCA0058BFFB /* PSDDFormatter.m */; };
		8A783F79142B8DCA0058BFFB /* PSFoundation+Logging.m in Sources */ = {isa = PBXBuildFile; fileRef = 8A783F31142B8DCA0058BFFB /* PSFoundation+Logging.m */; };
		8A783F7A142B8DCA0058BFFB /* Reachability.m in Sources */ = {isa = PBXBuildFile; fileRef = 8A783F3D142B8DCA0058BFFB /* Reachability.m */; };
/* End PBXBuildFile section */

/* Begin PBXFileReference section */
		8A3F48AD140C1D3C00FBF35C /* IFAppTemplate.app */ = {isa = PBXFileReference; explicitFileType = wrapper.application; includeInIndex = 0; path = IFAppTemplate.app; sourceTree = BUILT_PRODUCTS_DIR; };
		8A3F48B1140C1D3C00FBF35C /* UIKit.framework */ = {isa = PBXFileReference; lastKnownFileType = wrapper.framework; name = UIKit.framework; path = System/Library/Frameworks/UIKit.framework; sourceTree = SDKROOT; };
		8A3F48B3140C1D3C00FBF35C /* Foundation.framework */ = {isa = PBXFileReference; lastKnownFileType = wrapper.framework; name = Foundation.framework; path = System/Library/Frameworks/Foundation.framework; sourceTree = SDKROOT; };
		8A3F48B5140C1D3C00FBF35C /* CoreGraphics.framework */ = {isa = PBXFileReference; lastKnownFileType = wrapper.framework; name = CoreGraphics.framework; path = System/Library/Frameworks/CoreGraphics.framework; sourceTree = SDKROOT; };
		8A3F48B7140C1D3C00FBF35C /* CoreData.framework */ = {isa = PBXFileReference; lastKnownFileType = wrapper.framework; name = CoreData.framework; path = System/Library/Frameworks/CoreData.framework; sourceTree = SDKROOT; };
		8A3F48DA140C327200FBF35C /* Security.framework */ = {isa = PBXFileReference; lastKnownFileType = wrapper.framework; name = Security.framework; path = System/Library/Frameworks/Security.framework; sourceTree = SDKROOT; };
		8A3F48DC140C327B00FBF35C /* AudioToolbox.framework */ = {isa = PBXFileReference; lastKnownFileType = wrapper.framework; name = AudioToolbox.framework; path = System/Library/Frameworks/AudioToolbox.framework; sourceTree = SDKROOT; };
		8A3F48DE140C328100FBF35C /* ImageIO.framework */ = {isa = PBXFileReference; lastKnownFileType = wrapper.framework; name = ImageIO.framework; path = System/Library/Frameworks/ImageIO.framework; sourceTree = SDKROOT; };
		8A3F48E0140C328B00FBF35C /* SystemConfiguration.framework */ = {isa = PBXFileReference; lastKnownFileType = wrapper.framework; name = SystemConfiguration.framework; path = System/Library/Frameworks/SystemConfiguration.framework; sourceTree = SDKROOT; };
		8A3F48E2140C329200FBF35C /* MobileCoreServices.framework */ = {isa = PBXFileReference; lastKnownFileType = wrapper.framework; name = MobileCoreServices.framework; path = System/Library/Frameworks/MobileCoreServices.framework; sourceTree = SDKROOT; };
		8A3F48E4140C329C00FBF35C /* CoreLocation.framework */ = {isa = PBXFileReference; lastKnownFileType = wrapper.framework; name = CoreLocation.framework; path = System/Library/Frameworks/CoreLocation.framework; sourceTree = SDKROOT; };
		8A3F48E6140C32A600FBF35C /* MediaPlayer.framework */ = {isa = PBXFileReference; lastKnownFileType = wrapper.framework; name = MediaPlayer.framework; path = System/Library/Frameworks/MediaPlayer.framework; sourceTree = SDKROOT; };
		8A3F48E8140C32AB00FBF35C /* QuartzCore.framework */ = {isa = PBXFileReference; lastKnownFileType = wrapper.framework; name = QuartzCore.framework; path = System/Library/Frameworks/QuartzCore.framework; sourceTree = SDKROOT; };
		8A3F48EA140C32B500FBF35C /* AVFoundation.framework */ = {isa = PBXFileReference; lastKnownFileType = wrapper.framework; name = AVFoundation.framework; path = System/Library/Frameworks/AVFoundation.framework; sourceTree = SDKROOT; };
		8A3F48EC140C32BD00FBF35C /* CFNetwork.framework */ = {isa = PBXFileReference; lastKnownFileType = wrapper.framework; name = CFNetwork.framework; path = System/Library/Frameworks/CFNetwork.framework; sourceTree = SDKROOT; };
		8A3F48EE140C32D000FBF35C /* libxml2.2.7.3.dylib */ = {isa = PBXFileReference; lastKnownFileType = "compiled.mach-o.dylib"; name = libxml2.2.7.3.dylib; path = usr/lib/libxml2.2.7.3.dylib; sourceTree = SDKROOT; };
		8A3F48F0140C32DB00FBF35C /* libz.1.2.3.dylib */ = {isa = PBXFileReference; lastKnownFileType = "compiled.mach-o.dylib"; name = libz.1.2.3.dylib; path = usr/lib/libz.1.2.3.dylib; sourceTree = SDKROOT; };
		8A3F48FD140C335000FBF35C /* App.h */ = {isa = PBXFileReference; fileEncoding = 4; lastKnownFileType = sourcecode.c.h; path = App.h; sourceTree = "<group>"; };
		8A3F48FE140C335000FBF35C /* App.m */ = {isa = PBXFileReference; fileEncoding = 4; lastKnownFileType = sourcecode.c.objc; path = App.m; sourceTree = "<group>"; };
		8A3F48FF140C335000FBF35C /* AppDefines.h */ = {isa = PBXFileReference; fileEncoding = 4; lastKnownFileType = sourcecode.c.h; path = AppDefines.h; sourceTree = "<group>"; };
		8A3F4900140C335000FBF35C /* AppDelegate.h */ = {isa = PBXFileReference; fileEncoding = 4; lastKnownFileType = sourcecode.c.h; path = AppDelegate.h; sourceTree = "<group>"; };
		8A3F4901140C335000FBF35C /* AppDelegate.m */ = {isa = PBXFileReference; fileEncoding = 4; lastKnownFileType = sourcecode.c.objc; path = AppDelegate.m; sourceTree = "<group>"; };
		8A3F4903140C335000FBF35C /* MainWindow.xib */ = {isa = PBXFileReference; fileEncoding = 4; lastKnownFileType = file.xib; path = MainWindow.xib; sourceTree = "<group>"; };
		8A3F4904140C335000FBF35C /* RootViewController.h */ = {isa = PBXFileReference; fileEncoding = 4; lastKnownFileType = sourcecode.c.h; path = RootViewController.h; sourceTree = "<group>"; };
		8A3F4905140C335000FBF35C /* RootViewController.m */ = {isa = PBXFileReference; fileEncoding = 4; lastKnownFileType = sourcecode.c.objc; path = RootViewController.m; sourceTree = "<group>"; };
		8A3F4906140C335000FBF35C /* RootViewController.xib */ = {isa = PBXFileReference; fileEncoding = 4; lastKnownFileType = file.xib; path = RootViewController.xib; sourceTree = "<group>"; };
		8A3F4935140C335000FBF35C /* ASIAuthenticationDialog.h */ = {isa = PBXFileReference; fileEncoding = 4; lastKnownFileType = sourcecode.c.h; path = ASIAuthenticationDialog.h; sourceTree = "<group>"; };
		8A3F4936140C335000FBF35C /* ASIAuthenticationDialog.m */ = {isa = PBXFileReference; fileEncoding = 4; lastKnownFileType = sourcecode.c.objc; path = ASIAuthenticationDialog.m; sourceTree = "<group>"; };
		8A3F4937140C335000FBF35C /* ASICacheDelegate.h */ = {isa = PBXFileReference; fileEncoding = 4; lastKnownFileType = sourcecode.c.h; path = ASICacheDelegate.h; sourceTree = "<group>"; };
		8A3F4938140C335000FBF35C /* ASIDataCompressor.h */ = {isa = PBXFileReference; fileEncoding = 4; lastKnownFileType = sourcecode.c.h; path = ASIDataCompressor.h; sourceTree = "<group>"; };
		8A3F4939140C335000FBF35C /* ASIDataCompressor.m */ = {isa = PBXFileReference; fileEncoding = 4; lastKnownFileType = sourcecode.c.objc; path = ASIDataCompressor.m; sourceTree = "<group>"; };
		8A3F493A140C335000FBF35C /* ASIDataDecompressor.h */ = {isa = PBXFileReference; fileEncoding = 4; lastKnownFileType = sourcecode.c.h; path = ASIDataDecompressor.h; sourceTree = "<group>"; };
		8A3F493B140C335000FBF35C /* ASIDataDecompressor.m */ = {isa = PBXFileReference; fileEncoding = 4; lastKnownFileType = sourcecode.c.objc; path = ASIDataDecompressor.m; sourceTree = "<group>"; };
		8A3F493C140C335000FBF35C /* ASIDownloadCache.h */ = {isa = PBXFileReference; fileEncoding = 4; lastKnownFileType = sourcecode.c.h; path = ASIDownloadCache.h; sourceTree = "<group>"; };
		8A3F493D140C335000FBF35C /* ASIDownloadCache.m */ = {isa = PBXFileReference; fileEncoding = 4; lastKnownFileType = sourcecode.c.objc; path = ASIDownloadCache.m; sourceTree = "<group>"; };
		8A3F493E140C335000FBF35C /* ASIFormDataRequest.h */ = {isa = PBXFileReference; fileEncoding = 4; lastKnownFileType = sourcecode.c.h; path = ASIFormDataRequest.h; sourceTree = "<group>"; };
		8A3F493F140C335000FBF35C /* ASIFormDataRequest.m */ = {isa = PBXFileReference; fileEncoding = 4; lastKnownFileType = sourcecode.c.objc; path = ASIFormDataRequest.m; sourceTree = "<group>"; };
		8A3F4940140C335000FBF35C /* ASIHTTPRequest.h */ = {isa = PBXFileReference; fileEncoding = 4; lastKnownFileType = sourcecode.c.h; path = ASIHTTPRequest.h; sourceTree = "<group>"; };
		8A3F4941140C335000FBF35C /* ASIHTTPRequest.m */ = {isa = PBXFileReference; fileEncoding = 4; lastKnownFileType = sourcecode.c.objc; path = ASIHTTPRequest.m; sourceTree = "<group>"; };
		8A3F4942140C335000FBF35C /* ASIHTTPRequestConfig.h */ = {isa = PBXFileReference; fileEncoding = 4; lastKnownFileType = sourcecode.c.h; path = ASIHTTPRequestConfig.h; sourceTree = "<group>"; };
		8A3F4943140C335000FBF35C /* ASIHTTPRequestDelegate.h */ = {isa = PBXFileReference; fileEncoding = 4; lastKnownFileType = sourcecode.c.h; path = ASIHTTPRequestDelegate.h; sourceTree = "<group>"; };
		8A3F4944140C335000FBF35C /* ASIInputStream.h */ = {isa = PBXFileReference; fileEncoding = 4; lastKnownFileType = sourcecode.c.h; path = ASIInputStream.h; sourceTree = "<group>"; };
		8A3F4945140C335000FBF35C /* ASIInputStream.m */ = {isa = PBXFileReference; fileEncoding = 4; lastKnownFileType = sourcecode.c.objc; path = ASIInputStream.m; sourceTree = "<group>"; };
		8A3F4946140C335000FBF35C /* ASINetworkQueue.h */ = {isa = PBXFileReference; fileEncoding = 4; lastKnownFileType = sourcecode.c.h; path = ASINetworkQueue.h; sourceTree = "<group>"; };
		8A3F4947140C335000FBF35C /* ASINetworkQueue.m */ = {isa = PBXFileReference; fileEncoding = 4; lastKnownFileType = sourcecode.c.objc; path = ASINetworkQueue.m; sourceTree = "<group>"; };
		8A3F4948140C335000FBF35C /* ASIProgressDelegate.h */ = {isa = PBXFileReference; fileEncoding = 4; lastKnownFileType = sourcecode.c.h; path = ASIProgressDelegate.h; sourceTree = "<group>"; };
		8A3F49D0140C335000FBF35C /* FlurryAPI.h */ = {isa = PBXFileReference; fileEncoding = 4; lastKnownFileType = sourcecode.c.h; path = FlurryAPI.h; sourceTree = "<group>"; };
		8A3F49D1140C335000FBF35C /* libFlurry.a */ = {isa = PBXFileReference; lastKnownFileType = archive.ar; path = libFlurry.a; sourceTree = "<group>"; };
		8A3F49FE140C335000FBF35C /* JSONKit.h */ = {isa = PBXFileReference; fileEncoding = 4; lastKnownFileType = sourcecode.c.h; path = JSONKit.h; sourceTree = "<group>"; };
		8A3F49FF140C335000FBF35C /* JSONKit.m */ = {isa = PBXFileReference; fileEncoding = 4; lastKnownFileType = sourcecode.c.objc; path = JSONKit.m; sourceTree = "<group>"; };
		8A3F522D140C335700FBF35C /* en */ = {isa = PBXFileReference; lastKnownFileType = text.plist.strings; name = en; path = en.lproj/InfoPlist.strings; sourceTree = "<group>"; };
		8A3F522E140C335700FBF35C /* Info.plist */ = {isa = PBXFileReference; fileEncoding = 4; lastKnownFileType = text.plist.xml; path = Info.plist; sourceTree = "<group>"; };
		8A3F522F140C335700FBF35C /* main.m */ = {isa = PBXFileReference; fileEncoding = 4; lastKnownFileType = sourcecode.c.objc; path = main.m; sourceTree = "<group>"; };
		8A3F5230140C335700FBF35C /* Prefix.pch */ = {isa = PBXFileReference; fileEncoding = 4; lastKnownFileType = sourcecode.c.h; path = Prefix.pch; sourceTree = "<group>"; };
		8A3F5867140C34E000FBF35C /* libPSFoundation-CoreData.a */ = {isa = PBXFileReference; explicitFileType = archive.ar; path = "libPSFoundation-CoreData.a"; sourceTree = BUILT_PRODUCTS_DIR; };
		8A3F5868140C34E000FBF35C /* libPSFoundation-UIKit.a */ = {isa = PBXFileReference; explicitFileType = archive.ar; path = "libPSFoundation-UIKit.a"; sourceTree = SOURCE_ROOT; };
		8A3F5869140C34E000FBF35C /* libPSFoundation.a */ = {isa = PBXFileReference; explicitFileType = archive.ar; path = libPSFoundation.a; sourceTree = BUILT_PRODUCTS_DIR; };
		8A783E83142B8DC90058BFFB /* TPAutoArchiver.h */ = {isa = PBXFileReference; fileEncoding = 4; lastKnownFileType = sourcecode.c.h; path = TPAutoArchiver.h; sourceTree = "<group>"; };
		8A783E84142B8DC90058BFFB /* TPAutoArchiver.m */ = {isa = PBXFileReference; fileEncoding = 4; lastKnownFileType = sourcecode.c.objc; path = TPAutoArchiver.m; sourceTree = "<group>"; };
		8A783E87142B8DC90058BFFB /* NSArray+Filtering.h */ = {isa = PBXFileReference; fileEncoding = 4; lastKnownFileType = sourcecode.c.h; path = "NSArray+Filtering.h"; sourceTree = "<group>"; };
		8A783E88142B8DC90058BFFB /* NSArray+Filtering.m */ = {isa = PBXFileReference; fileEncoding = 4; lastKnownFileType = sourcecode.c.objc; path = "NSArray+Filtering.m"; sourceTree = "<group>"; };
		8A783E89142B8DC90058BFFB /* NSArray+PSFoundation.h */ = {isa = PBXFileReference; fileEncoding = 4; lastKnownFileType = sourcecode.c.h; path = "NSArray+PSFoundation.h"; sourceTree = "<group>"; };
		8A783E8A142B8DC90058BFFB /* NSArray+PSFoundation.m */ = {isa = PBXFileReference; fileEncoding = 4; lastKnownFileType = sourcecode.c.objc; path = "NSArray+PSFoundation.m"; sourceTree = "<group>"; };
		8A783E8B142B8DC90058BFFB /* NSMutableArray+PSFoundation.h */ = {isa = PBXFileReference; fileEncoding = 4; lastKnownFileType = sourcecode.c.h; path = "NSMutableArray+PSFoundation.h"; sourceTree = "<group>"; };
		8A783E8C142B8DC90058BFFB /* NSMutableArray+PSFoundation.m */ = {isa = PBXFileReference; fileEncoding = 4; lastKnownFileType = sourcecode.c.objc; path = "NSMutableArray+PSFoundation.m"; sourceTree = "<group>"; };
		8A783E8E142B8DCA0058BFFB /* NSData+PSBase64.h */ = {isa = PBXFileReference; fileEncoding = 4; lastKnownFileType = sourcecode.c.h; path = "NSData+PSBase64.h"; sourceTree = "<group>"; };
		8A783E8F142B8DCA0058BFFB /* NSData+PSBase64.m */ = {isa = PBXFileReference; fileEncoding = 4; lastKnownFileType = sourcecode.c.objc; path = "NSData+PSBase64.m"; sourceTree = "<group>"; };
		8A783E90142B8DCA0058BFFB /* NSData+PSCommonCrypto.h */ = {isa = PBXFileReference; fileEncoding = 4; lastKnownFileType = sourcecode.c.h; path = "NSData+PSCommonCrypto.h"; sourceTree = "<group>"; };
		8A783E91142B8DCA0058BFFB /* NSData+PSCommonCrypto.m */ = {isa = PBXFileReference; fileEncoding = 4; lastKnownFileType = sourcecode.c.objc; path = "NSData+PSCommonCrypto.m"; sourceTree = "<group>"; };
		8A783E92142B8DCA0058BFFB /* NSData+PSZlib.h */ = {isa = PBXFileReference; fileEncoding = 4; lastKnownFileType = sourcecode.c.h; path = "NSData+PSZlib.h"; sourceTree = "<group>"; };
		8A783E93142B8DCA0058BFFB /* NSData+PSZlib.m */ = {isa = PBXFileReference; fileEncoding = 4; lastKnownFileType = sourcecode.c.objc; path = "NSData+PSZlib.m"; sourceTree = "<group>"; };
		8A783E95142B8DCA0058BFFB /* NSDate+PSFoundation.h */ = {isa = PBXFileReference; fileEncoding = 4; lastKnownFileType = sourcecode.c.h; path = "NSDate+PSFoundation.h"; sourceTree = "<group>"; };
		8A783E96142B8DCA0058BFFB /* NSDate+PSFoundation.m */ = {isa = PBXFileReference; fileEncoding = 4; lastKnownFileType = sourcecode.c.objc; path = "NSDate+PSFoundation.m"; sourceTree = "<group>"; };
		8A783E98142B8DCA0058BFFB /* NSDictionary+PSFoundation.h */ = {isa = PBXFileReference; fileEncoding = 4; lastKnownFileType = sourcecode.c.h; path = "NSDictionary+PSFoundation.h"; sourceTree = "<group>"; };
		8A783E99142B8DCA0058BFFB /* NSDictionary+PSFoundation.m */ = {isa = PBXFileReference; fileEncoding = 4; lastKnownFileType = sourcecode.c.objc; path = "NSDictionary+PSFoundation.m"; sourceTree = "<group>"; };
		8A783E9B142B8DCA0058BFFB /* NSError+SCMethods.h */ = {isa = PBXFileReference; fileEncoding = 4; lastKnownFileType = sourcecode.c.h; path = "NSError+SCMethods.h"; sourceTree = "<group>"; };
		8A783E9C142B8DCA0058BFFB /* NSError+SCMethods.m */ = {isa = PBXFileReference; fileEncoding = 4; lastKnownFileType = sourcecode.c.objc; path = "NSError+SCMethods.m"; sourceTree = "<group>"; };
		8A783E9E142B8DCA0058BFFB /* NSFileManager+PSFoundation.h */ = {isa = PBXFileReference; fileEncoding = 4; lastKnownFileType = sourcecode.c.h; path = "NSFileManager+PSFoundation.h"; sourceTree = "<group>"; };
		8A783E9F142B8DCA0058BFFB /* NSFileManager+PSFoundation.m */ = {isa = PBXFileReference; fileEncoding = 4; lastKnownFileType = sourcecode.c.objc; path = "NSFileManager+PSFoundation.m"; sourceTree = "<group>"; };
		8A783EA1142B8DCA0058BFFB /* NSNotification+PSFoundation.h */ = {isa = PBXFileReference; fileEncoding = 4; lastKnownFileType = sourcecode.c.h; path = "NSNotification+PSFoundation.h"; sourceTree = "<group>"; };
		8A783EA2142B8DCA0058BFFB /* NSNotification+PSFoundation.m */ = {isa = PBXFileReference; fileEncoding = 4; lastKnownFileType = sourcecode.c.objc; path = "NSNotification+PSFoundation.m"; sourceTree = "<group>"; };
		8A783EA4142B8DCA0058BFFB /* NSNumber+PSFoundation.h */ = {isa = PBXFileReference; fileEncoding = 4; lastKnownFileType = sourcecode.c.h; path = "NSNumber+PSFoundation.h"; sourceTree = "<group>"; };
		8A783EA5142B8DCA0058BFFB /* NSNumber+PSFoundation.m */ = {isa = PBXFileReference; fileEncoding = 4; lastKnownFileType = sourcecode.c.objc; path = "NSNumber+PSFoundation.m"; sourceTree = "<group>"; };
		8A783EA7142B8DCA0058BFFB /* NSObject+AutoDescription.h */ = {isa = PBXFileReference; fileEncoding = 4; lastKnownFileType = sourcecode.c.h; path = "NSObject+AutoDescription.h"; sourceTree = "<group>"; };
		8A783EA8142B8DCA0058BFFB /* NSObject+AutoDescription.m */ = {isa = PBXFileReference; fileEncoding = 4; lastKnownFileType = sourcecode.c.objc; path = "NSObject+AutoDescription.m"; sourceTree = "<group>"; };
		8A783EA9142B8DCA0058BFFB /* NSObject+Swizzle.h */ = {isa = PBXFileReference; fileEncoding = 4; lastKnownFileType = sourcecode.c.h; path = "NSObject+Swizzle.h"; sourceTree = "<group>"; };
		8A783EAA142B8DCA0058BFFB /* NSObject+Swizzle.m */ = {isa = PBXFileReference; fileEncoding = 4; lastKnownFileType = sourcecode.c.objc; path = "NSObject+Swizzle.m"; sourceTree = "<group>"; };
		8A783EAB142B8DCA0058BFFB /* NSObject+Utilities.h */ = {isa = PBXFileReference; fileEncoding = 4; lastKnownFileType = sourcecode.c.h; path = "NSObject+Utilities.h"; sourceTree = "<group>"; };
		8A783EAC142B8DCA0058BFFB /* NSObject+Utilities.m */ = {isa = PBXFileReference; fileEncoding = 4; lastKnownFileType = sourcecode.c.objc; path = "NSObject+Utilities.m"; sourceTree = "<group>"; };
		8A783EAE142B8DCA0058BFFB /* NSOperationQueue+CWSharedQueue.h */ = {isa = PBXFileReference; fileEncoding = 4; lastKnownFileType = sourcecode.c.h; path = "NSOperationQueue+CWSharedQueue.h"; sourceTree = "<group>"; };
		8A783EAF142B8DCA0058BFFB /* NSOperationQueue+CWSharedQueue.m */ = {isa = PBXFileReference; fileEncoding = 4; lastKnownFileType = sourcecode.c.objc; path = "NSOperationQueue+CWSharedQueue.m"; sourceTree = "<group>"; };
		8A783EB1142B8DCA0058BFFB /* NSSet+PSFoundation.h */ = {isa = PBXFileReference; fileEncoding = 4; lastKnownFileType = sourcecode.c.h; path = "NSSet+PSFoundation.h"; sourceTree = "<group>"; };
		8A783EB2142B8DCA0058BFFB /* NSSet+PSFoundation.m */ = {isa = PBXFileReference; fileEncoding = 4; lastKnownFileType = sourcecode.c.objc; path = "NSSet+PSFoundation.m"; sourceTree = "<group>"; };
		8A783EB4142B8DCA0058BFFB /* NSString+Conversion.h */ = {isa = PBXFileReference; fileEncoding = 4; lastKnownFileType = sourcecode.c.h; path = "NSString+Conversion.h"; sourceTree = "<group>"; };
		8A783EB5142B8DCA0058BFFB /* NSString+Conversion.m */ = {isa = PBXFileReference; fileEncoding = 4; lastKnownFileType = sourcecode.c.objc; path = "NSString+Conversion.m"; sourceTree = "<group>"; };
		8A783EB6142B8DCA0058BFFB /* NSString+HTML.h */ = {isa = PBXFileReference; fileEncoding = 4; lastKnownFileType = sourcecode.c.h; path = "NSString+HTML.h"; sourceTree = "<group>"; };
		8A783EB7142B8DCA0058BFFB /* NSString+HTML.m */ = {isa = PBXFileReference; fileEncoding = 4; lastKnownFileType = sourcecode.c.objc; path = "NSString+HTML.m"; sourceTree = "<group>"; };
		8A783EB8142B8DCA0058BFFB /* NSString+InflectionSupport.h */ = {isa = PBXFileReference; fileEncoding = 4; lastKnownFileType = sourcecode.c.h; path = "NSString+InflectionSupport.h"; sourceTree = "<group>"; };
		8A783EB9142B8DCA0058BFFB /* NSString+InflectionSupport.m */ = {isa = PBXFileReference; fileEncoding = 4; lastKnownFileType = sourcecode.c.objc; path = "NSString+InflectionSupport.m"; sourceTree = "<group>"; };
		8A783EBA142B8DCA0058BFFB /* NSString+PSFoundation.h */ = {isa = PBXFileReference; fileEncoding = 4; lastKnownFileType = sourcecode.c.h; path = "NSString+PSFoundation.h"; sourceTree = "<group>"; };
		8A783EBB142B8DCA0058BFFB /* NSString+PSFoundation.m */ = {isa = PBXFileReference; fileEncoding = 4; lastKnownFileType = sourcecode.c.objc; path = "NSString+PSFoundation.m"; sourceTree = "<group>"; };
		8A783EBC142B8DCA0058BFFB /* NSString+Replacement.h */ = {isa = PBXFileReference; fileEncoding = 4; lastKnownFileType = sourcecode.c.h; path = "NSString+Replacement.h"; sourceTree = "<group>"; };
		8A783EBD142B8DCA0058BFFB /* NSString+Replacement.m */ = {isa = PBXFileReference; fileEncoding = 4; lastKnownFileType = sourcecode.c.objc; path = "NSString+Replacement.m"; sourceTree = "<group>"; };
		8A783EBE142B8DCA0058BFFB /* NSString+URL.h */ = {isa = PBXFileReference; fileEncoding = 4; lastKnownFileType = sourcecode.c.h; path = "NSString+URL.h"; sourceTree = "<group>"; };
		8A783EBF142B8DCA0058BFFB /* NSString+URL.m */ = {isa = PBXFileReference; fileEncoding = 4; lastKnownFileType = sourcecode.c.objc; path = "NSString+URL.m"; sourceTree = "<group>"; };
		8A783EC1142B8DCA0058BFFB /* NSURL+PSFoundation.h */ = {isa = PBXFileReference; fileEncoding = 4; lastKnownFileType = sourcecode.c.h; path = "NSURL+PSFoundation.h"; sourceTree = "<group>"; };
		8A783EC2142B8DCA0058BFFB /* NSURL+PSFoundation.m */ = {isa = PBXFileReference; fileEncoding = 4; lastKnownFileType = sourcecode.c.objc; path = "NSURL+PSFoundation.m"; sourceTree = "<group>"; };
		8A783EC4142B8DCA0058BFFB /* NSManagedObject+PSAutoDescription.h */ = {isa = PBXFileReference; fileEncoding = 4; lastKnownFileType = sourcecode.c.h; path = "NSManagedObject+PSAutoDescription.h"; sourceTree = "<group>"; };
		8A783EC5142B8DCA0058BFFB /* NSManagedObject+PSAutoDescription.m */ = {isa = PBXFileReference; fileEncoding = 4; lastKnownFileType = sourcecode.c.objc; path = "NSManagedObject+PSAutoDescription.m"; sourceTree = "<group>"; };
		8A783EC6142B8DCA0058BFFB /* NSManagedObject+PSSafeSetValues.h */ = {isa = PBXFileReference; fileEncoding = 4; lastKnownFileType = sourcecode.c.h; path = "NSManagedObject+PSSafeSetValues.h"; sourceTree = "<group>"; };
		8A783EC7142B8DCA0058BFFB /* NSManagedObject+PSSafeSetValues.m */ = {isa = PBXFileReference; fileEncoding = 4; lastKnownFileType = sourcecode.c.objc; path = "NSManagedObject+PSSafeSetValues.m"; sourceTree = "<group>"; };
		8A783EC8142B8DCA0058BFFB /* NSManagedObjectContext+PSURIFetch.h */ = {isa = PBXFileReference; fileEncoding = 4; lastKnownFileType = sourcecode.c.h; path = "NSManagedObjectContext+PSURIFetch.h"; sourceTree = "<group>"; };
		8A783EC9142B8DCA0058BFFB /* NSManagedObjectContext+PSURIFetch.m */ = {isa = PBXFileReference; fileEncoding = 4; lastKnownFileType = sourcecode.c.objc; path = "NSManagedObjectContext+PSURIFetch.m"; sourceTree = "<group>"; };
		8A783EDB142B8DCA0058BFFB /* BKMacros.h */ = {isa = PBXFileReference; fileEncoding = 4; lastKnownFileType = sourcecode.c.h; path = BKMacros.h; sourceTree = "<group>"; };
		8A783EDC142B8DCA0058BFFB /* BlocksKit-Prefix.pch */ = {isa = PBXFileReference; fileEncoding = 4; lastKnownFileType = sourcecode.c.h; path = "BlocksKit-Prefix.pch"; sourceTree = "<group>"; };
		8A783EDD142B8DCA0058BFFB /* BlocksKit.h */ = {isa = PBXFileReference; fileEncoding = 4; lastKnownFileType = sourcecode.c.h; path = BlocksKit.h; sourceTree = "<group>"; };
		8A783EDE142B8DCA0058BFFB /* BlocksKit_Globals.h */ = {isa = PBXFileReference; fileEncoding = 4; lastKnownFileType = sourcecode.c.h; path = BlocksKit_Globals.h; sourceTree = "<group>"; };
		8A783EDF142B8DCA0058BFFB /* NSArray+BlocksKit.h */ = {isa = PBXFileReference; fileEncoding = 4; lastKnownFileType = sourcecode.c.h; path = "NSArray+BlocksKit.h"; sourceTree = "<group>"; };
		8A783EE0142B8DCA0058BFFB /* NSArray+BlocksKit.m */ = {isa = PBXFileReference; fileEncoding = 4; lastKnownFileType = sourcecode.c.objc; path = "NSArray+BlocksKit.m"; sourceTree = "<group>"; };
		8A783EE1142B8DCA0058BFFB /* NSDictionary+BlocksKit.h */ = {isa = PBXFileReference; fileEncoding = 4; lastKnownFileType = sourcecode.c.h; path = "NSDictionary+BlocksKit.h"; sourceTree = "<group>"; };
		8A783EE2142B8DCA0058BFFB /* NSDictionary+BlocksKit.m */ = {isa = PBXFileReference; fileEncoding = 4; lastKnownFileType = sourcecode.c.objc; path = "NSDictionary+BlocksKit.m"; sourceTree = "<group>"; };
		8A783EE3142B8DCA0058BFFB /* NSIndexSet+BlocksKit.h */ = {isa = PBXFileReference; fileEncoding = 4; lastKnownFileType = sourcecode.c.h; path = "NSIndexSet+BlocksKit.h"; sourceTree = "<group>"; };
		8A783EE4142B8DCA0058BFFB /* NSIndexSet+BlocksKit.m */ = {isa = PBXFileReference; fileEncoding = 4; lastKnownFileType = sourcecode.c.objc; path = "NSIndexSet+BlocksKit.m"; sourceTree = "<group>"; };
		8A783EE5142B8DCA0058BFFB /* NSInvocation+BlocksKit.h */ = {isa = PBXFileReference; fileEncoding = 4; lastKnownFileType = sourcecode.c.h; path = "NSInvocation+BlocksKit.h"; sourceTree = "<group>"; };
		8A783EE6142B8DCA0058BFFB /* NSInvocation+BlocksKit.m */ = {isa = PBXFileReference; fileEncoding = 4; lastKnownFileType = sourcecode.c.objc; path = "NSInvocation+BlocksKit.m"; sourceTree = "<group>"; };
		8A783EE7142B8DCA0058BFFB /* NSMutableArray+BlocksKit.h */ = {isa = PBXFileReference; fileEncoding = 4; lastKnownFileType = sourcecode.c.h; path = "NSMutableArray+BlocksKit.h"; sourceTree = "<group>"; };
		8A783EE8142B8DCA0058BFFB /* NSMutableArray+BlocksKit.m */ = {isa = PBXFileReference; fileEncoding = 4; lastKnownFileType = sourcecode.c.objc; path = "NSMutableArray+BlocksKit.m"; sourceTree = "<group>"; };
		8A783EE9142B8DCA0058BFFB /* NSMutableDictionary+BlocksKit.h */ = {isa = PBXFileReference; fileEncoding = 4; lastKnownFileType = sourcecode.c.h; path = "NSMutableDictionary+BlocksKit.h"; sourceTree = "<group>"; };
		8A783EEA142B8DCA0058BFFB /* NSMutableDictionary+BlocksKit.m */ = {isa = PBXFileReference; fileEncoding = 4; lastKnownFileType = sourcecode.c.objc; path = "NSMutableDictionary+BlocksKit.m"; sourceTree = "<group>"; };
		8A783EEB142B8DCA0058BFFB /* NSMutableIndexSet+BlocksKit.h */ = {isa = PBXFileReference; fileEncoding = 4; lastKnownFileType = sourcecode.c.h; path = "NSMutableIndexSet+BlocksKit.h"; sourceTree = "<group>"; };
		8A783EEC142B8DCA0058BFFB /* NSMutableIndexSet+BlocksKit.m */ = {isa = PBXFileReference; fileEncoding = 4; lastKnownFileType = sourcecode.c.objc; path = "NSMutableIndexSet+BlocksKit.m"; sourceTree = "<group>"; };
		8A783EED142B8DCA0058BFFB /* NSMutableSet+BlocksKit.h */ = {isa = PBXFileReference; fileEncoding = 4; lastKnownFileType = sourcecode.c.h; path = "NSMutableSet+BlocksKit.h"; sourceTree = "<group>"; };
		8A783EEE142B8DCA0058BFFB /* NSMutableSet+BlocksKit.m */ = {isa = PBXFileReference; fileEncoding = 4; lastKnownFileType = sourcecode.c.objc; path = "NSMutableSet+BlocksKit.m"; sourceTree = "<group>"; };
		8A783EEF142B8DCA0058BFFB /* NSObject+AssociatedObjects.h */ = {isa = PBXFileReference; fileEncoding = 4; lastKnownFileType = sourcecode.c.h; path = "NSObject+AssociatedObjects.h"; sourceTree = "<group>"; };
		8A783EF0142B8DCA0058BFFB /* NSObject+AssociatedObjects.m */ = {isa = PBXFileReference; fileEncoding = 4; lastKnownFileType = sourcecode.c.objc; path = "NSObject+AssociatedObjects.m"; sourceTree = "<group>"; };
		8A783EF1142B8DCA0058BFFB /* NSObject+BlockObservation.h */ = {isa = PBXFileReference; fileEncoding = 4; lastKnownFileType = sourcecode.c.h; path = "NSObject+BlockObservation.h"; sourceTree = "<group>"; };
		8A783EF2142B8DCA0058BFFB /* NSObject+BlockObservation.m */ = {isa = PBXFileReference; fileEncoding = 4; lastKnownFileType = sourcecode.c.objc; path = "NSObject+BlockObservation.m"; sourceTree = "<group>"; };
		8A783EF3142B8DCA0058BFFB /* NSObject+BlocksKit.h */ = {isa = PBXFileReference; fileEncoding = 4; lastKnownFileType = sourcecode.c.h; path = "NSObject+BlocksKit.h"; sourceTree = "<group>"; };
		8A783EF4142B8DCA0058BFFB /* NSObject+BlocksKit.m */ = {isa = PBXFileReference; fileEncoding = 4; lastKnownFileType = sourcecode.c.objc; path = "NSObject+BlocksKit.m"; sourceTree = "<group>"; };
		8A783EF5142B8DCA0058BFFB /* NSSet+BlocksKit.h */ = {isa = PBXFileReference; fileEncoding = 4; lastKnownFileType = sourcecode.c.h; path = "NSSet+BlocksKit.h"; sourceTree = "<group>"; };
		8A783EF6142B8DCA0058BFFB /* NSSet+BlocksKit.m */ = {isa = PBXFileReference; fileEncoding = 4; lastKnownFileType = sourcecode.c.objc; path = "NSSet+BlocksKit.m"; sourceTree = "<group>"; };
		8A783EF7142B8DCA0058BFFB /* NSTimer+BlocksKit.h */ = {isa = PBXFileReference; fileEncoding = 4; lastKnownFileType = sourcecode.c.h; path = "NSTimer+BlocksKit.h"; sourceTree = "<group>"; };
		8A783EF8142B8DCA0058BFFB /* NSTimer+BlocksKit.m */ = {isa = PBXFileReference; fileEncoding = 4; lastKnownFileType = sourcecode.c.objc; path = "NSTimer+BlocksKit.m"; sourceTree = "<group>"; };
		8A783EF9142B8DCA0058BFFB /* UIActionSheet+BlocksKit.h */ = {isa = PBXFileReference; fileEncoding = 4; lastKnownFileType = sourcecode.c.h; path = "UIActionSheet+BlocksKit.h"; sourceTree = "<group>"; };
		8A783EFA142B8DCA0058BFFB /* UIActionSheet+BlocksKit.m */ = {isa = PBXFileReference; fileEncoding = 4; lastKnownFileType = sourcecode.c.objc; path = "UIActionSheet+BlocksKit.m"; sourceTree = "<group>"; };
		8A783EFB142B8DCA0058BFFB /* UIAlertView+BlocksKit.h */ = {isa = PBXFileReference; fileEncoding = 4; lastKnownFileType = sourcecode.c.h; path = "UIAlertView+BlocksKit.h"; sourceTree = "<group>"; };
		8A783EFC142B8DCA0058BFFB /* UIAlertView+BlocksKit.m */ = {isa = PBXFileReference; fileEncoding = 4; lastKnownFileType = sourcecode.c.objc; path = "UIAlertView+BlocksKit.m"; sourceTree = "<group>"; };
		8A783EFD142B8DCA0058BFFB /* UIBarButtonItem+BlocksKit.h */ = {isa = PBXFileReference; fileEncoding = 4; lastKnownFileType = sourcecode.c.h; path = "UIBarButtonItem+BlocksKit.h"; sourceTree = "<group>"; };
		8A783EFE142B8DCA0058BFFB /* UIBarButtonItem+BlocksKit.m */ = {isa = PBXFileReference; fileEncoding = 4; lastKnownFileType = sourcecode.c.objc; path = "UIBarButtonItem+BlocksKit.m"; sourceTree = "<group>"; };
		8A783EFF142B8DCA0058BFFB /* UIControl+BlocksKit.h */ = {isa = PBXFileReference; fileEncoding = 4; lastKnownFileType = sourcecode.c.h; path = "UIControl+BlocksKit.h"; sourceTree = "<group>"; };
		8A783F00142B8DCA0058BFFB /* UIControl+BlocksKit.m */ = {isa = PBXFileReference; fileEncoding = 4; lastKnownFileType = sourcecode.c.objc; path = "UIControl+BlocksKit.m"; sourceTree = "<group>"; };
		8A783F01142B8DCA0058BFFB /* UIGestureRecognizer+BlocksKit.h */ = {isa = PBXFileReference; fileEncoding = 4; lastKnownFileType = sourcecode.c.h; path = "UIGestureRecognizer+BlocksKit.h"; sourceTree = "<group>"; };
		8A783F02142B8DCA0058BFFB /* UIGestureRecognizer+BlocksKit.m */ = {isa = PBXFileReference; fileEncoding = 4; lastKnownFileType = sourcecode.c.objc; path = "UIGestureRecognizer+BlocksKit.m"; sourceTree = "<group>"; };
		8A783F03142B8DCA0058BFFB /* UIView+BlocksKit.h */ = {isa = PBXFileReference; fileEncoding = 4; lastKnownFileType = sourcecode.c.h; path = "UIView+BlocksKit.h"; sourceTree = "<group>"; };
		8A783F04142B8DCA0058BFFB /* UIView+BlocksKit.m */ = {isa = PBXFileReference; fileEncoding = 4; lastKnownFileType = sourcecode.c.objc; path = "UIView+BlocksKit.m"; sourceTree = "<group>"; };
		8A783F05142B8DCA0058BFFB /* UIWebView+BlocksKit.h */ = {isa = PBXFileReference; fileEncoding = 4; lastKnownFileType = sourcecode.c.h; path = "UIWebView+BlocksKit.h"; sourceTree = "<group>"; };
		8A783F06142B8DCA0058BFFB /* UIWebView+BlocksKit.m */ = {isa = PBXFileReference; fileEncoding = 4; lastKnownFileType = sourcecode.c.objc; path = "UIWebView+BlocksKit.m"; sourceTree = "<group>"; };
		8A783F17142B8DCA0058BFFB /* DDAbstractDatabaseLogger.h */ = {isa = PBXFileReference; fileEncoding = 4; lastKnownFileType = sourcecode.c.h; path = DDAbstractDatabaseLogger.h; sourceTree = "<group>"; };
		8A783F18142B8DCA0058BFFB /* DDAbstractDatabaseLogger.m */ = {isa = PBXFileReference; fileEncoding = 4; lastKnownFileType = sourcecode.c.objc; path = DDAbstractDatabaseLogger.m; sourceTree = "<group>"; };
		8A783F19142B8DCA0058BFFB /* DDASLLogger.h */ = {isa = PBXFileReference; fileEncoding = 4; lastKnownFileType = sourcecode.c.h; path = DDASLLogger.h; sourceTree = "<group>"; };
		8A783F1A142B8DCA0058BFFB /* DDASLLogger.m */ = {isa = PBXFileReference; fileEncoding = 4; lastKnownFileType = sourcecode.c.objc; path = DDASLLogger.m; sourceTree = "<group>"; };
		8A783F1B142B8DCA0058BFFB /* DDFileLogger.h */ = {isa = PBXFileReference; fileEncoding = 4; lastKnownFileType = sourcecode.c.h; path = DDFileLogger.h; sourceTree = "<group>"; };
		8A783F1C142B8DCA0058BFFB /* DDFileLogger.m */ = {isa = PBXFileReference; fileEncoding = 4; lastKnownFileType = sourcecode.c.objc; path = DDFileLogger.m; sourceTree = "<group>"; };
		8A783F1D142B8DCA0058BFFB /* DDLog.h */ = {isa = PBXFileReference; fileEncoding = 4; lastKnownFileType = sourcecode.c.h; path = DDLog.h; sourceTree = "<group>"; };
		8A783F1E142B8DCA0058BFFB /* DDLog.m */ = {isa = PBXFileReference; fileEncoding = 4; lastKnownFileType = sourcecode.c.objc; path = DDLog.m; sourceTree = "<group>"; };
		8A783F1F142B8DCA0058BFFB /* DDTTYLogger.h */ = {isa = PBXFileReference; fileEncoding = 4; lastKnownFileType = sourcecode.c.h; path = DDTTYLogger.h; sourceTree = "<group>"; };
		8A783F20142B8DCA0058BFFB /* DDTTYLogger.m */ = {isa = PBXFileReference; fileEncoding = 4; lastKnownFileType = sourcecode.c.objc; path = DDTTYLogger.m; sourceTree = "<group>"; };
		8A783F22142B8DCA0058BFFB /* DDInvocationGrabber.h */ = {isa = PBXFileReference; fileEncoding = 4; lastKnownFileType = sourcecode.c.h; path = DDInvocationGrabber.h; sourceTree = "<group>"; };
		8A783F23142B8DCA0058BFFB /* DDInvocationGrabber.m */ = {isa = PBXFileReference; fileEncoding = 4; lastKnownFileType = sourcecode.c.objc; path = DDInvocationGrabber.m; sourceTree = "<group>"; };
		8A783F24142B8DCA0058BFFB /* NSObject+DDExtensions.h */ = {isa = PBXFileReference; fileEncoding = 4; lastKnownFileType = sourcecode.c.h; path = "NSObject+DDExtensions.h"; sourceTree = "<group>"; };
		8A783F25142B8DCA0058BFFB /* NSObject+DDExtensions.m */ = {isa = PBXFileReference; fileEncoding = 4; lastKnownFileType = sourcecode.c.objc; path = "NSObject+DDExtensions.m"; sourceTree = "<group>"; };
		8A783F26142B8DCA0058BFFB /* NSObject+Proxy.h */ = {isa = PBXFileReference; fileEncoding = 4; lastKnownFileType = sourcecode.c.h; path = "NSObject+Proxy.h"; sourceTree = "<group>"; };
		8A783F27142B8DCA0058BFFB /* NSObject+Proxy.m */ = {isa = PBXFileReference; fileEncoding = 4; lastKnownFileType = sourcecode.c.objc; path = "NSObject+Proxy.m"; sourceTree = "<group>"; };
		8A783F29142B8DCA0058BFFB /* PSKeychain.h */ = {isa = PBXFileReference; fileEncoding = 4; lastKnownFileType = sourcecode.c.h; path = PSKeychain.h; sourceTree = "<group>"; };
		8A783F2A142B8DCA0058BFFB /* PSKeychain.m */ = {isa = PBXFileReference; fileEncoding = 4; lastKnownFileType = sourcecode.c.objc; path = PSKeychain.m; sourceTree = "<group>"; };
		8A783F2C142B8DCA0058BFFB /* ColorLog.h */ = {isa = PBXFileReference; fileEncoding = 4; lastKnownFileType = sourcecode.c.h; path = ColorLog.h; sourceTree = "<group>"; };
		8A783F2D142B8DCA0058BFFB /* ColorLog.m */ = {isa = PBXFileReference; fileEncoding = 4; lastKnownFileType = sourcecode.c.objc; path = ColorLog.m; sourceTree = "<group>"; };
		8A783F2E142B8DCA0058BFFB /* PSDDFormatter.h */ = {isa = PBXFileReference; fileEncoding = 4; lastKnownFileType = sourcecode.c.h; path = PSDDFormatter.h; sourceTree = "<group>"; };
		8A783F2F142B8DCA0058BFFB /* PSDDFormatter.m */ = {isa = PBXFileReference; fileEncoding = 4; lastKnownFileType = sourcecode.c.objc; path = PSDDFormatter.m; sourceTree = "<group>"; };
		8A783F30142B8DCA0058BFFB /* PSFoundation+Logging.h */ = {isa = PBXFileReference; fileEncoding = 4; lastKnownFileType = sourcecode.c.h; path = "PSFoundation+Logging.h"; sourceTree = "<group>"; };
		8A783F31142B8DCA0058BFFB /* PSFoundation+Logging.m */ = {isa = PBXFileReference; fileEncoding = 4; lastKnownFileType = sourcecode.c.objc; path = "PSFoundation+Logging.m"; sourceTree = "<group>"; };
		8A783F33142B8DCA0058BFFB /* PSMacros+Collections.h */ = {isa = PBXFileReference; fileEncoding = 4; lastKnownFileType = sourcecode.c.h; path = "PSMacros+Collections.h"; sourceTree = "<group>"; };
		8A783F34142B8DCA0058BFFB /* PSMacros+Compatibility.h */ = {isa = PBXFileReference; fileEncoding = 4; lastKnownFileType = sourcecode.c.h; path = "PSMacros+Compatibility.h"; sourceTree = "<group>"; };
		8A783F35142B8DCA0058BFFB /* PSMacros.h */ = {isa = PBXFileReference; fileEncoding = 4; lastKnownFileType = sourcecode.c.h; path = PSMacros.h; sourceTree = "<group>"; };
		8A783F36142B8DCA0058BFFB /* SynthesizeSingleton.h */ = {isa = PBXFileReference; fileEncoding = 4; lastKnownFileType = sourcecode.c.h; path = SynthesizeSingleton.h; sourceTree = "<group>"; };
		8A783F38142B8DCA0058BFFB /* PSFoundation-CoreData.h */ = {isa = PBXFileReference; fileEncoding = 4; lastKnownFileType = sourcecode.c.h; path = "PSFoundation-CoreData.h"; sourceTree = "<group>"; };
		8A783F39142B8DCA0058BFFB /* PSFoundation-Prefix.pch */ = {isa = PBXFileReference; fileEncoding = 4; lastKnownFileType = sourcecode.c.h; path = "PSFoundation-Prefix.pch"; sourceTree = "<group>"; };
		8A783F3A142B8DCA0058BFFB /* PSFoundation.h */ = {isa = PBXFileReference; fileEncoding = 4; lastKnownFileType = sourcecode.c.h; path = PSFoundation.h; sourceTree = "<group>"; };
		8A783F3C142B8DCA0058BFFB /* Reachability.h */ = {isa = PBXFileReference; fileEncoding = 4; lastKnownFileType = sourcecode.c.h; path = Reachability.h; sourceTree = "<group>"; };
		8A783F3D142B8DCA0058BFFB /* Reachability.m */ = {isa = PBXFileReference; fileEncoding = 4; lastKnownFileType = sourcecode.c.objc; path = Reachability.m; sourceTree = "<group>"; };
/* End PBXFileReference section */

/* Begin PBXFrameworksBuildPhase section */
		8A3F48AA140C1D3C00FBF35C /* Frameworks */ = {
			isa = PBXFrameworksBuildPhase;
			buildActionMask = 2147483647;
			files = (
				8A3F586A140C34E000FBF35C /* libPSFoundation-CoreData.a in Frameworks */,
				8A3F586B140C34E000FBF35C /* libPSFoundation-UIKit.a in Frameworks */,
				8A3F48F1140C32DB00FBF35C /* libz.1.2.3.dylib in Frameworks */,
				8A3F48EF140C32D000FBF35C /* libxml2.2.7.3.dylib in Frameworks */,
				8A3F48ED140C32BD00FBF35C /* CFNetwork.framework in Frameworks */,
				8A3F48EB140C32B500FBF35C /* AVFoundation.framework in Frameworks */,
				8A3F48E9140C32AB00FBF35C /* QuartzCore.framework in Frameworks */,
				8A3F48E7140C32A600FBF35C /* MediaPlayer.framework in Frameworks */,
				8A3F48E5140C329C00FBF35C /* CoreLocation.framework in Frameworks */,
				8A3F48E3140C329200FBF35C /* MobileCoreServices.framework in Frameworks */,
				8A3F48E1140C328B00FBF35C /* SystemConfiguration.framework in Frameworks */,
				8A3F48DF140C328100FBF35C /* ImageIO.framework in Frameworks */,
				8A3F48DD140C327B00FBF35C /* AudioToolbox.framework in Frameworks */,
				8A3F48DB140C327200FBF35C /* Security.framework in Frameworks */,
				8A3F48B2140C1D3C00FBF35C /* UIKit.framework in Frameworks */,
				8A3F48B4140C1D3C00FBF35C /* Foundation.framework in Frameworks */,
				8A3F48B6140C1D3C00FBF35C /* CoreGraphics.framework in Frameworks */,
				8A3F48B8140C1D3C00FBF35C /* CoreData.framework in Frameworks */,
				8A3F5313140C335C00FBF35C /* libFlurry.a in Frameworks */,
			);
			runOnlyForDeploymentPostprocessing = 0;
		};
/* End PBXFrameworksBuildPhase section */

/* Begin PBXGroup section */
		8A3F48A2140C1D3C00FBF35C = {
			isa = PBXGroup;
			children = (
				8A3F48FB140C335000FBF35C /* Classes */,
				8A3F5228140C335700FBF35C /* Resources */,
				8A3F5229140C335700FBF35C /* SupportingFiles */,
				8A3F48B0140C1D3C00FBF35C /* Frameworks */,
				8A3F48AE140C1D3C00FBF35C /* Products */,
			);
			sourceTree = "<group>";
		};
		8A3F48AE140C1D3C00FBF35C /* Products */ = {
			isa = PBXGroup;
			children = (
				8A3F48AD140C1D3C00FBF35C /* IFAppTemplate.app */,
			);
			name = Products;
			sourceTree = "<group>";
		};
		8A3F48B0140C1D3C00FBF35C /* Frameworks */ = {
			isa = PBXGroup;
			children = (
				8A3F5867140C34E000FBF35C /* libPSFoundation-CoreData.a */,
				8A3F5868140C34E000FBF35C /* libPSFoundation-UIKit.a */,
				8A3F5869140C34E000FBF35C /* libPSFoundation.a */,
				8A3F48F0140C32DB00FBF35C /* libz.1.2.3.dylib */,
				8A3F48EE140C32D000FBF35C /* libxml2.2.7.3.dylib */,
				8A3F48EC140C32BD00FBF35C /* CFNetwork.framework */,
				8A3F48EA140C32B500FBF35C /* AVFoundation.framework */,
				8A3F48E8140C32AB00FBF35C /* QuartzCore.framework */,
				8A3F48E6140C32A600FBF35C /* MediaPlayer.framework */,
				8A3F48E4140C329C00FBF35C /* CoreLocation.framework */,
				8A3F48E2140C329200FBF35C /* MobileCoreServices.framework */,
				8A3F48E0140C328B00FBF35C /* SystemConfiguration.framework */,
				8A3F48DE140C328100FBF35C /* ImageIO.framework */,
				8A3F48DC140C327B00FBF35C /* AudioToolbox.framework */,
				8A3F48DA140C327200FBF35C /* Security.framework */,
				8A3F48B1140C1D3C00FBF35C /* UIKit.framework */,
				8A3F48B3140C1D3C00FBF35C /* Foundation.framework */,
				8A3F48B5140C1D3C00FBF35C /* CoreGraphics.framework */,
				8A3F48B7140C1D3C00FBF35C /* CoreData.framework */,
			);
			name = Frameworks;
			sourceTree = "<group>";
		};
		8A3F48FB140C335000FBF35C /* Classes */ = {
			isa = PBXGroup;
			children = (
				8A3F48FC140C335000FBF35C /* Application */,
				8A3F4902140C335000FBF35C /* Controllers */,
				8A3F4907140C335000FBF35C /* Vendor */,
			);
			path = Classes;
			sourceTree = "<group>";
		};
		8A3F48FC140C335000FBF35C /* Application */ = {
			isa = PBXGroup;
			children = (
				8A3F48FD140C335000FBF35C /* App.h */,
				8A3F48FE140C335000FBF35C /* App.m */,
				8A3F48FF140C335000FBF35C /* AppDefines.h */,
				8A3F4900140C335000FBF35C /* AppDelegate.h */,
				8A3F4901140C335000FBF35C /* AppDelegate.m */,
			);
			path = Application;
			sourceTree = "<group>";
		};
		8A3F4902140C335000FBF35C /* Controllers */ = {
			isa = PBXGroup;
			children = (
				8A3F4903140C335000FBF35C /* MainWindow.xib */,
				8A3F4904140C335000FBF35C /* RootViewController.h */,
				8A3F4905140C335000FBF35C /* RootViewController.m */,
				8A3F4906140C335000FBF35C /* RootViewController.xib */,
			);
			path = Controllers;
			sourceTree = "<group>";
		};
		8A3F4907140C335000FBF35C /* Vendor */ = {
			isa = PBXGroup;
			children = (
				8A783E81142B8DC90058BFFB /* PSFoundation-minimal */,
				8A783F3B142B8DCA0058BFFB /* Reachability */,
				8A3F4908140C335000FBF35C /* asi-http-request */,
				8A3F49CB140C335000FBF35C /* FlurryLib */,
				8A3F49D7140C335000FBF35C /* JSONKit */,
			);
			path = Vendor;
			sourceTree = "<group>";
		};
		8A3F4908140C335000FBF35C /* asi-http-request */ = {
			isa = PBXGroup;
			children = (
				8A3F4934140C335000FBF35C /* Classes */,
			);
			path = "asi-http-request";
			sourceTree = "<group>";
		};
		8A3F4934140C335000FBF35C /* Classes */ = {
			isa = PBXGroup;
			children = (
				8A3F4935140C335000FBF35C /* ASIAuthenticationDialog.h */,
				8A3F4936140C335000FBF35C /* ASIAuthenticationDialog.m */,
				8A3F4937140C335000FBF35C /* ASICacheDelegate.h */,
				8A3F4938140C335000FBF35C /* ASIDataCompressor.h */,
				8A3F4939140C335000FBF35C /* ASIDataCompressor.m */,
				8A3F493A140C335000FBF35C /* ASIDataDecompressor.h */,
				8A3F493B140C335000FBF35C /* ASIDataDecompressor.m */,
				8A3F493C140C335000FBF35C /* ASIDownloadCache.h */,
				8A3F493D140C335000FBF35C /* ASIDownloadCache.m */,
				8A3F493E140C335000FBF35C /* ASIFormDataRequest.h */,
				8A3F493F140C335000FBF35C /* ASIFormDataRequest.m */,
				8A3F4940140C335000FBF35C /* ASIHTTPRequest.h */,
				8A3F4941140C335000FBF35C /* ASIHTTPRequest.m */,
				8A3F4942140C335000FBF35C /* ASIHTTPRequestConfig.h */,
				8A3F4943140C335000FBF35C /* ASIHTTPRequestDelegate.h */,
				8A3F4944140C335000FBF35C /* ASIInputStream.h */,
				8A3F4945140C335000FBF35C /* ASIInputStream.m */,
				8A3F4946140C335000FBF35C /* ASINetworkQueue.h */,
				8A3F4947140C335000FBF35C /* ASINetworkQueue.m */,
				8A3F4948140C335000FBF35C /* ASIProgressDelegate.h */,
			);
			path = Classes;
			sourceTree = "<group>";
		};
		8A3F49CB140C335000FBF35C /* FlurryLib */ = {
			isa = PBXGroup;
			children = (
				8A3F49D0140C335000FBF35C /* FlurryAPI.h */,
				8A3F49D1140C335000FBF35C /* libFlurry.a */,
			);
			path = FlurryLib;
			sourceTree = "<group>";
		};
		8A3F49D7140C335000FBF35C /* JSONKit */ = {
			isa = PBXGroup;
			children = (
				8A3F49FE140C335000FBF35C /* JSONKit.h */,
				8A3F49FF140C335000FBF35C /* JSONKit.m */,
			);
			path = JSONKit;
			sourceTree = "<group>";
		};
		8A3F5228140C335700FBF35C /* Resources */ = {
			isa = PBXGroup;
			children = (
			);
			path = Resources;
			sourceTree = "<group>";
		};
		8A3F5229140C335700FBF35C /* SupportingFiles */ = {
			isa = PBXGroup;
			children = (
				8A3F522C140C335700FBF35C /* InfoPlist.strings */,
				8A3F522E140C335700FBF35C /* Info.plist */,
				8A3F522F140C335700FBF35C /* main.m */,
				8A3F5230140C335700FBF35C /* Prefix.pch */,
			);
			path = SupportingFiles;
			sourceTree = "<group>";
		};
		8A783E81142B8DC90058BFFB /* PSFoundation-minimal */ = {
			isa = PBXGroup;
			children = (
				8A783E82142B8DC90058BFFB /* Archiving */,
				8A783E85142B8DC90058BFFB /* Categories */,
				8A783EC3142B8DCA0058BFFB /* Core Data */,
				8A783ECA142B8DCA0058BFFB /* External */,
				8A783F21142B8DCA0058BFFB /* Invocation */,
				8A783F28142B8DCA0058BFFB /* Keychain */,
				8A783F2B142B8DCA0058BFFB /* Logging */,
				8A783F32142B8DCA0058BFFB /* Macros */,
				8A783F37142B8DCA0058BFFB /* PSFoundation */,
				8A783F38142B8DCA0058BFFB /* PSFoundation-CoreData.h */,
				8A783F39142B8DCA0058BFFB /* PSFoundation-Prefix.pch */,
				8A783F3A142B8DCA0058BFFB /* PSFoundation.h */,
			);
			path = "PSFoundation-minimal";
			sourceTree = "<group>";
		};
		8A783E82142B8DC90058BFFB /* Archiving */ = {
			isa = PBXGroup;
			children = (
				8A783E83142B8DC90058BFFB /* TPAutoArchiver.h */,
				8A783E84142B8DC90058BFFB /* TPAutoArchiver.m */,
			);
			path = Archiving;
			sourceTree = "<group>";
		};
		8A783E85142B8DC90058BFFB /* Categories */ = {
			isa = PBXGroup;
			children = (
				8A783E86142B8DC90058BFFB /* NSArray */,
				8A783E8D142B8DC90058BFFB /* NSData */,
				8A783E94142B8DCA0058BFFB /* NSDate */,
				8A783E97142B8DCA0058BFFB /* NSDictionary */,
				8A783E9A142B8DCA0058BFFB /* NSError */,
				8A783E9D142B8DCA0058BFFB /* NSFileManager */,
				8A783EA0142B8DCA0058BFFB /* NSNotification */,
				8A783EA3142B8DCA0058BFFB /* NSNumber */,
				8A783EA6142B8DCA0058BFFB /* NSObject */,
				8A783EAD142B8DCA0058BFFB /* NSOperationQueue */,
				8A783EB0142B8DCA0058BFFB /* NSSet */,
				8A783EB3142B8DCA0058BFFB /* NSString */,
				8A783EC0142B8DCA0058BFFB /* NSURL */,
			);
			path = Categories;
			sourceTree = "<group>";
		};
		8A783E86142B8DC90058BFFB /* NSArray */ = {
			isa = PBXGroup;
			children = (
				8A783E87142B8DC90058BFFB /* NSArray+Filtering.h */,
				8A783E88142B8DC90058BFFB /* NSArray+Filtering.m */,
				8A783E89142B8DC90058BFFB /* NSArray+PSFoundation.h */,
				8A783E8A142B8DC90058BFFB /* NSArray+PSFoundation.m */,
				8A783E8B142B8DC90058BFFB /* NSMutableArray+PSFoundation.h */,
				8A783E8C142B8DC90058BFFB /* NSMutableArray+PSFoundation.m */,
			);
			path = NSArray;
			sourceTree = "<group>";
		};
		8A783E8D142B8DC90058BFFB /* NSData */ = {
			isa = PBXGroup;
			children = (
				8A783E8E142B8DCA0058BFFB /* NSData+PSBase64.h */,
				8A783E8F142B8DCA0058BFFB /* NSData+PSBase64.m */,
				8A783E90142B8DCA0058BFFB /* NSData+PSCommonCrypto.h */,
				8A783E91142B8DCA0058BFFB /* NSData+PSCommonCrypto.m */,
				8A783E92142B8DCA0058BFFB /* NSData+PSZlib.h */,
				8A783E93142B8DCA0058BFFB /* NSData+PSZlib.m */,
			);
			path = NSData;
			sourceTree = "<group>";
		};
		8A783E94142B8DCA0058BFFB /* NSDate */ = {
			isa = PBXGroup;
			children = (
				8A783E95142B8DCA0058BFFB /* NSDate+PSFoundation.h */,
				8A783E96142B8DCA0058BFFB /* NSDate+PSFoundation.m */,
			);
			path = NSDate;
			sourceTree = "<group>";
		};
		8A783E97142B8DCA0058BFFB /* NSDictionary */ = {
			isa = PBXGroup;
			children = (
				8A783E98142B8DCA0058BFFB /* NSDictionary+PSFoundation.h */,
				8A783E99142B8DCA0058BFFB /* NSDictionary+PSFoundation.m */,
			);
			path = NSDictionary;
			sourceTree = "<group>";
		};
		8A783E9A142B8DCA0058BFFB /* NSError */ = {
			isa = PBXGroup;
			children = (
				8A783E9B142B8DCA0058BFFB /* NSError+SCMethods.h */,
				8A783E9C142B8DCA0058BFFB /* NSError+SCMethods.m */,
			);
			path = NSError;
			sourceTree = "<group>";
		};
		8A783E9D142B8DCA0058BFFB /* NSFileManager */ = {
			isa = PBXGroup;
			children = (
				8A783E9E142B8DCA0058BFFB /* NSFileManager+PSFoundation.h */,
				8A783E9F142B8DCA0058BFFB /* NSFileManager+PSFoundation.m */,
			);
			path = NSFileManager;
			sourceTree = "<group>";
		};
		8A783EA0142B8DCA0058BFFB /* NSNotification */ = {
			isa = PBXGroup;
			children = (
				8A783EA1142B8DCA0058BFFB /* NSNotification+PSFoundation.h */,
				8A783EA2142B8DCA0058BFFB /* NSNotification+PSFoundation.m */,
			);
			path = NSNotification;
			sourceTree = "<group>";
		};
		8A783EA3142B8DCA0058BFFB /* NSNumber */ = {
			isa = PBXGroup;
			children = (
				8A783EA4142B8DCA0058BFFB /* NSNumber+PSFoundation.h */,
				8A783EA5142B8DCA0058BFFB /* NSNumber+PSFoundation.m */,
			);
			path = NSNumber;
			sourceTree = "<group>";
		};
		8A783EA6142B8DCA0058BFFB /* NSObject */ = {
			isa = PBXGroup;
			children = (
				8A783EA7142B8DCA0058BFFB /* NSObject+AutoDescription.h */,
				8A783EA8142B8DCA0058BFFB /* NSObject+AutoDescription.m */,
				8A783EA9142B8DCA0058BFFB /* NSObject+Swizzle.h */,
				8A783EAA142B8DCA0058BFFB /* NSObject+Swizzle.m */,
				8A783EAB142B8DCA0058BFFB /* NSObject+Utilities.h */,
				8A783EAC142B8DCA0058BFFB /* NSObject+Utilities.m */,
			);
			path = NSObject;
			sourceTree = "<group>";
		};
		8A783EAD142B8DCA0058BFFB /* NSOperationQueue */ = {
			isa = PBXGroup;
			children = (
				8A783EAE142B8DCA0058BFFB /* NSOperationQueue+CWSharedQueue.h */,
				8A783EAF142B8DCA0058BFFB /* NSOperationQueue+CWSharedQueue.m */,
			);
			path = NSOperationQueue;
			sourceTree = "<group>";
		};
		8A783EB0142B8DCA0058BFFB /* NSSet */ = {
			isa = PBXGroup;
			children = (
				8A783EB1142B8DCA0058BFFB /* NSSet+PSFoundation.h */,
				8A783EB2142B8DCA0058BFFB /* NSSet+PSFoundation.m */,
			);
			path = NSSet;
			sourceTree = "<group>";
		};
		8A783EB3142B8DCA0058BFFB /* NSString */ = {
			isa = PBXGroup;
			children = (
				8A783EB4142B8DCA0058BFFB /* NSString+Conversion.h */,
				8A783EB5142B8DCA0058BFFB /* NSString+Conversion.m */,
				8A783EB6142B8DCA0058BFFB /* NSString+HTML.h */,
				8A783EB7142B8DCA0058BFFB /* NSString+HTML.m */,
				8A783EB8142B8DCA0058BFFB /* NSString+InflectionSupport.h */,
				8A783EB9142B8DCA0058BFFB /* NSString+InflectionSupport.m */,
				8A783EBA142B8DCA0058BFFB /* NSString+PSFoundation.h */,
				8A783EBB142B8DCA0058BFFB /* NSString+PSFoundation.m */,
				8A783EBC142B8DCA0058BFFB /* NSString+Replacement.h */,
				8A783EBD142B8DCA0058BFFB /* NSString+Replacement.m */,
				8A783EBE142B8DCA0058BFFB /* NSString+URL.h */,
				8A783EBF142B8DCA0058BFFB /* NSString+URL.m */,
			);
			path = NSString;
			sourceTree = "<group>";
		};
		8A783EC0142B8DCA0058BFFB /* NSURL */ = {
			isa = PBXGroup;
			children = (
				8A783EC1142B8DCA0058BFFB /* NSURL+PSFoundation.h */,
				8A783EC2142B8DCA0058BFFB /* NSURL+PSFoundation.m */,
			);
			path = NSURL;
			sourceTree = "<group>";
		};
		8A783EC3142B8DCA0058BFFB /* Core Data */ = {
			isa = PBXGroup;
			children = (
				8A783EC4142B8DCA0058BFFB /* NSManagedObject+PSAutoDescription.h */,
				8A783EC5142B8DCA0058BFFB /* NSManagedObject+PSAutoDescription.m */,
				8A783EC6142B8DCA0058BFFB /* NSManagedObject+PSSafeSetValues.h */,
				8A783EC7142B8DCA0058BFFB /* NSManagedObject+PSSafeSetValues.m */,
				8A783EC8142B8DCA0058BFFB /* NSManagedObjectContext+PSURIFetch.h */,
				8A783EC9142B8DCA0058BFFB /* NSManagedObjectContext+PSURIFetch.m */,
			);
			path = "Core Data";
			sourceTree = "<group>";
		};
		8A783ECA142B8DCA0058BFFB /* External */ = {
			isa = PBXGroup;
			children = (
				8A783ECB142B8DCA0058BFFB /* BlocksKit */,
				8A783F07142B8DCA0058BFFB /* CocoaLumberjack */,
			);
			path = External;
			sourceTree = "<group>";
		};
		8A783ECB142B8DCA0058BFFB /* BlocksKit */ = {
			isa = PBXGroup;
			children = (
				8A783ECC142B8DCA0058BFFB /* .git */,
				8A783EDB142B8DCA0058BFFB /* BKMacros.h */,
				8A783EDC142B8DCA0058BFFB /* BlocksKit-Prefix.pch */,
				8A783EDD142B8DCA0058BFFB /* BlocksKit.h */,
				8A783EDE142B8DCA0058BFFB /* BlocksKit_Globals.h */,
				8A783EDF142B8DCA0058BFFB /* NSArray+BlocksKit.h */,
				8A783EE0142B8DCA0058BFFB /* NSArray+BlocksKit.m */,
				8A783EE1142B8DCA0058BFFB /* NSDictionary+BlocksKit.h */,
				8A783EE2142B8DCA0058BFFB /* NSDictionary+BlocksKit.m */,
				8A783EE3142B8DCA0058BFFB /* NSIndexSet+BlocksKit.h */,
				8A783EE4142B8DCA0058BFFB /* NSIndexSet+BlocksKit.m */,
				8A783EE5142B8DCA0058BFFB /* NSInvocation+BlocksKit.h */,
				8A783EE6142B8DCA0058BFFB /* NSInvocation+BlocksKit.m */,
				8A783EE7142B8DCA0058BFFB /* NSMutableArray+BlocksKit.h */,
				8A783EE8142B8DCA0058BFFB /* NSMutableArray+BlocksKit.m */,
				8A783EE9142B8DCA0058BFFB /* NSMutableDictionary+BlocksKit.h */,
				8A783EEA142B8DCA0058BFFB /* NSMutableDictionary+BlocksKit.m */,
				8A783EEB142B8DCA0058BFFB /* NSMutableIndexSet+BlocksKit.h */,
				8A783EEC142B8DCA0058BFFB /* NSMutableIndexSet+BlocksKit.m */,
				8A783EED142B8DCA0058BFFB /* NSMutableSet+BlocksKit.h */,
				8A783EEE142B8DCA0058BFFB /* NSMutableSet+BlocksKit.m */,
				8A783EEF142B8DCA0058BFFB /* NSObject+AssociatedObjects.h */,
				8A783EF0142B8DCA0058BFFB /* NSObject+AssociatedObjects.m */,
				8A783EF1142B8DCA0058BFFB /* NSObject+BlockObservation.h */,
				8A783EF2142B8DCA0058BFFB /* NSObject+BlockObservation.m */,
				8A783EF3142B8DCA0058BFFB /* NSObject+BlocksKit.h */,
				8A783EF4142B8DCA0058BFFB /* NSObject+BlocksKit.m */,
				8A783EF5142B8DCA0058BFFB /* NSSet+BlocksKit.h */,
				8A783EF6142B8DCA0058BFFB /* NSSet+BlocksKit.m */,
				8A783EF7142B8DCA0058BFFB /* NSTimer+BlocksKit.h */,
				8A783EF8142B8DCA0058BFFB /* NSTimer+BlocksKit.m */,
				8A783EF9142B8DCA0058BFFB /* UIActionSheet+BlocksKit.h */,
				8A783EFA142B8DCA0058BFFB /* UIActionSheet+BlocksKit.m */,
				8A783EFB142B8DCA0058BFFB /* UIAlertView+BlocksKit.h */,
				8A783EFC142B8DCA0058BFFB /* UIAlertView+BlocksKit.m */,
				8A783EFD142B8DCA0058BFFB /* UIBarButtonItem+BlocksKit.h */,
				8A783EFE142B8DCA0058BFFB /* UIBarButtonItem+BlocksKit.m */,
				8A783EFF142B8DCA0058BFFB /* UIControl+BlocksKit.h */,
				8A783F00142B8DCA0058BFFB /* UIControl+BlocksKit.m */,
				8A783F01142B8DCA0058BFFB /* UIGestureRecognizer+BlocksKit.h */,
				8A783F02142B8DCA0058BFFB /* UIGestureRecognizer+BlocksKit.m */,
				8A783F03142B8DCA0058BFFB /* UIView+BlocksKit.h */,
				8A783F04142B8DCA0058BFFB /* UIView+BlocksKit.m */,
				8A783F05142B8DCA0058BFFB /* UIWebView+BlocksKit.h */,
				8A783F06142B8DCA0058BFFB /* UIWebView+BlocksKit.m */,
			);
			path = BlocksKit;
			sourceTree = "<group>";
		};
		8A783ECC142B8DCA0058BFFB /* .git */ = {
			isa = PBXGroup;
			children = (
				8A783ECD142B8DCA0058BFFB /* branches */,
				8A783ECE142B8DCA0058BFFB /* hooks */,
				8A783ECF142B8DCA0058BFFB /* info */,
				8A783ED0142B8DCA0058BFFB /* logs */,
				8A783ED3142B8DCA0058BFFB /* objects */,
				8A783ED6142B8DCA0058BFFB /* refs */,
			);
			path = .git;
			sourceTree = "<group>";
		};
		8A783ECD142B8DCA0058BFFB /* branches */ = {
			isa = PBXGroup;
			children = (
			);
			path = branches;
			sourceTree = "<group>";
		};
		8A783ECE142B8DCA0058BFFB /* hooks */ = {
			isa = PBXGroup;
			children = (
			);
			path = hooks;
			sourceTree = "<group>";
		};
		8A783ECF142B8DCA0058BFFB /* info */ = {
			isa = PBXGroup;
			children = (
			);
			path = info;
			sourceTree = "<group>";
		};
		8A783ED0142B8DCA0058BFFB /* logs */ = {
			isa = PBXGroup;
			children = (
				8A783ED1142B8DCA0058BFFB /* refs */,
			);
			path = logs;
			sourceTree = "<group>";
		};
		8A783ED1142B8DCA0058BFFB /* refs */ = {
			isa = PBXGroup;
			children = (
				8A783ED2142B8DCA0058BFFB /* heads */,
			);
			path = refs;
			sourceTree = "<group>";
		};
		8A783ED2142B8DCA0058BFFB /* heads */ = {
			isa = PBXGroup;
			children = (
			);
			path = heads;
			sourceTree = "<group>";
		};
		8A783ED3142B8DCA0058BFFB /* objects */ = {
			isa = PBXGroup;
			children = (
				8A783ED4142B8DCA0058BFFB /* info */,
				8A783ED5142B8DCA0058BFFB /* pack */,
			);
			path = objects;
			sourceTree = "<group>";
		};
		8A783ED4142B8DCA0058BFFB /* info */ = {
			isa = PBXGroup;
			children = (
			);
			path = info;
			sourceTree = "<group>";
		};
		8A783ED5142B8DCA0058BFFB /* pack */ = {
			isa = PBXGroup;
			children = (
			);
			path = pack;
			sourceTree = "<group>";
		};
		8A783ED6142B8DCA0058BFFB /* refs */ = {
			isa = PBXGroup;
			children = (
				8A783ED7142B8DCA0058BFFB /* heads */,
				8A783ED8142B8DCA0058BFFB /* remotes */,
				8A783EDA142B8DCA0058BFFB /* tags */,
			);
			path = refs;
			sourceTree = "<group>";
		};
		8A783ED7142B8DCA0058BFFB /* heads */ = {
			isa = PBXGroup;
			children = (
			);
			path = heads;
			sourceTree = "<group>";
		};
		8A783ED8142B8DCA0058BFFB /* remotes */ = {
			isa = PBXGroup;
			children = (
				8A783ED9142B8DCA0058BFFB /* origin */,
			);
			path = remotes;
			sourceTree = "<group>";
		};
		8A783ED9142B8DCA0058BFFB /* origin */ = {
			isa = PBXGroup;
			children = (
			);
			path = origin;
			sourceTree = "<group>";
		};
		8A783EDA142B8DCA0058BFFB /* tags */ = {
			isa = PBXGroup;
			children = (
			);
			path = tags;
			sourceTree = "<group>";
		};
		8A783F07142B8DCA0058BFFB /* CocoaLumberjack */ = {
			isa = PBXGroup;
			children = (
				8A783F08142B8DCA0058BFFB /* .git */,
				8A783F17142B8DCA0058BFFB /* DDAbstractDatabaseLogger.h */,
				8A783F18142B8DCA0058BFFB /* DDAbstractDatabaseLogger.m */,
				8A783F19142B8DCA0058BFFB /* DDASLLogger.h */,
				8A783F1A142B8DCA0058BFFB /* DDASLLogger.m */,
				8A783F1B142B8DCA0058BFFB /* DDFileLogger.h */,
				8A783F1C142B8DCA0058BFFB /* DDFileLogger.m */,
				8A783F1D142B8DCA0058BFFB /* DDLog.h */,
				8A783F1E142B8DCA0058BFFB /* DDLog.m */,
				8A783F1F142B8DCA0058BFFB /* DDTTYLogger.h */,
				8A783F20142B8DCA0058BFFB /* DDTTYLogger.m */,
			);
			path = CocoaLumberjack;
			sourceTree = "<group>";
		};
		8A783F08142B8DCA0058BFFB /* .git */ = {
			isa = PBXGroup;
			children = (
				8A783F09142B8DCA0058BFFB /* branches */,
				8A783F0A142B8DCA0058BFFB /* hooks */,
				8A783F0B142B8DCA0058BFFB /* info */,
				8A783F0C142B8DCA0058BFFB /* logs */,
				8A783F0F142B8DCA0058BFFB /* objects */,
				8A783F12142B8DCA0058BFFB /* refs */,
			);
			path = .git;
			sourceTree = "<group>";
		};
		8A783F09142B8DCA0058BFFB /* branches */ = {
			isa = PBXGroup;
			children = (
			);
			path = branches;
			sourceTree = "<group>";
		};
		8A783F0A142B8DCA0058BFFB /* hooks */ = {
			isa = PBXGroup;
			children = (
			);
			path = hooks;
			sourceTree = "<group>";
		};
		8A783F0B142B8DCA0058BFFB /* info */ = {
			isa = PBXGroup;
			children = (
			);
			path = info;
			sourceTree = "<group>";
		};
		8A783F0C142B8DCA0058BFFB /* logs */ = {
			isa = PBXGroup;
			children = (
				8A783F0D142B8DCA0058BFFB /* refs */,
			);
			path = logs;
			sourceTree = "<group>";
		};
		8A783F0D142B8DCA0058BFFB /* refs */ = {
			isa = PBXGroup;
			children = (
				8A783F0E142B8DCA0058BFFB /* heads */,
			);
			path = refs;
			sourceTree = "<group>";
		};
		8A783F0E142B8DCA0058BFFB /* heads */ = {
			isa = PBXGroup;
			children = (
			);
			path = heads;
			sourceTree = "<group>";
		};
		8A783F0F142B8DCA0058BFFB /* objects */ = {
			isa = PBXGroup;
			children = (
				8A783F10142B8DCA0058BFFB /* info */,
				8A783F11142B8DCA0058BFFB /* pack */,
			);
			path = objects;
			sourceTree = "<group>";
		};
		8A783F10142B8DCA0058BFFB /* info */ = {
			isa = PBXGroup;
			children = (
			);
			path = info;
			sourceTree = "<group>";
		};
		8A783F11142B8DCA0058BFFB /* pack */ = {
			isa = PBXGroup;
			children = (
			);
			path = pack;
			sourceTree = "<group>";
		};
		8A783F12142B8DCA0058BFFB /* refs */ = {
			isa = PBXGroup;
			children = (
				8A783F13142B8DCA0058BFFB /* heads */,
				8A783F14142B8DCA0058BFFB /* remotes */,
				8A783F16142B8DCA0058BFFB /* tags */,
			);
			path = refs;
			sourceTree = "<group>";
		};
		8A783F13142B8DCA0058BFFB /* heads */ = {
			isa = PBXGroup;
			children = (
			);
			path = heads;
			sourceTree = "<group>";
		};
		8A783F14142B8DCA0058BFFB /* remotes */ = {
			isa = PBXGroup;
			children = (
				8A783F15142B8DCA0058BFFB /* origin */,
			);
			path = remotes;
			sourceTree = "<group>";
		};
		8A783F15142B8DCA0058BFFB /* origin */ = {
			isa = PBXGroup;
			children = (
			);
			path = origin;
			sourceTree = "<group>";
		};
		8A783F16142B8DCA0058BFFB /* tags */ = {
			isa = PBXGroup;
			children = (
			);
			path = tags;
			sourceTree = "<group>";
		};
		8A783F21142B8DCA0058BFFB /* Invocation */ = {
			isa = PBXGroup;
			children = (
				8A783F22142B8DCA0058BFFB /* DDInvocationGrabber.h */,
				8A783F23142B8DCA0058BFFB /* DDInvocationGrabber.m */,
				8A783F24142B8DCA0058BFFB /* NSObject+DDExtensions.h */,
				8A783F25142B8DCA0058BFFB /* NSObject+DDExtensions.m */,
				8A783F26142B8DCA0058BFFB /* NSObject+Proxy.h */,
				8A783F27142B8DCA0058BFFB /* NSObject+Proxy.m */,
			);
			path = Invocation;
			sourceTree = "<group>";
		};
		8A783F28142B8DCA0058BFFB /* Keychain */ = {
			isa = PBXGroup;
			children = (
				8A783F29142B8DCA0058BFFB /* PSKeychain.h */,
				8A783F2A142B8DCA0058BFFB /* PSKeychain.m */,
			);
			path = Keychain;
			sourceTree = "<group>";
		};
		8A783F2B142B8DCA0058BFFB /* Logging */ = {
			isa = PBXGroup;
			children = (
				8A783F2C142B8DCA0058BFFB /* ColorLog.h */,
				8A783F2D142B8DCA0058BFFB /* ColorLog.m */,
				8A783F2E142B8DCA0058BFFB /* PSDDFormatter.h */,
				8A783F2F142B8DCA0058BFFB /* PSDDFormatter.m */,
				8A783F30142B8DCA0058BFFB /* PSFoundation+Logging.h */,
				8A783F31142B8DCA0058BFFB /* PSFoundation+Logging.m */,
			);
			path = Logging;
			sourceTree = "<group>";
		};
		8A783F32142B8DCA0058BFFB /* Macros */ = {
			isa = PBXGroup;
			children = (
				8A783F33142B8DCA0058BFFB /* PSMacros+Collections.h */,
				8A783F34142B8DCA0058BFFB /* PSMacros+Compatibility.h */,
				8A783F35142B8DCA0058BFFB /* PSMacros.h */,
				8A783F36142B8DCA0058BFFB /* SynthesizeSingleton.h */,
			);
			path = Macros;
			sourceTree = "<group>";
		};
		8A783F37142B8DCA0058BFFB /* PSFoundation */ = {
			isa = PBXGroup;
			children = (
			);
			path = PSFoundation;
			sourceTree = "<group>";
		};
		8A783F3B142B8DCA0058BFFB /* Reachability */ = {
			isa = PBXGroup;
			children = (
				8A783F3C142B8DCA0058BFFB /* Reachability.h */,
				8A783F3D142B8DCA0058BFFB /* Reachability.m */,
			);
			path = Reachability;
			sourceTree = "<group>";
		};
/* End PBXGroup section */

/* Begin PBXNativeTarget section */
		8A3F48AC140C1D3C00FBF35C /* IFAppTemplate */ = {
			isa = PBXNativeTarget;
			buildConfigurationList = 8A3F48CD140C1D3C00FBF35C /* Build configuration list for PBXNativeTarget "IFAppTemplate" */;
			buildPhases = (
				8A3F48A9140C1D3C00FBF35C /* Sources */,
				8A3F48AA140C1D3C00FBF35C /* Frameworks */,
				8A3F48AB140C1D3C00FBF35C /* Resources */,
			);
			buildRules = (
			);
			dependencies = (
			);
			name = IFAppTemplate;
			productName = IFAppTemplate;
			productReference = 8A3F48AD140C1D3C00FBF35C /* IFAppTemplate.app */;
			productType = "com.apple.product-type.application";
		};
/* End PBXNativeTarget section */

/* Begin PBXProject section */
		8A3F48A4140C1D3C00FBF35C /* Project object */ = {
			isa = PBXProject;
			attributes = {
				ORGANIZATIONNAME = Infinum;
			};
			buildConfigurationList = 8A3F48A7140C1D3C00FBF35C /* Build configuration list for PBXProject "IFAppTemplate" */;
			compatibilityVersion = "Xcode 3.2";
			developmentRegion = English;
			hasScannedForEncodings = 0;
			knownRegions = (
				en,
				English,
			);
			mainGroup = 8A3F48A2140C1D3C00FBF35C;
			productRefGroup = 8A3F48AE140C1D3C00FBF35C /* Products */;
			projectDirPath = "";
			projectRoot = "";
			targets = (
				8A3F48AC140C1D3C00FBF35C /* IFAppTemplate */,
			);
		};
/* End PBXProject section */

/* Begin PBXResourcesBuildPhase section */
		8A3F48AB140C1D3C00FBF35C /* Resources */ = {
			isa = PBXResourcesBuildPhase;
			buildActionMask = 2147483647;
			files = (
				8A3F52AB140C335C00FBF35C /* MainWindow.xib in Resources */,
				8A3F52AD140C335C00FBF35C /* RootViewController.xib in Resources */,
			);
			runOnlyForDeploymentPostprocessing = 0;
		};
/* End PBXResourcesBuildPhase section */

/* Begin PBXSourcesBuildPhase section */
		8A3F48A9140C1D3C00FBF35C /* Sources */ = {
			isa = PBXSourcesBuildPhase;
			buildActionMask = 2147483647;
			files = (
				8A3F52A9140C335C00FBF35C /* App.m in Sources */,
				8A3F52AA140C335C00FBF35C /* AppDelegate.m in Sources */,
				8A3F52AC140C335C00FBF35C /* RootViewController.m in Sources */,
				8A3F52C9140C335C00FBF35C /* ASIAuthenticationDialog.m in Sources */,
				8A3F52CA140C335C00FBF35C /* ASIDataCompressor.m in Sources */,
				8A3F52CB140C335C00FBF35C /* ASIDataDecompressor.m in Sources */,
				8A3F52CC140C335C00FBF35C /* ASIDownloadCache.m in Sources */,
				8A3F52CD140C335C00FBF35C /* ASIFormDataRequest.m in Sources */,
				8A3F52CE140C335C00FBF35C /* ASIHTTPRequest.m in Sources */,
				8A3F52CF140C335C00FBF35C /* ASIInputStream.m in Sources */,
				8A3F52D0140C335C00FBF35C /* ASINetworkQueue.m in Sources */,
				8A3F532D140C335C00FBF35C /* JSONKit.m in Sources */,
				8A3F57B8140C335D00FBF35C /* main.m in Sources */,
				8A783F3E142B8DCA0058BFFB /* TPAutoArchiver.m in Sources */,
				8A783F3F142B8DCA0058BFFB /* NSArray+Filtering.m in Sources */,
				8A783F40142B8DCA0058BFFB /* NSArray+PSFoundation.m in Sources */,
				8A783F41142B8DCA0058BFFB /* NSMutableArray+PSFoundation.m in Sources */,
				8A783F42142B8DCA0058BFFB /* NSData+PSBase64.m in Sources */,
				8A783F43142B8DCA0058BFFB /* NSData+PSCommonCrypto.m in Sources */,
				8A783F44142B8DCA0058BFFB /* NSData+PSZlib.m in Sources */,
				8A783F45142B8DCA0058BFFB /* NSDate+PSFoundation.m in Sources */,
				8A783F46142B8DCA0058BFFB /* NSDictionary+PSFoundation.m in Sources */,
				8A783F47142B8DCA0058BFFB /* NSError+SCMethods.m in Sources */,
				8A783F48142B8DCA0058BFFB /* NSFileManager+PSFoundation.m in Sources */,
				8A783F49142B8DCA0058BFFB /* NSNotification+PSFoundation.m in Sources */,
				8A783F4A142B8DCA0058BFFB /* NSNumber+PSFoundation.m in Sources */,
				8A783F4B142B8DCA0058BFFB /* NSObject+AutoDescription.m in Sources */,
				8A783F4C142B8DCA0058BFFB /* NSObject+Swizzle.m in Sources */,
				8A783F4D142B8DCA0058BFFB /* NSObject+Utilities.m in Sources */,
				8A783F4E142B8DCA0058BFFB /* NSOperationQueue+CWSharedQueue.m in Sources */,
				8A783F4F142B8DCA0058BFFB /* NSSet+PSFoundation.m in Sources */,
				8A783F50142B8DCA0058BFFB /* NSString+Conversion.m in Sources */,
				8A783F51142B8DCA0058BFFB /* NSString+HTML.m in Sources */,
				8A783F52142B8DCA0058BFFB /* NSString+InflectionSupport.m in Sources */,
				8A783F53142B8DCA0058BFFB /* NSString+PSFoundation.m in Sources */,
				8A783F54142B8DCA0058BFFB /* NSString+Replacement.m in Sources */,
				8A783F55142B8DCA0058BFFB /* NSString+URL.m in Sources */,
				8A783F56142B8DCA0058BFFB /* NSURL+PSFoundation.m in Sources */,
				8A783F57142B8DCA0058BFFB /* NSManagedObject+PSAutoDescription.m in Sources */,
				8A783F58142B8DCA0058BFFB /* NSManagedObject+PSSafeSetValues.m in Sources */,
				8A783F59142B8DCA0058BFFB /* NSManagedObjectContext+PSURIFetch.m in Sources */,
				8A783F5A142B8DCA0058BFFB /* NSArray+BlocksKit.m in Sources */,
				8A783F5B142B8DCA0058BFFB /* NSDictionary+BlocksKit.m in Sources */,
				8A783F5C142B8DCA0058BFFB /* NSIndexSet+BlocksKit.m in Sources */,
				8A783F5D142B8DCA0058BFFB /* NSInvocation+BlocksKit.m in Sources */,
				8A783F5E142B8DCA0058BFFB /* NSMutableArray+BlocksKit.m in Sources */,
				8A783F5F142B8DCA0058BFFB /* NSMutableDictionary+BlocksKit.m in Sources */,
				8A783F60142B8DCA0058BFFB /* NSMutableIndexSet+BlocksKit.m in Sources */,
				8A783F61142B8DCA0058BFFB /* NSMutableSet+BlocksKit.m in Sources */,
				8A783F62142B8DCA0058BFFB /* NSObject+AssociatedObjects.m in Sources */,
				8A783F63142B8DCA0058BFFB /* NSObject+BlockObservation.m in Sources */,
				8A783F64142B8DCA0058BFFB /* NSObject+BlocksKit.m in Sources */,
				8A783F65142B8DCA0058BFFB /* NSSet+BlocksKit.m in Sources */,
				8A783F66142B8DCA0058BFFB /* NSTimer+BlocksKit.m in Sources */,
				8A783F67142B8DCA0058BFFB /* UIActionSheet+BlocksKit.m in Sources */,
				8A783F68142B8DCA0058BFFB /* UIAlertView+BlocksKit.m in Sources */,
				8A783F69142B8DCA0058BFFB /* UIBarButtonItem+BlocksKit.m in Sources */,
				8A783F6A142B8DCA0058BFFB /* UIControl+BlocksKit.m in Sources */,
				8A783F6B142B8DCA0058BFFB /* UIGestureRecognizer+BlocksKit.m in Sources */,
				8A783F6C142B8DCA0058BFFB /* UIView+BlocksKit.m in Sources */,
				8A783F6D142B8DCA0058BFFB /* UIWebView+BlocksKit.m in Sources */,
				8A783F6E142B8DCA0058BFFB /* DDAbstractDatabaseLogger.m in Sources */,
				8A783F6F142B8DCA0058BFFB /* DDASLLogger.m in Sources */,
				8A783F70142B8DCA0058BFFB /* DDFileLogger.m in Sources */,
				8A783F71142B8DCA0058BFFB /* DDLog.m in Sources */,
				8A783F72142B8DCA0058BFFB /* DDTTYLogger.m in Sources */,
				8A783F73142B8DCA0058BFFB /* DDInvocationGrabber.m in Sources */,
				8A783F74142B8DCA0058BFFB /* NSObject+DDExtensions.m in Sources */,
				8A783F75142B8DCA0058BFFB /* NSObject+Proxy.m in Sources */,
				8A783F76142B8DCA0058BFFB /* PSKeychain.m in Sources */,
				8A783F77142B8DCA0058BFFB /* ColorLog.m in Sources */,
				8A783F78142B8DCA0058BFFB /* PSDDFormatter.m in Sources */,
				8A783F79142B8DCA0058BFFB /* PSFoundation+Logging.m in Sources */,
				8A783F7A142B8DCA0058BFFB /* Reachability.m in Sources */,
			);
			runOnlyForDeploymentPostprocessing = 0;
		};
/* End PBXSourcesBuildPhase section */

/* Begin PBXVariantGroup section */
		8A3F522C140C335700FBF35C /* InfoPlist.strings */ = {
			isa = PBXVariantGroup;
			children = (
				8A3F522D140C335700FBF35C /* en */,
			);
			name = InfoPlist.strings;
			sourceTree = "<group>";
		};
/* End PBXVariantGroup section */

/* Begin XCBuildConfiguration section */
		8A3F48CB140C1D3C00FBF35C /* Debug */ = {
			isa = XCBuildConfiguration;
			buildSettings = {
				ARCHS = "$(ARCHS_STANDARD_32_BIT)";
				"CODE_SIGN_IDENTITY[sdk=iphoneos*]" = "iPhone Developer";
				GCC_C_LANGUAGE_STANDARD = gnu99;
				GCC_OPTIMIZATION_LEVEL = 0;
				GCC_PREPROCESSOR_DEFINITIONS = DEBUG;
				GCC_SYMBOLS_PRIVATE_EXTERN = NO;
				GCC_VERSION = com.apple.compilers.llvmgcc42;
				GCC_WARN_ABOUT_RETURN_TYPE = YES;
				GCC_WARN_UNUSED_VARIABLE = YES;
				HEADER_SEARCH_PATHS = "";
				IPHONEOS_DEPLOYMENT_TARGET = 4.0;
				OTHER_LDFLAGS = (
					"-ObjC",
					"-all_load",
					"-lxml2",
				);
				SDKROOT = iphoneos;
			};
			name = Debug;
		};
		8A3F48CC140C1D3C00FBF35C /* Release */ = {
			isa = XCBuildConfiguration;
			buildSettings = {
				ARCHS = "$(ARCHS_STANDARD_32_BIT)";
				"CODE_SIGN_IDENTITY[sdk=iphoneos*]" = "iPhone Developer";
				GCC_C_LANGUAGE_STANDARD = gnu99;
				GCC_VERSION = com.apple.compilers.llvmgcc42;
				GCC_WARN_ABOUT_RETURN_TYPE = YES;
				GCC_WARN_UNUSED_VARIABLE = YES;
				HEADER_SEARCH_PATHS = "";
				IPHONEOS_DEPLOYMENT_TARGET = 4.0;
				OTHER_CFLAGS = "-DNS_BLOCK_ASSERTIONS=1";
				OTHER_LDFLAGS = (
					"-ObjC",
					"-all_load",
					"-lxml2",
				);
				SDKROOT = iphoneos;
			};
			name = Release;
		};
		8A3F48CE140C1D3C00FBF35C /* Debug */ = {
			isa = XCBuildConfiguration;
			buildSettings = {
				ALWAYS_SEARCH_USER_PATHS = NO;
				COPY_PHASE_STRIP = NO;
				FRAMEWORK_SEARCH_PATHS = "$(inherited)";
				GCC_DYNAMIC_NO_PIC = NO;
				GCC_PRECOMPILE_PREFIX_HEADER = YES;
				GCC_PREFIX_HEADER = SupportingFiles/Prefix.pch;
				HEADER_SEARCH_PATHS = /usr/include/libxml2;
				INFOPLIST_FILE = SupportingFiles/Info.plist;
				LIBRARY_SEARCH_PATHS = (
					"$(inherited)",
					"\"$(SRCROOT)/Classes/Vendor/FlurryLib\"",
					"\"$(SRCROOT)\"",
				);
				OTHER_LDFLAGS = "";
				PRODUCT_NAME = "$(TARGET_NAME)";
				WRAPPER_EXTENSION = app;
			};
			name = Debug;
		};
		8A3F48CF140C1D3C00FBF35C /* Release */ = {
			isa = XCBuildConfiguration;
			buildSettings = {
				ALWAYS_SEARCH_USER_PATHS = NO;
				COPY_PHASE_STRIP = YES;
				FRAMEWORK_SEARCH_PATHS = "$(inherited)";
				GCC_PRECOMPILE_PREFIX_HEADER = YES;
				GCC_PREFIX_HEADER = SupportingFiles/Prefix.pch;
				HEADER_SEARCH_PATHS = /usr/include/libxml2;
				INFOPLIST_FILE = SupportingFiles/Info.plist;
				LIBRARY_SEARCH_PATHS = (
					"$(inherited)",
					"\"$(SRCROOT)/Classes/Vendor/FlurryLib\"",
					"\"$(SRCROOT)\"",
				);
				OTHER_LDFLAGS = "";
				PRODUCT_NAME = "$(TARGET_NAME)";
				VALIDATE_PRODUCT = YES;
				WRAPPER_EXTENSION = app;
			};
			name = Release;
		};
/* End XCBuildConfiguration section */

/* Begin XCConfigurationList section */
		8A3F48A7140C1D3C00FBF35C /* Build configuration list for PBXProject "IFAppTemplate" */ = {
			isa = XCConfigurationList;
			buildConfigurations = (
				8A3F48CB140C1D3C00FBF35C /* Debug */,
				8A3F48CC140C1D3C00FBF35C /* Release */,
			);
			defaultConfigurationIsVisible = 0;
			defaultConfigurationName = Release;
		};
		8A3F48CD140C1D3C00FBF35C /* Build configuration list for PBXNativeTarget "IFAppTemplate" */ = {
			isa = XCConfigurationList;
			buildConfigurations = (
				8A3F48CE140C1D3C00FBF35C /* Debug */,
				8A3F48CF140C1D3C00FBF35C /* Release */,
			);
			defaultConfigurationIsVisible = 0;
			defaultConfigurationName = Release;
		};
/* End XCConfigurationList section */
	};
	rootObject = 8A3F48A4140C1D3C00FBF35C /* Project object */;
}
